// !$*UTF8*$!
{
	archiveVersion = 1;
	classes = {
	};
	objectVersion = 48;
	objects = {

/* Begin PBXBuildFile section */
		0BB8A8BD4529447093495AD8 /* LockScreenView.swift in Sources */ = {isa = PBXBuildFile; fileRef = 8BA722ECF59CA0509BE28D0A /* LockScreenView.swift */; };
		2D4D5561AFFF0125F03894AE /* FilmtoneExportAttributes.swift in Sources */ = {isa = PBXBuildFile; fileRef = E92BBC4019AD97D40A52D6E1 /* FilmtoneExportAttributes.swift */; };
		2FAD9763203C412B000D30F8 /* config.xml in Resources */ = {isa = PBXBuildFile; fileRef = 2FAD9762203C412B000D30F8 /* config.xml */; };
		4834B221C07285097FC03D87 /* FilmtoneExportLiveActivity.swift in Sources */ = {isa = PBXBuildFile; fileRef = 571136E1E02CD259CA471AF1 /* FilmtoneExportLiveActivity.swift */; };
		50379B232058CBB4000EE86E /* capacitor.config.json in Resources */ = {isa = PBXBuildFile; fileRef = 50379B222058CBB4000EE86E /* capacitor.config.json */; };
		504EC3081FED79650016851F /* AppDelegate.swift in Sources */ = {isa = PBXBuildFile; fileRef = 504EC3071FED79650016851F /* AppDelegate.swift */; };
		504EC30D1FED79650016851F /* Main.storyboard in Resources */ = {isa = PBXBuildFile; fileRef = 504EC30B1FED79650016851F /* Main.storyboard */; };
		504EC30F1FED79650016851F /* Assets.xcassets in Resources */ = {isa = PBXBuildFile; fileRef = 504EC30E1FED79650016851F /* Assets.xcassets */; };
		504EC3121FED79650016851F /* LaunchScreen.storyboard in Resources */ = {isa = PBXBuildFile; fileRef = 504EC3101FED79650016851F /* LaunchScreen.storyboard */; };
		50B271D11FEDC1A000F3C39B /* public in Resources */ = {isa = PBXBuildFile; fileRef = 50B271D01FEDC1A000F3C39B /* public */; };
		63F888EB39F993E54072124A /* DynamicIslandViews.swift in Sources */ = {isa = PBXBuildFile; fileRef = 914659B53876C5363F8AB84A /* DynamicIslandViews.swift */; };
		80C165763871B1D58ECA7A88 /* FilmtoneExportSession+Cancelable.swift in Sources */ = {isa = PBXBuildFile; fileRef = F5389D2AC1264A75C8259AC3 /* FilmtoneExportSession+Cancelable.swift */; };
		94B98E313D898089A3F2D764 /* FilmtoneExportAttributes.swift in Sources */ = {isa = PBXBuildFile; fileRef = E92BBC4019AD97D40A52D6E1 /* FilmtoneExportAttributes.swift */; };
		9C5A6BF76EF250FAF3AF63DD /* CancelExportIntent.swift in Sources */ = {isa = PBXBuildFile; fileRef = B14DB40995D16C85F10AC9F5 /* CancelExportIntent.swift */; };
		9DB3A44F4189BC9462F7784E /* ExportCancelController.swift in Sources */ = {isa = PBXBuildFile; fileRef = B20000010000000000000030 /* ExportCancelController.swift */; };
		A084ECDBA7D38E1E42DFC39D /* Pods_App.framework in Frameworks */ = {isa = PBXBuildFile; fileRef = AF277DCFFFF123FFC6DF26C7 /* Pods_App.framework */; };
		A10000010000000000000001 /* AssetPickerService.swift in Sources */ = {isa = PBXBuildFile; fileRef = B10000010000000000000001 /* AssetPickerService.swift */; };
		A10000010000000000000002 /* CacheStore.swift in Sources */ = {isa = PBXBuildFile; fileRef = B10000010000000000000002 /* CacheStore.swift */; };
		A10000010000000000000003 /* FilmtoneBridgeViewController.swift in Sources */ = {isa = PBXBuildFile; fileRef = B10000010000000000000003 /* FilmtoneBridgeViewController.swift */; };
		A10000010000000000000004 /* FilmtoneExportSession.swift in Sources */ = {isa = PBXBuildFile; fileRef = B10000010000000000000004 /* FilmtoneExportSession.swift */; };
		A10000010000000000000005 /* FilmtoneMediaPlugin.swift in Sources */ = {isa = PBXBuildFile; fileRef = B10000010000000000000005 /* FilmtoneMediaPlugin.swift */; };
		A10000010000000000000006 /* FilmtoneMediaTypes.swift in Sources */ = {isa = PBXBuildFile; fileRef = B10000010000000000000006 /* FilmtoneMediaTypes.swift */; };
		A10000010000000000000007 /* PhotoLibraryService.swift in Sources */ = {isa = PBXBuildFile; fileRef = B10000010000000000000007 /* PhotoLibraryService.swift */; };
		A10000010000000000000008 /* ShareSheetService.swift in Sources */ = {isa = PBXBuildFile; fileRef = B10000010000000000000008 /* ShareSheetService.swift */; };
		A10000010000000000000009 /* SourceProbeService.swift in Sources */ = {isa = PBXBuildFile; fileRef = B10000010000000000000009 /* SourceProbeService.swift */; };
		A10000010000000000000010 /* BenchmarkCollector.swift in Sources */ = {isa = PBXBuildFile; fileRef = B10000010000000000000010 /* BenchmarkCollector.swift */; };
		A10000010000000000000011 /* FilmtoneMediaRuntime.swift in Sources */ = {isa = PBXBuildFile; fileRef = B10000010000000000000011 /* FilmtoneMediaRuntime.swift */; };
		A10000010000000000000012 /* MezzanineService.swift in Sources */ = {isa = PBXBuildFile; fileRef = B10000010000000000000012 /* MezzanineService.swift */; };
		A20000010000000000000001 /* MezzanineColorProbe.swift in Sources */ = {isa = PBXBuildFile; fileRef = B20000010000000000000001 /* MezzanineColorProbe.swift */; };
		A20000010000000000000020 /* DepthSourceService.swift in Sources */ = {isa = PBXBuildFile; fileRef = B20000010000000000000020 /* DepthSourceService.swift */; };
		A20000010000000000000021 /* FilmtoneDepthMap.swift in Sources */ = {isa = PBXBuildFile; fileRef = B20000010000000000000021 /* FilmtoneDepthMap.swift */; };
		A20000010000000000000022 /* FilmtoneDepthPrefilter.swift in Sources */ = {isa = PBXBuildFile; fileRef = B20000010000000000000022 /* FilmtoneDepthPrefilter.swift */; };
		A20000010000000000000023 /* VideoDepthSourceService.swift in Sources */ = {isa = PBXBuildFile; fileRef = B20000010000000000000023 /* VideoDepthSourceService.swift */; };
		A20000010000000000000030 /* ExportCancelController.swift in Sources */ = {isa = PBXBuildFile; fileRef = B20000010000000000000030 /* ExportCancelController.swift */; };
		A20000010000000000000050 /* FilmtoneExportNotification.swift in Sources */ = {isa = PBXBuildFile; fileRef = B20000010000000000000050 /* FilmtoneExportNotification.swift */; };
		A9C09CB4FBA0A528C5478E81 /* FilmtoneExportActivity.swift in Sources */ = {isa = PBXBuildFile; fileRef = 27AC4B71358558416D8A1808 /* FilmtoneExportActivity.swift */; };
		D10000010000000000000001 /* FilmtoneRootView.swift in Sources */ = {isa = PBXBuildFile; fileRef = C10000010000000000000001 /* FilmtoneRootView.swift */; };
		D10000010000000000000002 /* FilmtoneEditorStore.swift in Sources */ = {isa = PBXBuildFile; fileRef = C10000010000000000000002 /* FilmtoneEditorStore.swift */; };
		D10000010000000000000003 /* FilmtoneEditorFacade.swift in Sources */ = {isa = PBXBuildFile; fileRef = C10000010000000000000003 /* FilmtoneEditorFacade.swift */; };
		D10000010000000000000004 /* FilmtonePreviewView.swift in Sources */ = {isa = PBXBuildFile; fileRef = C10000010000000000000004 /* FilmtonePreviewView.swift */; };
		D10000010000000000000005 /* FilmtonePresetRow.swift in Sources */ = {isa = PBXBuildFile; fileRef = C10000010000000000000005 /* FilmtonePresetRow.swift */; };
		D10000010000000000000006 /* FilmtoneStrengthSheet.swift in Sources */ = {isa = PBXBuildFile; fileRef = C10000010000000000000006 /* FilmtoneStrengthSheet.swift */; };
		D10000010000000000000007 /* FilmtoneExportPanel.swift in Sources */ = {isa = PBXBuildFile; fileRef = C10000010000000000000007 /* FilmtoneExportPanel.swift */; };
		D10000010000000000000008 /* FilmtonePersistence.swift in Sources */ = {isa = PBXBuildFile; fileRef = C10000010000000000000008 /* FilmtonePersistence.swift */; };
		D10000010000000000000009 /* FilmtonePresetCatalog.swift in Sources */ = {isa = PBXBuildFile; fileRef = C10000010000000000000009 /* FilmtonePresetCatalog.swift */; };
		D1000001000000000000000A /* FilmtonePhase0Math.swift in Sources */ = {isa = PBXBuildFile; fileRef = C1000001000000000000000A /* FilmtonePhase0Math.swift */; };
		D1000001000000000000000B /* FilmtoneStrings.swift in Sources */ = {isa = PBXBuildFile; fileRef = C1000001000000000000000B /* FilmtoneStrings.swift */; };
		D1000001000000000000000C /* FilmtoneCubeParser.swift in Sources */ = {isa = PBXBuildFile; fileRef = C1000001000000000000000C /* FilmtoneCubeParser.swift */; };
		D1000001000000000000000D /* FilmtonePhase0Generated.swift in Sources */ = {isa = PBXBuildFile; fileRef = C1000001000000000000000D /* FilmtonePhase0Generated.swift */; };
		D1000001000000000000000E /* FilmtonePreviewPlayerView.swift in Sources */ = {isa = PBXBuildFile; fileRef = C1000001000000000000000E /* FilmtonePreviewPlayerView.swift */; };
		D1000001000000000000000F /* FilmtoneSnapshotSupport.swift in Sources */ = {isa = PBXBuildFile; fileRef = C1000001000000000000000F /* FilmtoneSnapshotSupport.swift */; };
		D20000010000000000000001 /* FormatExtensionReader.swift in Sources */ = {isa = PBXBuildFile; fileRef = C20000010000000000000001 /* FormatExtensionReader.swift */; };
		D20000010000000000000002 /* SourceColorMetadataNormalizer.swift in Sources */ = {isa = PBXBuildFile; fileRef = C20000010000000000000002 /* SourceColorMetadataNormalizer.swift */; };
		D20000010000000000000003 /* SourceColorClassifier.swift in Sources */ = {isa = PBXBuildFile; fileRef = C20000010000000000000003 /* SourceColorClassifier.swift */; };
		D20000010000000000000004 /* HdrPreparationPolicyDeriver.swift in Sources */ = {isa = PBXBuildFile; fileRef = C20000010000000000000004 /* HdrPreparationPolicyDeriver.swift */; };
		D20000010000000000000005 /* FilmtoneRayAngleOptics.swift in Sources */ = {isa = PBXBuildFile; fileRef = C20000010000000000000005 /* FilmtoneRayAngleOptics.swift */; };
		D20000010000000000000006 /* FilmtoneHdrPolicyNotice.swift in Sources */ = {isa = PBXBuildFile; fileRef = C20000010000000000000006 /* FilmtoneHdrPolicyNotice.swift */; };
		D20000010000000000000007 /* FilmtoneCameraOpticsFormatter.swift in Sources */ = {isa = PBXBuildFile; fileRef = C20000010000000000000007 /* FilmtoneCameraOpticsFormatter.swift */; };
		D20000010000000000000008 /* FilmtoneExportSidecarBuilder.swift in Sources */ = {isa = PBXBuildFile; fileRef = C20000010000000000000008 /* FilmtoneExportSidecarBuilder.swift */; };
		D20000010000000000000009 /* FilmtoneMotionBlurMath.swift in Sources */ = {isa = PBXBuildFile; fileRef = C20000010000000000000009 /* FilmtoneMotionBlurMath.swift */; };
		D20000010000000000000010 /* FilmtoneColorPipeline.swift in Sources */ = {isa = PBXBuildFile; fileRef = C20000010000000000000010 /* FilmtoneColorPipeline.swift */; };
		D20000010000000000000011 /* FilmtoneTermHelpSheet.swift in Sources */ = {isa = PBXBuildFile; fileRef = C20000010000000000000011 /* FilmtoneTermHelpSheet.swift */; };
		D20000010000000000000012 /* FilmtoneLibrarySchema.swift in Sources */ = {isa = PBXBuildFile; fileRef = C20000010000000000000012 /* FilmtoneLibrarySchema.swift */; };
		D20000010000000000000013 /* FilmtoneLutBlobCodec.swift in Sources */ = {isa = PBXBuildFile; fileRef = C20000010000000000000013 /* FilmtoneLutBlobCodec.swift */; };
		D20000010000000000000014 /* FilmtoneLibraryStore.swift in Sources */ = {isa = PBXBuildFile; fileRef = C20000010000000000000014 /* FilmtoneLibraryStore.swift */; };
		D20000010000000000000015 /* FilmtoneSavedLookSheet.swift in Sources */ = {isa = PBXBuildFile; fileRef = C20000010000000000000015 /* FilmtoneSavedLookSheet.swift */; };
		D20000010000000000000016 /* FilmtoneLibrarySection.swift in Sources */ = {isa = PBXBuildFile; fileRef = C20000010000000000000016 /* FilmtoneLibrarySection.swift */; };
		D20000010000000000000017 /* FilmtoneBuiltInCatalog.swift in Sources */ = {isa = PBXBuildFile; fileRef = C20000010000000000000017 /* FilmtoneBuiltInCatalog.swift */; };
		D20000010000000000000018 /* FilmtoneSourceProfileSchema.swift in Sources */ = {isa = PBXBuildFile; fileRef = C20000010000000000000018 /* FilmtoneSourceProfileSchema.swift */; };
		D20000010000000000000019 /* FilmtoneSourceProfileMath.swift in Sources */ = {isa = PBXBuildFile; fileRef = C20000010000000000000019 /* FilmtoneSourceProfileMath.swift */; };
		D588A95BF7748786256BD9E2 /* CancelExportIntent.swift in Sources */ = {isa = PBXBuildFile; fileRef = B14DB40995D16C85F10AC9F5 /* CancelExportIntent.swift */; };
		E10000010000000000000001 /* Localizable.xcstrings in Resources */ = {isa = PBXBuildFile; fileRef = F10000010000000000000001 /* Localizable.xcstrings */; };
		E10000010000000000000002 /* InfoPlist.strings in Resources */ = {isa = PBXBuildFile; fileRef = F10000010000000000000003 /* InfoPlist.strings */; };
		E10000010000000000000003 /* PrivacyInfo.xcprivacy in Resources */ = {isa = PBXBuildFile; fileRef = F10000010000000000000004 /* PrivacyInfo.xcprivacy */; };
		E20000010000000000000001 /* FilmtoneSnapshotsUITests.swift in Sources */ = {isa = PBXBuildFile; fileRef = F20000010000000000000002 /* FilmtoneSnapshotsUITests.swift */; };
		E20000010000000000000002 /* SnapshotHelper.swift in Sources */ = {isa = PBXBuildFile; fileRef = F20000010000000000000003 /* SnapshotHelper.swift */; };
		E20000010000000000000003 /* XCTest.framework in Frameworks */ = {isa = PBXBuildFile; fileRef = F20000010000000000000004 /* XCTest.framework */; };
		FB515221B33E009D82A359F8 /* FilmtoneExportActivity.appex in Embed Foundation Extensions */ = {isa = PBXBuildFile; fileRef = 1CD935F1B2B7F6B8905120A5 /* FilmtoneExportActivity.appex */; settings = {ATTRIBUTES = (RemoveHeadersOnCopy, ); }; };
/* End PBXBuildFile section */

/* Begin PBXContainerItemProxy section */
		E20000010000000000000005 /* PBXContainerItemProxy */ = {
			isa = PBXContainerItemProxy;
			containerPortal = 504EC2FC1FED79650016851F /* Project object */;
			proxyType = 1;
			remoteGlobalIDString = 504EC3031FED79650016851F;
			remoteInfo = App;
		};
		F4EFF4230B72FE145D1FC54B /* PBXContainerItemProxy */ = {
			isa = PBXContainerItemProxy;
			containerPortal = 504EC2FC1FED79650016851F /* Project object */;
			proxyType = 1;
			remoteGlobalIDString = C64E7E65453A4EDD448B0D56;
			remoteInfo = FilmtoneExportActivity;
		};
/* End PBXContainerItemProxy section */

/* Begin PBXCopyFilesBuildPhase section */
		E38909391CC1EE0B328DE430 /* Embed Foundation Extensions */ = {
			isa = PBXCopyFilesBuildPhase;
			buildActionMask = 2147483647;
			dstPath = "";
			dstSubfolderSpec = 13;
			files = (
				FB515221B33E009D82A359F8 /* FilmtoneExportActivity.appex in Embed Foundation Extensions */,
			);
			name = "Embed Foundation Extensions";
			runOnlyForDeploymentPostprocessing = 0;
		};
/* End PBXCopyFilesBuildPhase section */

/* Begin PBXFileReference section */
		1CD935F1B2B7F6B8905120A5 /* FilmtoneExportActivity.appex */ = {isa = PBXFileReference; explicitFileType = "wrapper.app-extension"; includeInIndex = 0; path = FilmtoneExportActivity.appex; sourceTree = BUILT_PRODUCTS_DIR; };
		27AC4B71358558416D8A1808 /* FilmtoneExportActivity.swift */ = {isa = PBXFileReference; includeInIndex = 1; lastKnownFileType = sourcecode.swift; path = FilmtoneExportActivity.swift; sourceTree = "<group>"; };
		2FAD9762203C412B000D30F8 /* config.xml */ = {isa = PBXFileReference; lastKnownFileType = text.xml; path = config.xml; sourceTree = "<group>"; };
		50379B222058CBB4000EE86E /* capacitor.config.json */ = {isa = PBXFileReference; fileEncoding = 4; lastKnownFileType = text.json; path = capacitor.config.json; sourceTree = "<group>"; };
		504EC3041FED79650016851F /* App.app */ = {isa = PBXFileReference; explicitFileType = wrapper.application; includeInIndex = 0; path = App.app; sourceTree = BUILT_PRODUCTS_DIR; };
		504EC3071FED79650016851F /* AppDelegate.swift */ = {isa = PBXFileReference; lastKnownFileType = sourcecode.swift; path = AppDelegate.swift; sourceTree = "<group>"; };
		504EC30C1FED79650016851F /* Base */ = {isa = PBXFileReference; lastKnownFileType = file.storyboard; name = Base; path = Base.lproj/Main.storyboard; sourceTree = "<group>"; };
		504EC30E1FED79650016851F /* Assets.xcassets */ = {isa = PBXFileReference; lastKnownFileType = folder.assetcatalog; path = Assets.xcassets; sourceTree = "<group>"; };
		504EC3111FED79650016851F /* Base */ = {isa = PBXFileReference; lastKnownFileType = file.storyboard; name = Base; path = Base.lproj/LaunchScreen.storyboard; sourceTree = "<group>"; };
		504EC3131FED79650016851F /* Info.plist */ = {isa = PBXFileReference; lastKnownFileType = text.plist.xml; path = Info.plist; sourceTree = "<group>"; };
		50B271D01FEDC1A000F3C39B /* public */ = {isa = PBXFileReference; lastKnownFileType = folder; path = public; sourceTree = "<group>"; };
		571136E1E02CD259CA471AF1 /* FilmtoneExportLiveActivity.swift */ = {isa = PBXFileReference; includeInIndex = 1; lastKnownFileType = sourcecode.swift; path = FilmtoneExportLiveActivity.swift; sourceTree = "<group>"; };
		5DF203A51BB1545086A0BC3B /* Info.plist */ = {isa = PBXFileReference; includeInIndex = 1; lastKnownFileType = text.plist.xml; path = Info.plist; sourceTree = "<group>"; };
		8BA722ECF59CA0509BE28D0A /* LockScreenView.swift */ = {isa = PBXFileReference; includeInIndex = 1; lastKnownFileType = sourcecode.swift; path = LockScreenView.swift; sourceTree = "<group>"; };
		914659B53876C5363F8AB84A /* DynamicIslandViews.swift */ = {isa = PBXFileReference; includeInIndex = 1; lastKnownFileType = sourcecode.swift; path = DynamicIslandViews.swift; sourceTree = "<group>"; };
		AF277DCFFFF123FFC6DF26C7 /* Pods_App.framework */ = {isa = PBXFileReference; explicitFileType = wrapper.framework; includeInIndex = 0; path = Pods_App.framework; sourceTree = BUILT_PRODUCTS_DIR; };
		AF51FD2D460BCFE21FA515B2 /* Pods-App.release.xcconfig */ = {isa = PBXFileReference; includeInIndex = 1; lastKnownFileType = text.xcconfig; name = "Pods-App.release.xcconfig"; path = "Pods/Target Support Files/Pods-App/Pods-App.release.xcconfig"; sourceTree = "<group>"; };
		B10000010000000000000001 /* AssetPickerService.swift */ = {isa = PBXFileReference; lastKnownFileType = sourcecode.swift; path = AssetPickerService.swift; sourceTree = "<group>"; };
		B10000010000000000000002 /* CacheStore.swift */ = {isa = PBXFileReference; lastKnownFileType = sourcecode.swift; path = CacheStore.swift; sourceTree = "<group>"; };
		B10000010000000000000003 /* FilmtoneBridgeViewController.swift */ = {isa = PBXFileReference; lastKnownFileType = sourcecode.swift; path = FilmtoneBridgeViewController.swift; sourceTree = "<group>"; };
		B10000010000000000000004 /* FilmtoneExportSession.swift */ = {isa = PBXFileReference; lastKnownFileType = sourcecode.swift; path = FilmtoneExportSession.swift; sourceTree = "<group>"; };
		B10000010000000000000005 /* FilmtoneMediaPlugin.swift */ = {isa = PBXFileReference; lastKnownFileType = sourcecode.swift; path = FilmtoneMediaPlugin.swift; sourceTree = "<group>"; };
		B10000010000000000000006 /* FilmtoneMediaTypes.swift */ = {isa = PBXFileReference; lastKnownFileType = sourcecode.swift; path = FilmtoneMediaTypes.swift; sourceTree = "<group>"; };
		B10000010000000000000007 /* PhotoLibraryService.swift */ = {isa = PBXFileReference; lastKnownFileType = sourcecode.swift; path = PhotoLibraryService.swift; sourceTree = "<group>"; };
		B10000010000000000000008 /* ShareSheetService.swift */ = {isa = PBXFileReference; lastKnownFileType = sourcecode.swift; path = ShareSheetService.swift; sourceTree = "<group>"; };
		B10000010000000000000009 /* SourceProbeService.swift */ = {isa = PBXFileReference; lastKnownFileType = sourcecode.swift; path = SourceProbeService.swift; sourceTree = "<group>"; };
		B10000010000000000000010 /* BenchmarkCollector.swift */ = {isa = PBXFileReference; lastKnownFileType = sourcecode.swift; path = BenchmarkCollector.swift; sourceTree = "<group>"; };
		B10000010000000000000011 /* FilmtoneMediaRuntime.swift */ = {isa = PBXFileReference; lastKnownFileType = sourcecode.swift; path = FilmtoneMediaRuntime.swift; sourceTree = "<group>"; };
		B10000010000000000000012 /* MezzanineService.swift */ = {isa = PBXFileReference; lastKnownFileType = sourcecode.swift; path = MezzanineService.swift; sourceTree = "<group>"; };
		B14DB40995D16C85F10AC9F5 /* CancelExportIntent.swift */ = {isa = PBXFileReference; includeInIndex = 1; lastKnownFileType = sourcecode.swift; path = CancelExportIntent.swift; sourceTree = "<group>"; };
		B20000010000000000000001 /* MezzanineColorProbe.swift */ = {isa = PBXFileReference; lastKnownFileType = sourcecode.swift; path = MezzanineColorProbe.swift; sourceTree = "<group>"; };
		B20000010000000000000020 /* DepthSourceService.swift */ = {isa = PBXFileReference; lastKnownFileType = sourcecode.swift; path = DepthSourceService.swift; sourceTree = "<group>"; };
		B20000010000000000000021 /* FilmtoneDepthMap.swift */ = {isa = PBXFileReference; lastKnownFileType = sourcecode.swift; path = FilmtoneDepthMap.swift; sourceTree = "<group>"; };
		B20000010000000000000022 /* FilmtoneDepthPrefilter.swift */ = {isa = PBXFileReference; lastKnownFileType = sourcecode.swift; path = FilmtoneDepthPrefilter.swift; sourceTree = "<group>"; };
		B20000010000000000000023 /* VideoDepthSourceService.swift */ = {isa = PBXFileReference; lastKnownFileType = sourcecode.swift; path = VideoDepthSourceService.swift; sourceTree = "<group>"; };
		B20000010000000000000030 /* ExportCancelController.swift */ = {isa = PBXFileReference; lastKnownFileType = sourcecode.swift; path = ExportCancelController.swift; sourceTree = "<group>"; };
		B20000010000000000000050 /* FilmtoneExportNotification.swift */ = {isa = PBXFileReference; lastKnownFileType = sourcecode.swift; path = FilmtoneExportNotification.swift; sourceTree = "<group>"; };
		C10000010000000000000001 /* FilmtoneRootView.swift */ = {isa = PBXFileReference; lastKnownFileType = sourcecode.swift; path = FilmtoneRootView.swift; sourceTree = "<group>"; };
		C10000010000000000000002 /* FilmtoneEditorStore.swift */ = {isa = PBXFileReference; lastKnownFileType = sourcecode.swift; path = FilmtoneEditorStore.swift; sourceTree = "<group>"; };
		C10000010000000000000003 /* FilmtoneEditorFacade.swift */ = {isa = PBXFileReference; lastKnownFileType = sourcecode.swift; path = FilmtoneEditorFacade.swift; sourceTree = "<group>"; };
		C10000010000000000000004 /* FilmtonePreviewView.swift */ = {isa = PBXFileReference; lastKnownFileType = sourcecode.swift; path = FilmtonePreviewView.swift; sourceTree = "<group>"; };
		C10000010000000000000005 /* FilmtonePresetRow.swift */ = {isa = PBXFileReference; lastKnownFileType = sourcecode.swift; path = FilmtonePresetRow.swift; sourceTree = "<group>"; };
		C10000010000000000000006 /* FilmtoneStrengthSheet.swift */ = {isa = PBXFileReference; lastKnownFileType = sourcecode.swift; path = FilmtoneStrengthSheet.swift; sourceTree = "<group>"; };
		C10000010000000000000007 /* FilmtoneExportPanel.swift */ = {isa = PBXFileReference; lastKnownFileType = sourcecode.swift; path = FilmtoneExportPanel.swift; sourceTree = "<group>"; };
		C10000010000000000000008 /* FilmtonePersistence.swift */ = {isa = PBXFileReference; lastKnownFileType = sourcecode.swift; path = FilmtonePersistence.swift; sourceTree = "<group>"; };
		C10000010000000000000009 /* FilmtonePresetCatalog.swift */ = {isa = PBXFileReference; lastKnownFileType = sourcecode.swift; path = FilmtonePresetCatalog.swift; sourceTree = "<group>"; };
		C1000001000000000000000A /* FilmtonePhase0Math.swift */ = {isa = PBXFileReference; lastKnownFileType = sourcecode.swift; path = FilmtonePhase0Math.swift; sourceTree = "<group>"; };
		C1000001000000000000000B /* FilmtoneStrings.swift */ = {isa = PBXFileReference; lastKnownFileType = sourcecode.swift; path = FilmtoneStrings.swift; sourceTree = "<group>"; };
		C1000001000000000000000C /* FilmtoneCubeParser.swift */ = {isa = PBXFileReference; lastKnownFileType = sourcecode.swift; path = FilmtoneCubeParser.swift; sourceTree = "<group>"; };
		C1000001000000000000000D /* FilmtonePhase0Generated.swift */ = {isa = PBXFileReference; lastKnownFileType = sourcecode.swift; path = FilmtonePhase0Generated.swift; sourceTree = "<group>"; };
		C1000001000000000000000E /* FilmtonePreviewPlayerView.swift */ = {isa = PBXFileReference; lastKnownFileType = sourcecode.swift; path = FilmtonePreviewPlayerView.swift; sourceTree = "<group>"; };
		C1000001000000000000000F /* FilmtoneSnapshotSupport.swift */ = {isa = PBXFileReference; lastKnownFileType = sourcecode.swift; path = FilmtoneSnapshotSupport.swift; sourceTree = "<group>"; };
		C20000010000000000000001 /* FormatExtensionReader.swift */ = {isa = PBXFileReference; lastKnownFileType = sourcecode.swift; path = FormatExtensionReader.swift; sourceTree = "<group>"; };
		C20000010000000000000002 /* SourceColorMetadataNormalizer.swift */ = {isa = PBXFileReference; lastKnownFileType = sourcecode.swift; path = SourceColorMetadataNormalizer.swift; sourceTree = "<group>"; };
		C20000010000000000000003 /* SourceColorClassifier.swift */ = {isa = PBXFileReference; lastKnownFileType = sourcecode.swift; path = SourceColorClassifier.swift; sourceTree = "<group>"; };
		C20000010000000000000004 /* HdrPreparationPolicyDeriver.swift */ = {isa = PBXFileReference; lastKnownFileType = sourcecode.swift; path = HdrPreparationPolicyDeriver.swift; sourceTree = "<group>"; };
		C20000010000000000000005 /* FilmtoneRayAngleOptics.swift */ = {isa = PBXFileReference; lastKnownFileType = sourcecode.swift; path = FilmtoneRayAngleOptics.swift; sourceTree = "<group>"; };
		C20000010000000000000006 /* FilmtoneHdrPolicyNotice.swift */ = {isa = PBXFileReference; lastKnownFileType = sourcecode.swift; path = FilmtoneHdrPolicyNotice.swift; sourceTree = "<group>"; };
		C20000010000000000000007 /* FilmtoneCameraOpticsFormatter.swift */ = {isa = PBXFileReference; lastKnownFileType = sourcecode.swift; path = FilmtoneCameraOpticsFormatter.swift; sourceTree = "<group>"; };
		C20000010000000000000008 /* FilmtoneExportSidecarBuilder.swift */ = {isa = PBXFileReference; lastKnownFileType = sourcecode.swift; path = FilmtoneExportSidecarBuilder.swift; sourceTree = "<group>"; };
		C20000010000000000000009 /* FilmtoneMotionBlurMath.swift */ = {isa = PBXFileReference; lastKnownFileType = sourcecode.swift; path = FilmtoneMotionBlurMath.swift; sourceTree = "<group>"; };
		C20000010000000000000010 /* FilmtoneColorPipeline.swift */ = {isa = PBXFileReference; lastKnownFileType = sourcecode.swift; path = FilmtoneColorPipeline.swift; sourceTree = "<group>"; };
		C20000010000000000000011 /* FilmtoneTermHelpSheet.swift */ = {isa = PBXFileReference; lastKnownFileType = sourcecode.swift; path = FilmtoneTermHelpSheet.swift; sourceTree = "<group>"; };
		C20000010000000000000012 /* FilmtoneLibrarySchema.swift */ = {isa = PBXFileReference; lastKnownFileType = sourcecode.swift; path = FilmtoneLibrarySchema.swift; sourceTree = "<group>"; };
		C20000010000000000000013 /* FilmtoneLutBlobCodec.swift */ = {isa = PBXFileReference; lastKnownFileType = sourcecode.swift; path = FilmtoneLutBlobCodec.swift; sourceTree = "<group>"; };
		C20000010000000000000014 /* FilmtoneLibraryStore.swift */ = {isa = PBXFileReference; lastKnownFileType = sourcecode.swift; path = FilmtoneLibraryStore.swift; sourceTree = "<group>"; };
		C20000010000000000000015 /* FilmtoneSavedLookSheet.swift */ = {isa = PBXFileReference; lastKnownFileType = sourcecode.swift; path = FilmtoneSavedLookSheet.swift; sourceTree = "<group>"; };
		C20000010000000000000016 /* FilmtoneLibrarySection.swift */ = {isa = PBXFileReference; lastKnownFileType = sourcecode.swift; path = FilmtoneLibrarySection.swift; sourceTree = "<group>"; };
		C20000010000000000000017 /* FilmtoneBuiltInCatalog.swift */ = {isa = PBXFileReference; lastKnownFileType = sourcecode.swift; path = FilmtoneBuiltInCatalog.swift; sourceTree = "<group>"; };
		C20000010000000000000018 /* FilmtoneSourceProfileSchema.swift */ = {isa = PBXFileReference; lastKnownFileType = sourcecode.swift; path = FilmtoneSourceProfileSchema.swift; sourceTree = "<group>"; };
		C20000010000000000000019 /* FilmtoneSourceProfileMath.swift */ = {isa = PBXFileReference; lastKnownFileType = sourcecode.swift; path = FilmtoneSourceProfileMath.swift; sourceTree = "<group>"; };
		E92BBC4019AD97D40A52D6E1 /* FilmtoneExportAttributes.swift */ = {isa = PBXFileReference; includeInIndex = 1; lastKnownFileType = sourcecode.swift; path = FilmtoneExportAttributes.swift; sourceTree = "<group>"; };
		F10000010000000000000001 /* Localizable.xcstrings */ = {isa = PBXFileReference; lastKnownFileType = text.json.xcstrings; path = Localizable.xcstrings; sourceTree = "<group>"; };
		F10000010000000000000002 /* ja */ = {isa = PBXFileReference; lastKnownFileType = text.plist.strings; name = ja; path = ja.lproj/InfoPlist.strings; sourceTree = "<group>"; };
		F10000010000000000000004 /* PrivacyInfo.xcprivacy */ = {isa = PBXFileReference; lastKnownFileType = text.plist.xml; path = PrivacyInfo.xcprivacy; sourceTree = "<group>"; };
		F20000010000000000000001 /* FilmtoneSnapshotsUITests.xctest */ = {isa = PBXFileReference; explicitFileType = wrapper.cfbundle; includeInIndex = 0; path = FilmtoneSnapshotsUITests.xctest; sourceTree = BUILT_PRODUCTS_DIR; };
		F20000010000000000000002 /* FilmtoneSnapshotsUITests.swift */ = {isa = PBXFileReference; lastKnownFileType = sourcecode.swift; path = FilmtoneSnapshotsUITests.swift; sourceTree = "<group>"; };
		F20000010000000000000003 /* SnapshotHelper.swift */ = {isa = PBXFileReference; lastKnownFileType = sourcecode.swift; path = SnapshotHelper.swift; sourceTree = "<group>"; };
		F20000010000000000000004 /* XCTest.framework */ = {isa = PBXFileReference; lastKnownFileType = wrapper.framework; name = XCTest.framework; path = Library/Frameworks/XCTest.framework; sourceTree = DEVELOPER_DIR; };
		F5389D2AC1264A75C8259AC3 /* FilmtoneExportSession+Cancelable.swift */ = {isa = PBXFileReference; includeInIndex = 1; lastKnownFileType = sourcecode.swift; path = "FilmtoneExportSession+Cancelable.swift"; sourceTree = "<group>"; };
		FC68EB0AF532CFC21C3344DD /* Pods-App.debug.xcconfig */ = {isa = PBXFileReference; includeInIndex = 1; lastKnownFileType = text.xcconfig; name = "Pods-App.debug.xcconfig"; path = "Pods/Target Support Files/Pods-App/Pods-App.debug.xcconfig"; sourceTree = "<group>"; };
/* End PBXFileReference section */

/* Begin PBXFrameworksBuildPhase section */
		504EC3011FED79650016851F /* Frameworks */ = {
			isa = PBXFrameworksBuildPhase;
			buildActionMask = 2147483647;
			files = (
				A084ECDBA7D38E1E42DFC39D /* Pods_App.framework in Frameworks */,
			);
			runOnlyForDeploymentPostprocessing = 0;
		};
		983138F5BEC7A75E149B02EF /* Frameworks */ = {
			isa = PBXFrameworksBuildPhase;
			buildActionMask = 2147483647;
			files = (
			);
			runOnlyForDeploymentPostprocessing = 0;
		};
		E20000010000000000000009 /* Frameworks */ = {
			isa = PBXFrameworksBuildPhase;
			buildActionMask = 2147483647;
			files = (
				E20000010000000000000003 /* XCTest.framework in Frameworks */,
			);
			runOnlyForDeploymentPostprocessing = 0;
		};
/* End PBXFrameworksBuildPhase section */

/* Begin PBXGroup section */
		27E2DDA53C4D2A4D1A88CE4A /* Frameworks */ = {
			isa = PBXGroup;
			children = (
				AF277DCFFFF123FFC6DF26C7 /* Pods_App.framework */,
			);
			name = Frameworks;
			sourceTree = "<group>";
		};
		504EC2FB1FED79650016851F = {
			isa = PBXGroup;
			children = (
				504EC3061FED79650016851F /* App */,
				E20000010000000000000004 /* FilmtoneSnapshotsUITests */,
				504EC3051FED79650016851F /* Products */,
				7F8756D8B27F46E3366F6CEA /* Pods */,
				27E2DDA53C4D2A4D1A88CE4A /* Frameworks */,
			);
			sourceTree = "<group>";
		};
		504EC3051FED79650016851F /* Products */ = {
			isa = PBXGroup;
			children = (
				504EC3041FED79650016851F /* App.app */,
				F20000010000000000000001 /* FilmtoneSnapshotsUITests.xctest */,
				1CD935F1B2B7F6B8905120A5 /* FilmtoneExportActivity.appex */,
			);
			name = Products;
			sourceTree = "<group>";
		};
		504EC3061FED79650016851F /* App */ = {
			isa = PBXGroup;
			children = (
				50379B222058CBB4000EE86E /* capacitor.config.json */,
				504EC3071FED79650016851F /* AppDelegate.swift */,
				B10000010000000000000003 /* FilmtoneBridgeViewController.swift */,
				B10000010000000000000005 /* FilmtoneMediaPlugin.swift */,
				B10000010000000000000004 /* FilmtoneExportSession.swift */,
				B10000010000000000000009 /* SourceProbeService.swift */,
				B10000010000000000000001 /* AssetPickerService.swift */,
				B10000010000000000000007 /* PhotoLibraryService.swift */,
				B10000010000000000000008 /* ShareSheetService.swift */,
				B10000010000000000000002 /* CacheStore.swift */,
				B10000010000000000000006 /* FilmtoneMediaTypes.swift */,
				B10000010000000000000011 /* FilmtoneMediaRuntime.swift */,
				B10000010000000000000012 /* MezzanineService.swift */,
				B20000010000000000000001 /* MezzanineColorProbe.swift */,
				B20000010000000000000020 /* DepthSourceService.swift */,
				B20000010000000000000021 /* FilmtoneDepthMap.swift */,
				B20000010000000000000022 /* FilmtoneDepthPrefilter.swift */,
				B20000010000000000000023 /* VideoDepthSourceService.swift */,
				B20000010000000000000030 /* ExportCancelController.swift */,
				B20000010000000000000050 /* FilmtoneExportNotification.swift */,
				B10000010000000000000010 /* BenchmarkCollector.swift */,
				C10000010000000000000001 /* FilmtoneRootView.swift */,
				C10000010000000000000002 /* FilmtoneEditorStore.swift */,
				C10000010000000000000003 /* FilmtoneEditorFacade.swift */,
				C10000010000000000000004 /* FilmtonePreviewView.swift */,
				C1000001000000000000000E /* FilmtonePreviewPlayerView.swift */,
				C10000010000000000000005 /* FilmtonePresetRow.swift */,
				C10000010000000000000006 /* FilmtoneStrengthSheet.swift */,
				C10000010000000000000007 /* FilmtoneExportPanel.swift */,
				C10000010000000000000008 /* FilmtonePersistence.swift */,
				C10000010000000000000009 /* FilmtonePresetCatalog.swift */,
				C1000001000000000000000D /* FilmtonePhase0Generated.swift */,
				C1000001000000000000000A /* FilmtonePhase0Math.swift */,
				C1000001000000000000000B /* FilmtoneStrings.swift */,
				C1000001000000000000000C /* FilmtoneCubeParser.swift */,
				C1000001000000000000000F /* FilmtoneSnapshotSupport.swift */,
				C20000010000000000000001 /* FormatExtensionReader.swift */,
				C20000010000000000000002 /* SourceColorMetadataNormalizer.swift */,
				C20000010000000000000003 /* SourceColorClassifier.swift */,
				C20000010000000000000010 /* FilmtoneColorPipeline.swift */,
				C20000010000000000000004 /* HdrPreparationPolicyDeriver.swift */,
				C20000010000000000000005 /* FilmtoneRayAngleOptics.swift */,
				C20000010000000000000006 /* FilmtoneHdrPolicyNotice.swift */,
				C20000010000000000000007 /* FilmtoneCameraOpticsFormatter.swift */,
				C20000010000000000000008 /* FilmtoneExportSidecarBuilder.swift */,
				C20000010000000000000009 /* FilmtoneMotionBlurMath.swift */,
				C20000010000000000000011 /* FilmtoneTermHelpSheet.swift */,
				C20000010000000000000012 /* FilmtoneLibrarySchema.swift */,
				C20000010000000000000013 /* FilmtoneLutBlobCodec.swift */,
				C20000010000000000000014 /* FilmtoneLibraryStore.swift */,
				C20000010000000000000015 /* FilmtoneSavedLookSheet.swift */,
				C20000010000000000000016 /* FilmtoneLibrarySection.swift */,
				C20000010000000000000017 /* FilmtoneBuiltInCatalog.swift */,
				C20000010000000000000018 /* FilmtoneSourceProfileSchema.swift */,
				C20000010000000000000019 /* FilmtoneSourceProfileMath.swift */,
				504EC30B1FED79650016851F /* Main.storyboard */,
				504EC30E1FED79650016851F /* Assets.xcassets */,
				504EC3101FED79650016851F /* LaunchScreen.storyboard */,
				504EC3131FED79650016851F /* Info.plist */,
				F10000010000000000000003 /* InfoPlist.strings */,
				F10000010000000000000001 /* Localizable.xcstrings */,
				F10000010000000000000004 /* PrivacyInfo.xcprivacy */,
				2FAD9762203C412B000D30F8 /* config.xml */,
				50B271D01FEDC1A000F3C39B /* public */,
				9DA2D91319509B8464706DDD /* FilmtoneExportActivity */,
				E92BBC4019AD97D40A52D6E1 /* FilmtoneExportAttributes.swift */,
				B14DB40995D16C85F10AC9F5 /* CancelExportIntent.swift */,
				571136E1E02CD259CA471AF1 /* FilmtoneExportLiveActivity.swift */,
				F5389D2AC1264A75C8259AC3 /* FilmtoneExportSession+Cancelable.swift */,
			);
			path = App;
			sourceTree = "<group>";
		};
		7F8756D8B27F46E3366F6CEA /* Pods */ = {
			isa = PBXGroup;
			children = (
				FC68EB0AF532CFC21C3344DD /* Pods-App.debug.xcconfig */,
				AF51FD2D460BCFE21FA515B2 /* Pods-App.release.xcconfig */,
			);
			name = Pods;
			sourceTree = "<group>";
		};
		9DA2D91319509B8464706DDD /* FilmtoneExportActivity */ = {
			isa = PBXGroup;
			children = (
				27AC4B71358558416D8A1808 /* FilmtoneExportActivity.swift */,
				8BA722ECF59CA0509BE28D0A /* LockScreenView.swift */,
				914659B53876C5363F8AB84A /* DynamicIslandViews.swift */,
				5DF203A51BB1545086A0BC3B /* Info.plist */,
			);
			name = FilmtoneExportActivity;
			path = FilmtoneExportActivity;
			sourceTree = "<group>";
		};
		E20000010000000000000004 /* FilmtoneSnapshotsUITests */ = {
			isa = PBXGroup;
			children = (
				F20000010000000000000002 /* FilmtoneSnapshotsUITests.swift */,
				F20000010000000000000003 /* SnapshotHelper.swift */,
			);
			path = FilmtoneSnapshotsUITests;
			sourceTree = "<group>";
		};
/* End PBXGroup section */

/* Begin PBXNativeTarget section */
		504EC3031FED79650016851F /* App */ = {
			isa = PBXNativeTarget;
			buildConfigurationList = 504EC3161FED79650016851F /* Build configuration list for PBXNativeTarget "App" */;
			buildPhases = (
				6634F4EFEBD30273BCE97C65 /* [CP] Check Pods Manifest.lock */,
				504EC3001FED79650016851F /* Sources */,
				504EC3011FED79650016851F /* Frameworks */,
				504EC3021FED79650016851F /* Resources */,
				9592DBEFFC6D2A0C8D5DEB22 /* [CP] Embed Pods Frameworks */,
				E38909391CC1EE0B328DE430 /* Embed Foundation Extensions */,
			);
			buildRules = (
			);
			dependencies = (
				A1B33562B8DFCB61DC04110E /* PBXTargetDependency */,
			);
			name = App;
			productName = App;
			productReference = 504EC3041FED79650016851F /* App.app */;
			productType = "com.apple.product-type.application";
		};
		C64E7E65453A4EDD448B0D56 /* FilmtoneExportActivity */ = {
			isa = PBXNativeTarget;
			buildConfigurationList = CE3DA842AAAA3DCE9A4B7A2D /* Build configuration list for PBXNativeTarget "FilmtoneExportActivity" */;
			buildPhases = (
				60B2C5C8A073A296C4D46976 /* Sources */,
				983138F5BEC7A75E149B02EF /* Frameworks */,
				D2D382CD0F949F3BA4082C29 /* Resources */,
			);
			buildRules = (
			);
			dependencies = (
			);
			name = FilmtoneExportActivity;
			productName = FilmtoneExportActivity;
			productReference = 1CD935F1B2B7F6B8905120A5 /* FilmtoneExportActivity.appex */;
			productType = "com.apple.product-type.app-extension";
		};
		E20000010000000000000007 /* FilmtoneSnapshotsUITests */ = {
			isa = PBXNativeTarget;
			buildConfigurationList = E2000001000000000000000D /* Build configuration list for PBXNativeTarget "FilmtoneSnapshotsUITests" */;
			buildPhases = (
				E20000010000000000000008 /* Sources */,
				E20000010000000000000009 /* Frameworks */,
				E2000001000000000000000A /* Resources */,
			);
			buildRules = (
			);
			dependencies = (
				E20000010000000000000006 /* PBXTargetDependency */,
			);
			name = FilmtoneSnapshotsUITests;
			productName = FilmtoneSnapshotsUITests;
			productReference = F20000010000000000000001 /* FilmtoneSnapshotsUITests.xctest */;
			productType = "com.apple.product-type.bundle.ui-testing";
		};
/* End PBXNativeTarget section */

/* Begin PBXProject section */
		504EC2FC1FED79650016851F /* Project object */ = {
			isa = PBXProject;
			attributes = {
				LastSwiftUpdateCheck = 0920;
				LastUpgradeCheck = 0920;
				TargetAttributes = {
					504EC3031FED79650016851F = {
						CreatedOnToolsVersion = 9.2;
						LastSwiftMigration = 1100;
						ProvisioningStyle = Automatic;
					};
					E20000010000000000000007 = {
						CreatedOnToolsVersion = 17.0;
						TestTargetID = 504EC3031FED79650016851F;
					};
				};
			};
			buildConfigurationList = 504EC2FF1FED79650016851F /* Build configuration list for PBXProject "App" */;
			compatibilityVersion = "Xcode 8.0";
			developmentRegion = en;
			hasScannedForEncodings = 0;
			knownRegions = (
				en,
				ja,
				Base,
			);
			mainGroup = 504EC2FB1FED79650016851F;
			productRefGroup = 504EC3051FED79650016851F /* Products */;
			projectDirPath = "";
			projectRoot = "";
			targets = (
				504EC3031FED79650016851F /* App */,
				E20000010000000000000007 /* FilmtoneSnapshotsUITests */,
				C64E7E65453A4EDD448B0D56 /* FilmtoneExportActivity */,
			);
		};
/* End PBXProject section */

/* Begin PBXResourcesBuildPhase section */
		504EC3021FED79650016851F /* Resources */ = {
			isa = PBXResourcesBuildPhase;
			buildActionMask = 2147483647;
			files = (
				504EC3121FED79650016851F /* LaunchScreen.storyboard in Resources */,
				50B271D11FEDC1A000F3C39B /* public in Resources */,
				504EC30F1FED79650016851F /* Assets.xcassets in Resources */,
				50379B232058CBB4000EE86E /* capacitor.config.json in Resources */,
				E10000010000000000000002 /* InfoPlist.strings in Resources */,
				E10000010000000000000001 /* Localizable.xcstrings in Resources */,
				E10000010000000000000003 /* PrivacyInfo.xcprivacy in Resources */,
				504EC30D1FED79650016851F /* Main.storyboard in Resources */,
				2FAD9763203C412B000D30F8 /* config.xml in Resources */,
			);
			runOnlyForDeploymentPostprocessing = 0;
		};
		D2D382CD0F949F3BA4082C29 /* Resources */ = {
			isa = PBXResourcesBuildPhase;
			buildActionMask = 2147483647;
			files = (
			);
			runOnlyForDeploymentPostprocessing = 0;
		};
		E2000001000000000000000A /* Resources */ = {
			isa = PBXResourcesBuildPhase;
			buildActionMask = 2147483647;
			files = (
			);
			runOnlyForDeploymentPostprocessing = 0;
		};
/* End PBXResourcesBuildPhase section */

/* Begin PBXShellScriptBuildPhase section */
		6634F4EFEBD30273BCE97C65 /* [CP] Check Pods Manifest.lock */ = {
			isa = PBXShellScriptBuildPhase;
			buildActionMask = 2147483647;
			files = (
			);
			inputPaths = (
				"${PODS_PODFILE_DIR_PATH}/Podfile.lock",
				"${PODS_ROOT}/Manifest.lock",
			);
			name = "[CP] Check Pods Manifest.lock";
			outputPaths = (
				"$(DERIVED_FILE_DIR)/Pods-App-checkManifestLockResult.txt",
			);
			runOnlyForDeploymentPostprocessing = 0;
			shellPath = /bin/sh;
			shellScript = "diff \"${PODS_PODFILE_DIR_PATH}/Podfile.lock\" \"${PODS_ROOT}/Manifest.lock\" > /dev/null\nif [ $? != 0 ] ; then\n    # print error to STDERR\n    echo \"error: The sandbox is not in sync with the Podfile.lock. Run 'pod install' or update your CocoaPods installation.\" >&2\n    exit 1\nfi\n# This output is used by Xcode 'outputs' to avoid re-running this script phase.\necho \"SUCCESS\" > \"${SCRIPT_OUTPUT_FILE_0}\"\n";
			showEnvVarsInLog = 0;
		};
		9592DBEFFC6D2A0C8D5DEB22 /* [CP] Embed Pods Frameworks */ = {
			isa = PBXShellScriptBuildPhase;
			buildActionMask = 2147483647;
			files = (
			);
			inputPaths = (
			);
			name = "[CP] Embed Pods Frameworks";
			outputPaths = (
			);
			runOnlyForDeploymentPostprocessing = 0;
			shellPath = /bin/sh;
			shellScript = "\"${PODS_ROOT}/Target Support Files/Pods-App/Pods-App-frameworks.sh\"\n";
			showEnvVarsInLog = 0;
		};
/* End PBXShellScriptBuildPhase section */

/* Begin PBXSourcesBuildPhase section */
		504EC3001FED79650016851F /* Sources */ = {
			isa = PBXSourcesBuildPhase;
			buildActionMask = 2147483647;
			files = (
				A10000010000000000000001 /* AssetPickerService.swift in Sources */,
				A10000010000000000000002 /* CacheStore.swift in Sources */,
				A10000010000000000000003 /* FilmtoneBridgeViewController.swift in Sources */,
				A10000010000000000000004 /* FilmtoneExportSession.swift in Sources */,
				A10000010000000000000005 /* FilmtoneMediaPlugin.swift in Sources */,
				A10000010000000000000006 /* FilmtoneMediaTypes.swift in Sources */,
				A10000010000000000000007 /* PhotoLibraryService.swift in Sources */,
				A10000010000000000000008 /* ShareSheetService.swift in Sources */,
				A10000010000000000000009 /* SourceProbeService.swift in Sources */,
				A10000010000000000000011 /* FilmtoneMediaRuntime.swift in Sources */,
				A10000010000000000000012 /* MezzanineService.swift in Sources */,
				A20000010000000000000001 /* MezzanineColorProbe.swift in Sources */,
				A20000010000000000000020 /* DepthSourceService.swift in Sources */,
				A20000010000000000000021 /* FilmtoneDepthMap.swift in Sources */,
				A20000010000000000000022 /* FilmtoneDepthPrefilter.swift in Sources */,
				A20000010000000000000023 /* VideoDepthSourceService.swift in Sources */,
				A20000010000000000000030 /* ExportCancelController.swift in Sources */,
				A20000010000000000000050 /* FilmtoneExportNotification.swift in Sources */,
				A10000010000000000000010 /* BenchmarkCollector.swift in Sources */,
				D10000010000000000000001 /* FilmtoneRootView.swift in Sources */,
				D10000010000000000000002 /* FilmtoneEditorStore.swift in Sources */,
				D10000010000000000000003 /* FilmtoneEditorFacade.swift in Sources */,
				D10000010000000000000004 /* FilmtonePreviewView.swift in Sources */,
				D1000001000000000000000E /* FilmtonePreviewPlayerView.swift in Sources */,
				D10000010000000000000005 /* FilmtonePresetRow.swift in Sources */,
				D10000010000000000000006 /* FilmtoneStrengthSheet.swift in Sources */,
				D10000010000000000000007 /* FilmtoneExportPanel.swift in Sources */,
				D10000010000000000000008 /* FilmtonePersistence.swift in Sources */,
				D10000010000000000000009 /* FilmtonePresetCatalog.swift in Sources */,
				D1000001000000000000000D /* FilmtonePhase0Generated.swift in Sources */,
				D1000001000000000000000A /* FilmtonePhase0Math.swift in Sources */,
				D1000001000000000000000B /* FilmtoneStrings.swift in Sources */,
				D1000001000000000000000C /* FilmtoneCubeParser.swift in Sources */,
				D1000001000000000000000F /* FilmtoneSnapshotSupport.swift in Sources */,
				D20000010000000000000001 /* FormatExtensionReader.swift in Sources */,
				D20000010000000000000002 /* SourceColorMetadataNormalizer.swift in Sources */,
				D20000010000000000000003 /* SourceColorClassifier.swift in Sources */,
				D20000010000000000000010 /* FilmtoneColorPipeline.swift in Sources */,
				D20000010000000000000004 /* HdrPreparationPolicyDeriver.swift in Sources */,
				D20000010000000000000005 /* FilmtoneRayAngleOptics.swift in Sources */,
				D20000010000000000000006 /* FilmtoneHdrPolicyNotice.swift in Sources */,
				D20000010000000000000007 /* FilmtoneCameraOpticsFormatter.swift in Sources */,
				D20000010000000000000008 /* FilmtoneExportSidecarBuilder.swift in Sources */,
				D20000010000000000000009 /* FilmtoneMotionBlurMath.swift in Sources */,
				D20000010000000000000011 /* FilmtoneTermHelpSheet.swift in Sources */,
				D20000010000000000000012 /* FilmtoneLibrarySchema.swift in Sources */,
				D20000010000000000000013 /* FilmtoneLutBlobCodec.swift in Sources */,
				D20000010000000000000014 /* FilmtoneLibraryStore.swift in Sources */,
				D20000010000000000000015 /* FilmtoneSavedLookSheet.swift in Sources */,
				D20000010000000000000016 /* FilmtoneLibrarySection.swift in Sources */,
				D20000010000000000000017 /* FilmtoneBuiltInCatalog.swift in Sources */,
				D20000010000000000000018 /* FilmtoneSourceProfileSchema.swift in Sources */,
				D20000010000000000000019 /* FilmtoneSourceProfileMath.swift in Sources */,
				504EC3081FED79650016851F /* AppDelegate.swift in Sources */,
				94B98E313D898089A3F2D764 /* FilmtoneExportAttributes.swift in Sources */,
				D588A95BF7748786256BD9E2 /* CancelExportIntent.swift in Sources */,
				4834B221C07285097FC03D87 /* FilmtoneExportLiveActivity.swift in Sources */,
				80C165763871B1D58ECA7A88 /* FilmtoneExportSession+Cancelable.swift in Sources */,
			);
			runOnlyForDeploymentPostprocessing = 0;
		};
		60B2C5C8A073A296C4D46976 /* Sources */ = {
			isa = PBXSourcesBuildPhase;
			buildActionMask = 2147483647;
			files = (
				A9C09CB4FBA0A528C5478E81 /* FilmtoneExportActivity.swift in Sources */,
				0BB8A8BD4529447093495AD8 /* LockScreenView.swift in Sources */,
				63F888EB39F993E54072124A /* DynamicIslandViews.swift in Sources */,
				2D4D5561AFFF0125F03894AE /* FilmtoneExportAttributes.swift in Sources */,
				9C5A6BF76EF250FAF3AF63DD /* CancelExportIntent.swift in Sources */,
				9DB3A44F4189BC9462F7784E /* ExportCancelController.swift in Sources */,
			);
			runOnlyForDeploymentPostprocessing = 0;
		};
		E20000010000000000000008 /* Sources */ = {
			isa = PBXSourcesBuildPhase;
			buildActionMask = 2147483647;
			files = (
				E20000010000000000000001 /* FilmtoneSnapshotsUITests.swift in Sources */,
				E20000010000000000000002 /* SnapshotHelper.swift in Sources */,
			);
			runOnlyForDeploymentPostprocessing = 0;
		};
/* End PBXSourcesBuildPhase section */

/* Begin PBXTargetDependency section */
		A1B33562B8DFCB61DC04110E /* PBXTargetDependency */ = {
			isa = PBXTargetDependency;
			name = FilmtoneExportActivity;
			target = C64E7E65453A4EDD448B0D56 /* FilmtoneExportActivity */;
			targetProxy = F4EFF4230B72FE145D1FC54B /* PBXContainerItemProxy */;
		};
		E20000010000000000000006 /* PBXTargetDependency */ = {
			isa = PBXTargetDependency;
			target = 504EC3031FED79650016851F /* App */;
			targetProxy = E20000010000000000000005 /* PBXContainerItemProxy */;
		};
/* End PBXTargetDependency section */

/* Begin PBXVariantGroup section */
		504EC30B1FED79650016851F /* Main.storyboard */ = {
			isa = PBXVariantGroup;
			children = (
				504EC30C1FED79650016851F /* Base */,
			);
			name = Main.storyboard;
			sourceTree = "<group>";
		};
		504EC3101FED79650016851F /* LaunchScreen.storyboard */ = {
			isa = PBXVariantGroup;
			children = (
				504EC3111FED79650016851F /* Base */,
			);
			name = LaunchScreen.storyboard;
			sourceTree = "<group>";
		};
		F10000010000000000000003 /* InfoPlist.strings */ = {
			isa = PBXVariantGroup;
			children = (
				F10000010000000000000002 /* ja */,
			);
			name = InfoPlist.strings;
			sourceTree = "<group>";
		};
/* End PBXVariantGroup section */

/* Begin XCBuildConfiguration section */
		39689D1FB164BF3E20FF0BE2 /* Debug */ = {
			isa = XCBuildConfiguration;
			buildSettings = {
				CODE_SIGN_STYLE = Automatic;
				CURRENT_PROJECT_VERSION = 1;
				DEBUG_INFORMATION_FORMAT = dwarf;
				DEVELOPMENT_TEAM = C3G77H8NM6;
				GENERATE_INFOPLIST_FILE = NO;
				INFOPLIST_FILE = App/FilmtoneExportActivity/Info.plist;
				INFOPLIST_KEY_CFBundleDisplayName = "Filmtone Export";
				INFOPLIST_KEY_NSHumanReadableCopyright = "";
				IPHONEOS_DEPLOYMENT_TARGET = 17.0;
				LD_RUNPATH_SEARCH_PATHS = "$(inherited) @executable_path/Frameworks @executable_path/../../Frameworks";
				MARKETING_VERSION = 1.2;
				PRODUCT_BUNDLE_IDENTIFIER = com.chibatakumi.film.lab.ios.exportactivity;
				PRODUCT_NAME = "$(TARGET_NAME)";
				SKIP_INSTALL = YES;
				SWIFT_ACTIVE_COMPILATION_CONDITIONS = DEBUG;
				SWIFT_OPTIMIZATION_LEVEL = "-Onone";
				SWIFT_VERSION = 5.0;
				TARGETED_DEVICE_FAMILY = 1;
			};
			name = Debug;
		};
		504EC3141FED79650016851F /* Debug */ = {
			isa = XCBuildConfiguration;
			buildSettings = {
				ALWAYS_SEARCH_USER_PATHS = NO;
				CLANG_ANALYZER_NONNULL = YES;
				CLANG_ANALYZER_NUMBER_OBJECT_CONVERSION = YES_AGGRESSIVE;
				CLANG_CXX_LANGUAGE_STANDARD = "gnu++14";
				CLANG_CXX_LIBRARY = "libc++";
				CLANG_ENABLE_MODULES = YES;
				CLANG_ENABLE_OBJC_ARC = YES;
				CLANG_WARN_BLOCK_CAPTURE_AUTORELEASING = YES;
				CLANG_WARN_BOOL_CONVERSION = YES;
				CLANG_WARN_COMMA = YES;
				CLANG_WARN_CONSTANT_CONVERSION = YES;
				CLANG_WARN_DIRECT_OBJC_ISA_USAGE = YES_ERROR;
				CLANG_WARN_DOCUMENTATION_COMMENTS = YES;
				CLANG_WARN_EMPTY_BODY = YES;
				CLANG_WARN_ENUM_CONVERSION = YES;
				CLANG_WARN_INFINITE_RECURSION = YES;
				CLANG_WARN_INT_CONVERSION = YES;
				CLANG_WARN_NON_LITERAL_NULL_CONVERSION = YES;
				CLANG_WARN_OBJC_LITERAL_CONVERSION = YES;
				CLANG_WARN_OBJC_ROOT_CLASS = YES_ERROR;
				CLANG_WARN_RANGE_LOOP_ANALYSIS = YES;
				CLANG_WARN_STRICT_PROTOTYPES = YES;
				CLANG_WARN_SUSPICIOUS_MOVE = YES;
				CLANG_WARN_UNGUARDED_AVAILABILITY = YES_AGGRESSIVE;
				CLANG_WARN_UNREACHABLE_CODE = YES;
				CLANG_WARN__DUPLICATE_METHOD_MATCH = YES;
				COPY_PHASE_STRIP = NO;
				DEBUG_INFORMATION_FORMAT = dwarf;
				ENABLE_STRICT_OBJC_MSGSEND = YES;
				ENABLE_TESTABILITY = YES;
				GCC_C_LANGUAGE_STANDARD = gnu11;
				GCC_DYNAMIC_NO_PIC = NO;
				GCC_NO_COMMON_BLOCKS = YES;
				GCC_OPTIMIZATION_LEVEL = 0;
				GCC_PREPROCESSOR_DEFINITIONS = (
					"DEBUG=1",
					"$(inherited)",
				);
				GCC_WARN_64_TO_32_BIT_CONVERSION = YES;
				GCC_WARN_ABOUT_RETURN_TYPE = YES_ERROR;
				GCC_WARN_UNDECLARED_SELECTOR = YES;
				GCC_WARN_UNINITIALIZED_AUTOS = YES_AGGRESSIVE;
				GCC_WARN_UNUSED_FUNCTION = YES;
				GCC_WARN_UNUSED_VARIABLE = YES;
				IPHONEOS_DEPLOYMENT_TARGET = 17.0;
				MTL_ENABLE_DEBUG_INFO = YES;
				ONLY_ACTIVE_ARCH = YES;
				SDKROOT = iphoneos;
				SWIFT_ACTIVE_COMPILATION_CONDITIONS = DEBUG;
				SWIFT_OPTIMIZATION_LEVEL = "-Onone";
			};
			name = Debug;
		};
		504EC3151FED79650016851F /* Release */ = {
			isa = XCBuildConfiguration;
			buildSettings = {
				ALWAYS_SEARCH_USER_PATHS = NO;
				CLANG_ANALYZER_NONNULL = YES;
				CLANG_ANALYZER_NUMBER_OBJECT_CONVERSION = YES_AGGRESSIVE;
				CLANG_CXX_LANGUAGE_STANDARD = "gnu++14";
				CLANG_CXX_LIBRARY = "libc++";
				CLANG_ENABLE_MODULES = YES;
				CLANG_ENABLE_OBJC_ARC = YES;
				CLANG_WARN_BLOCK_CAPTURE_AUTORELEASING = YES;
				CLANG_WARN_BOOL_CONVERSION = YES;
				CLANG_WARN_COMMA = YES;
				CLANG_WARN_CONSTANT_CONVERSION = YES;
				CLANG_WARN_DIRECT_OBJC_ISA_USAGE = YES_ERROR;
				CLANG_WARN_DOCUMENTATION_COMMENTS = YES;
				CLANG_WARN_EMPTY_BODY = YES;
				CLANG_WARN_ENUM_CONVERSION = YES;
				CLANG_WARN_INFINITE_RECURSION = YES;
				CLANG_WARN_INT_CONVERSION = YES;
				CLANG_WARN_NON_LITERAL_NULL_CONVERSION = YES;
				CLANG_WARN_OBJC_LITERAL_CONVERSION = YES;
				CLANG_WARN_OBJC_ROOT_CLASS = YES_ERROR;
				CLANG_WARN_RANGE_LOOP_ANALYSIS = YES;
				CLANG_WARN_STRICT_PROTOTYPES = YES;
				CLANG_WARN_SUSPICIOUS_MOVE = YES;
				CLANG_WARN_UNGUARDED_AVAILABILITY = YES_AGGRESSIVE;
				CLANG_WARN_UNREACHABLE_CODE = YES;
				CLANG_WARN__DUPLICATE_METHOD_MATCH = YES;
				COPY_PHASE_STRIP = NO;
				DEBUG_INFORMATION_FORMAT = "dwarf-with-dsym";
				ENABLE_NS_ASSERTIONS = NO;
				ENABLE_STRICT_OBJC_MSGSEND = YES;
				GCC_C_LANGUAGE_STANDARD = gnu11;
				GCC_NO_COMMON_BLOCKS = YES;
				GCC_WARN_64_TO_32_BIT_CONVERSION = YES;
				GCC_WARN_ABOUT_RETURN_TYPE = YES_ERROR;
				GCC_WARN_UNDECLARED_SELECTOR = YES;
				GCC_WARN_UNINITIALIZED_AUTOS = YES_AGGRESSIVE;
				GCC_WARN_UNUSED_FUNCTION = YES;
				GCC_WARN_UNUSED_VARIABLE = YES;
				IPHONEOS_DEPLOYMENT_TARGET = 17.0;
				MTL_ENABLE_DEBUG_INFO = NO;
				SDKROOT = iphoneos;
				SWIFT_OPTIMIZATION_LEVEL = "-Owholemodule";
				VALIDATE_PRODUCT = YES;
			};
			name = Release;
		};
		504EC3171FED79650016851F /* Debug */ = {
			isa = XCBuildConfiguration;
			baseConfigurationReference = FC68EB0AF532CFC21C3344DD /* Pods-App.debug.xcconfig */;
			buildSettings = {
				ASSETCATALOG_COMPILER_APPICON_NAME = AppIcon;
				CODE_SIGN_STYLE = Automatic;
				CURRENT_PROJECT_VERSION = 1;
				DEVELOPMENT_TEAM = C3G77H8NM6;
				INFOPLIST_FILE = App/Info.plist;
				IPHONEOS_DEPLOYMENT_TARGET = 17.0;
				LD_RUNPATH_SEARCH_PATHS = "$(inherited) @executable_path/Frameworks";
				MARKETING_VERSION = 1.2;
				OTHER_SWIFT_FLAGS = "$(inherited) \"-D\" \"COCOAPODS\" \"-DDEBUG\"";
				PRODUCT_BUNDLE_IDENTIFIER = com.chibatakumi.film.lab.ios;
				PRODUCT_NAME = "$(TARGET_NAME)";
				SWIFT_ACTIVE_COMPILATION_CONDITIONS = DEBUG;
				SWIFT_VERSION = 5.0;
				TARGETED_DEVICE_FAMILY = 1;
			};
			name = Debug;
		};
		504EC3181FED79650016851F /* Release */ = {
			isa = XCBuildConfiguration;
			baseConfigurationReference = AF51FD2D460BCFE21FA515B2 /* Pods-App.release.xcconfig */;
			buildSettings = {
				ASSETCATALOG_COMPILER_APPICON_NAME = AppIcon;
				CODE_SIGN_STYLE = Automatic;
				CURRENT_PROJECT_VERSION = 1;
				DEVELOPMENT_TEAM = C3G77H8NM6;
				INFOPLIST_FILE = App/Info.plist;
				IPHONEOS_DEPLOYMENT_TARGET = 17.0;
				LD_RUNPATH_SEARCH_PATHS = "$(inherited) @executable_path/Frameworks";
				MARKETING_VERSION = 1.2;
				PRODUCT_BUNDLE_IDENTIFIER = com.chibatakumi.film.lab.ios;
				PRODUCT_NAME = "$(TARGET_NAME)";
				SWIFT_ACTIVE_COMPILATION_CONDITIONS = "";
				SWIFT_VERSION = 5.0;
				TARGETED_DEVICE_FAMILY = 1;
			};
			name = Release;
		};
		7672BD5EB9B0B1816B88C208 /* Release */ = {
			isa = XCBuildConfiguration;
			buildSettings = {
				CODE_SIGN_STYLE = Automatic;
				CURRENT_PROJECT_VERSION = 1;
				DEBUG_INFORMATION_FORMAT = "dwarf-with-dsym";
				DEVELOPMENT_TEAM = C3G77H8NM6;
				GENERATE_INFOPLIST_FILE = NO;
				INFOPLIST_FILE = App/FilmtoneExportActivity/Info.plist;
				INFOPLIST_KEY_CFBundleDisplayName = "Filmtone Export";
				INFOPLIST_KEY_NSHumanReadableCopyright = "";
				IPHONEOS_DEPLOYMENT_TARGET = 17.0;
				LD_RUNPATH_SEARCH_PATHS = "$(inherited) @executable_path/Frameworks @executable_path/../../Frameworks";
				MARKETING_VERSION = 1.2;
				PRODUCT_BUNDLE_IDENTIFIER = com.chibatakumi.film.lab.ios.exportactivity;
				PRODUCT_NAME = "$(TARGET_NAME)";
				SKIP_INSTALL = YES;
				SWIFT_OPTIMIZATION_LEVEL = "-Owholemodule";
				SWIFT_VERSION = 5.0;
				TARGETED_DEVICE_FAMILY = 1;
			};
			name = Release;
		};
		E2000001000000000000000B /* Debug */ = {
			isa = XCBuildConfiguration;
			buildSettings = {
				CODE_SIGN_STYLE = Automatic;
				CURRENT_PROJECT_VERSION = 1;
				DEVELOPMENT_TEAM = C3G77H8NM6;
				GENERATE_INFOPLIST_FILE = YES;
				IPHONEOS_DEPLOYMENT_TARGET = 17.0;
				LD_RUNPATH_SEARCH_PATHS = (
					"$(inherited)",
					"@executable_path/Frameworks",
					"@loader_path/Frameworks",
				);
				MARKETING_VERSION = 1.2;
				PRODUCT_BUNDLE_IDENTIFIER = com.chibatakumi.film.lab.iosUITests;
				PRODUCT_NAME = "$(TARGET_NAME)";
				SWIFT_ACTIVE_COMPILATION_CONDITIONS = DEBUG;
				SWIFT_VERSION = 5.0;
				TARGETED_DEVICE_FAMILY = 1;
				TEST_TARGET_NAME = App;
			};
			name = Debug;
		};
		E2000001000000000000000C /* Release */ = {
			isa = XCBuildConfiguration;
			buildSettings = {
				CODE_SIGN_STYLE = Automatic;
				CURRENT_PROJECT_VERSION = 1;
				DEVELOPMENT_TEAM = C3G77H8NM6;
				GENERATE_INFOPLIST_FILE = YES;
				IPHONEOS_DEPLOYMENT_TARGET = 17.0;
				LD_RUNPATH_SEARCH_PATHS = (
					"$(inherited)",
					"@executable_path/Frameworks",
					"@loader_path/Frameworks",
				);
				MARKETING_VERSION = 1.2;
				PRODUCT_BUNDLE_IDENTIFIER = com.chibatakumi.film.lab.iosUITests;
				PRODUCT_NAME = "$(TARGET_NAME)";
				SWIFT_VERSION = 5.0;
				TARGETED_DEVICE_FAMILY = 1;
				TEST_TARGET_NAME = App;
			};
			name = Release;
		};
/* End XCBuildConfiguration section */

/* Begin XCConfigurationList section */
		504EC2FF1FED79650016851F /* Build configuration list for PBXProject "App" */ = {
			isa = XCConfigurationList;
			buildConfigurations = (
				504EC3141FED79650016851F /* Debug */,
				504EC3151FED79650016851F /* Release */,
			);
			defaultConfigurationIsVisible = 0;
			defaultConfigurationName = Release;
		};
		504EC3161FED79650016851F /* Build configuration list for PBXNativeTarget "App" */ = {
			isa = XCConfigurationList;
			buildConfigurations = (
				504EC3171FED79650016851F /* Debug */,
				504EC3181FED79650016851F /* Release */,
			);
			defaultConfigurationIsVisible = 0;
			defaultConfigurationName = Release;
		};
		CE3DA842AAAA3DCE9A4B7A2D /* Build configuration list for PBXNativeTarget "FilmtoneExportActivity" */ = {
			isa = XCConfigurationList;
			buildConfigurations = (
				39689D1FB164BF3E20FF0BE2 /* Debug */,
				7672BD5EB9B0B1816B88C208 /* Release */,
			);
			defaultConfigurationIsVisible = 0;
			defaultConfigurationName = Release;
		};
		E2000001000000000000000D /* Build configuration list for PBXNativeTarget "FilmtoneSnapshotsUITests" */ = {
			isa = XCConfigurationList;
			buildConfigurations = (
				E2000001000000000000000B /* Debug */,
				E2000001000000000000000C /* Release */,
			);
			defaultConfigurationIsVisible = 0;
			defaultConfigurationName = Release;
		};
/* End XCConfigurationList section */
	};
	rootObject = 504EC2FC1FED79650016851F /* Project object */;
}
