// !$*UTF8*$!
{
	archiveVersion = 1;
	classes = {
	};
	objectVersion = 48;
	objects = {

/* Begin PBXBuildFile section */
		0BB8A8BD4529447093495AD8 /* LockScreenView.swift in Sources */ = {isa = PBXBuildFile; fileRef = 8BA722ECF59CA0509BE28D0A /* LockScreenView.swift */; };
		0F432292C35AA746C1B5029F /* OpticalKernels.swift in Sources */ = {isa = PBXBuildFile; fileRef = F866759EC6B64193580EDDE6 /* OpticalKernels.swift */; };
		16AEB7307DB348ECDC7058AC /* ExportRenderHelpers.swift in Sources */ = {isa = PBXBuildFile; fileRef = 544A796C6E480CD796B35227 /* ExportRenderHelpers.swift */; };
		181852B55B628E07A96EBD40 /* ExportSidecarDateFormatter.swift in Sources */ = {isa = PBXBuildFile; fileRef = C251B271BA66A31B9FDFFFF9 /* ExportSidecarDateFormatter.swift */; };
		2D4D5561AFFF0125F03894AE /* FilmtoneExportAttributes.swift in Sources */ = {isa = PBXBuildFile; fileRef = E92BBC4019AD97D40A52D6E1 /* FilmtoneExportAttributes.swift */; };
		33183593451FFC7F6B131F6F /* ExportSessionModels.swift in Sources */ = {isa = PBXBuildFile; fileRef = 3A8953B81D88E54A0BD66518 /* ExportSessionModels.swift */; };
		42D1A00148FB68BB1924A545 /* ExportMetrics.swift in Sources */ = {isa = PBXBuildFile; fileRef = 0F3FEA9C2799183E1F2B32E4 /* ExportMetrics.swift */; };
		4834B221C07285097FC03D87 /* FilmtoneExportLiveActivity.swift in Sources */ = {isa = PBXBuildFile; fileRef = 571136E1E02CD259CA471AF1 /* FilmtoneExportLiveActivity.swift */; };
		504EC3081FED79650016851F /* AppDelegate.swift in Sources */ = {isa = PBXBuildFile; fileRef = 504EC3071FED79650016851F /* AppDelegate.swift */; };
		504EC30D1FED79650016851F /* Main.storyboard in Resources */ = {isa = PBXBuildFile; fileRef = 504EC30B1FED79650016851F /* Main.storyboard */; };
		504EC30F1FED79650016851F /* Assets.xcassets in Resources */ = {isa = PBXBuildFile; fileRef = 504EC30E1FED79650016851F /* Assets.xcassets */; };
		504EC3121FED79650016851F /* LaunchScreen.storyboard in Resources */ = {isa = PBXBuildFile; fileRef = 504EC3101FED79650016851F /* LaunchScreen.storyboard */; };
		5394D3D00FBAC703C6C0C7C0 /* FilmtoneMotionBlurAccumulator.swift in Sources */ = {isa = PBXBuildFile; fileRef = 9C2BA1AAE89F8EF13CDDD304 /* FilmtoneMotionBlurAccumulator.swift */; };
		63F888EB39F993E54072124A /* DynamicIslandViews.swift in Sources */ = {isa = PBXBuildFile; fileRef = 914659B53876C5363F8AB84A /* DynamicIslandViews.swift */; };
		7BEB7F8934F9E1F2C9091E9D /* FilmtoneSharedGradeProcessor.swift in Sources */ = {isa = PBXBuildFile; fileRef = FFB20542EA38D7520A693144 /* FilmtoneSharedGradeProcessor.swift */; };
		80C165763871B1D58ECA7A88 /* FilmtoneExportSession+Cancelable.swift in Sources */ = {isa = PBXBuildFile; fileRef = F5389D2AC1264A75C8259AC3 /* FilmtoneExportSession+Cancelable.swift */; };
		94B98E313D898089A3F2D764 /* FilmtoneExportAttributes.swift in Sources */ = {isa = PBXBuildFile; fileRef = E92BBC4019AD97D40A52D6E1 /* FilmtoneExportAttributes.swift */; };
		9C5A6BF76EF250FAF3AF63DD /* CancelExportIntent.swift in Sources */ = {isa = PBXBuildFile; fileRef = B14DB40995D16C85F10AC9F5 /* CancelExportIntent.swift */; };
		9DB3A44F4189BC9462F7784E /* ExportCancelController.swift in Sources */ = {isa = PBXBuildFile; fileRef = B20000010000000000000030 /* ExportCancelController.swift */; };
		A084ECDBA7D38E1E42DFC39D /* Pods_App.framework in Frameworks */ = {isa = PBXBuildFile; fileRef = AF277DCFFFF123FFC6DF26C7 /* Pods_App.framework */; };
		A10000010000000000000001 /* AssetPickerService.swift in Sources */ = {isa = PBXBuildFile; fileRef = B10000010000000000000001 /* AssetPickerService.swift */; };
		A10000010000000000000002 /* CacheStore.swift in Sources */ = {isa = PBXBuildFile; fileRef = B10000010000000000000002 /* CacheStore.swift */; };
		A10000010000000000000004 /* FilmtoneExportSession.swift in Sources */ = {isa = PBXBuildFile; fileRef = B10000010000000000000004 /* FilmtoneExportSession.swift */; };
		A10000010000000000000006 /* FilmtoneMediaTypes.swift in Sources */ = {isa = PBXBuildFile; fileRef = B10000010000000000000006 /* FilmtoneMediaTypes.swift */; };
		A10000010000000000000007 /* PhotoLibraryService.swift in Sources */ = {isa = PBXBuildFile; fileRef = B10000010000000000000007 /* PhotoLibraryService.swift */; };
		A10000010000000000000008 /* ShareSheetService.swift in Sources */ = {isa = PBXBuildFile; fileRef = B10000010000000000000008 /* ShareSheetService.swift */; };
		A10000010000000000000009 /* SourceProbeService.swift in Sources */ = {isa = PBXBuildFile; fileRef = B10000010000000000000009 /* SourceProbeService.swift */; };
		A10000010000000000000010 /* BenchmarkCollector.swift in Sources */ = {isa = PBXBuildFile; fileRef = B10000010000000000000010 /* BenchmarkCollector.swift */; };
		A10000010000000000000011 /* FilmtoneMediaRuntime.swift in Sources */ = {isa = PBXBuildFile; fileRef = B10000010000000000000011 /* FilmtoneMediaRuntime.swift */; };
		A10000010000000000000012 /* MezzanineService.swift in Sources */ = {isa = PBXBuildFile; fileRef = B10000010000000000000012 /* MezzanineService.swift */; };
		A20000010000000000000001 /* MezzanineColorProbe.swift in Sources */ = {isa = PBXBuildFile; fileRef = B20000010000000000000001 /* MezzanineColorProbe.swift */; };
		A20000010000000000000020 /* DepthSourceService.swift in Sources */ = {isa = PBXBuildFile; fileRef = B20000010000000000000020 /* DepthSourceService.swift */; };
		A20000010000000000000021 /* FilmtoneDepthMap.swift in Sources */ = {isa = PBXBuildFile; fileRef = B20000010000000000000021 /* FilmtoneDepthMap.swift */; };
		A20000010000000000000022 /* FilmtoneDepthPrefilter.swift in Sources */ = {isa = PBXBuildFile; fileRef = B20000010000000000000022 /* FilmtoneDepthPrefilter.swift */; };
		A20000010000000000000023 /* VideoDepthSourceService.swift in Sources */ = {isa = PBXBuildFile; fileRef = B20000010000000000000023 /* VideoDepthSourceService.swift */; };
		A20000010000000000000030 /* ExportCancelController.swift in Sources */ = {isa = PBXBuildFile; fileRef = B20000010000000000000030 /* ExportCancelController.swift */; };
		A20000010000000000000050 /* FilmtoneExportNotification.swift in Sources */ = {isa = PBXBuildFile; fileRef = B20000010000000000000050 /* FilmtoneExportNotification.swift */; };
		A9C09CB4FBA0A528C5478E81 /* FilmtoneExportActivity.swift in Sources */ = {isa = PBXBuildFile; fileRef = 27AC4B71358558416D8A1808 /* FilmtoneExportActivity.swift */; };
		B1E10001000000000000B201 /* ExportInputLutBuilder.swift in Sources */ = {isa = PBXBuildFile; fileRef = B1E10001000000000000B202 /* ExportInputLutBuilder.swift */; };
		B1E10001000000000000B203 /* ExportSourceProfileResolver.swift in Sources */ = {isa = PBXBuildFile; fileRef = B1E10001000000000000B204 /* ExportSourceProfileResolver.swift */; };
		B1E10001000000000000B205 /* ExportDepthPayloadManager.swift in Sources */ = {isa = PBXBuildFile; fileRef = B1E10001000000000000B206 /* ExportDepthPayloadManager.swift */; };
		D10000010000000000000001 /* FilmtoneRootView.swift in Sources */ = {isa = PBXBuildFile; fileRef = C10000010000000000000001 /* FilmtoneRootView.swift */; };
		D10000010000000000000002 /* FilmtoneEditorStore.swift in Sources */ = {isa = PBXBuildFile; fileRef = C10000010000000000000002 /* FilmtoneEditorStore.swift */; };
		D10000010000000000000003 /* FilmtoneEditorFacade.swift in Sources */ = {isa = PBXBuildFile; fileRef = C10000010000000000000003 /* FilmtoneEditorFacade.swift */; };
		D10000010000000000000004 /* FilmtonePreviewView.swift in Sources */ = {isa = PBXBuildFile; fileRef = C10000010000000000000004 /* FilmtonePreviewView.swift */; };
		D10000010000000000000006 /* FilmtoneStrengthSheet.swift in Sources */ = {isa = PBXBuildFile; fileRef = C10000010000000000000006 /* FilmtoneStrengthSheet.swift */; };
		D10000010000000000000007 /* FilmtoneExportPanel.swift in Sources */ = {isa = PBXBuildFile; fileRef = C10000010000000000000007 /* FilmtoneExportPanel.swift */; };
		D10000010000000000000008 /* FilmtonePersistence.swift in Sources */ = {isa = PBXBuildFile; fileRef = C10000010000000000000008 /* FilmtonePersistence.swift */; };
		D10000010000000000000009 /* FilmtonePresetCatalog.swift in Sources */ = {isa = PBXBuildFile; fileRef = C10000010000000000000009 /* FilmtonePresetCatalog.swift */; };
		D1000001000000000000000A /* FilmtonePhase0Math.swift in Sources */ = {isa = PBXBuildFile; fileRef = C1000001000000000000000A /* FilmtonePhase0Math.swift */; };
		D1000001000000000000000B /* FilmtoneStrings.swift in Sources */ = {isa = PBXBuildFile; fileRef = C1000001000000000000000B /* FilmtoneStrings.swift */; };
		D1000001000000000000000C /* FilmtoneCubeParser.swift in Sources */ = {isa = PBXBuildFile; fileRef = C1000001000000000000000C /* FilmtoneCubeParser.swift */; };
		D1000001000000000000000E /* FilmtonePreviewPlayerView.swift in Sources */ = {isa = PBXBuildFile; fileRef = C1000001000000000000000E /* FilmtonePreviewPlayerView.swift */; };
		D1000001000000000000000F /* FilmtoneSnapshotSupport.swift in Sources */ = {isa = PBXBuildFile; fileRef = C1000001000000000000000F /* FilmtoneSnapshotSupport.swift */; };
		D10000010000000000000010 /* FilmtoneFullscreenLutEditor.swift in Sources */ = {isa = PBXBuildFile; fileRef = C10000010000000000000010 /* FilmtoneFullscreenLutEditor.swift */; };
		D10000010000000000000011 /* FilmtoneOpticalFiltersGenerated.swift in Sources */ = {isa = PBXBuildFile; fileRef = C10000010000000000000011 /* FilmtoneOpticalFiltersGenerated.swift */; };
		D10000010000000000000012 /* FilmtoneOpticalFilterSelectionStore.swift in Sources */ = {isa = PBXBuildFile; fileRef = C10000010000000000000012 /* FilmtoneOpticalFilterSelectionStore.swift */; };
		D20000010000000000000001 /* FormatExtensionReader.swift in Sources */ = {isa = PBXBuildFile; fileRef = C20000010000000000000001 /* FormatExtensionReader.swift */; };
		D20000010000000000000002 /* SourceColorMetadataNormalizer.swift in Sources */ = {isa = PBXBuildFile; fileRef = C20000010000000000000002 /* SourceColorMetadataNormalizer.swift */; };
		D20000010000000000000003 /* SourceColorClassifier.swift in Sources */ = {isa = PBXBuildFile; fileRef = C20000010000000000000003 /* SourceColorClassifier.swift */; };
		D20000010000000000000004 /* HdrPreparationPolicyDeriver.swift in Sources */ = {isa = PBXBuildFile; fileRef = C20000010000000000000004 /* HdrPreparationPolicyDeriver.swift */; };
		D20000010000000000000005 /* FilmtoneRayAngleOptics.swift in Sources */ = {isa = PBXBuildFile; fileRef = C20000010000000000000005 /* FilmtoneRayAngleOptics.swift */; };
		D20000010000000000000006 /* FilmtoneHdrPolicyNotice.swift in Sources */ = {isa = PBXBuildFile; fileRef = C20000010000000000000006 /* FilmtoneHdrPolicyNotice.swift */; };
		D20000010000000000000007 /* FilmtoneCameraOpticsFormatter.swift in Sources */ = {isa = PBXBuildFile; fileRef = C20000010000000000000007 /* FilmtoneCameraOpticsFormatter.swift */; };
		D20000010000000000000008 /* FilmtoneExportSidecarBuilder.swift in Sources */ = {isa = PBXBuildFile; fileRef = C20000010000000000000008 /* FilmtoneExportSidecarBuilder.swift */; };
		D20000010000000000000009 /* FilmtoneMotionBlurMath.swift in Sources */ = {isa = PBXBuildFile; fileRef = C20000010000000000000009 /* FilmtoneMotionBlurMath.swift */; };
		D20000010000000000000010 /* FilmtoneColorPipeline.swift in Sources */ = {isa = PBXBuildFile; fileRef = C20000010000000000000010 /* FilmtoneColorPipeline.swift */; };
		D20000010000000000000011 /* FilmtoneTermHelpSheet.swift in Sources */ = {isa = PBXBuildFile; fileRef = C20000010000000000000011 /* FilmtoneTermHelpSheet.swift */; };
		D20000010000000000000012 /* FilmtoneLibrarySchema.swift in Sources */ = {isa = PBXBuildFile; fileRef = C20000010000000000000012 /* FilmtoneLibrarySchema.swift */; };
		D20000010000000000000013 /* FilmtoneLutBlobCodec.swift in Sources */ = {isa = PBXBuildFile; fileRef = C20000010000000000000013 /* FilmtoneLutBlobCodec.swift */; };
		D20000010000000000000014 /* FilmtoneLibraryStore.swift in Sources */ = {isa = PBXBuildFile; fileRef = C20000010000000000000014 /* FilmtoneLibraryStore.swift */; };
		D20000010000000000000015 /* FilmtoneSavedLookSheet.swift in Sources */ = {isa = PBXBuildFile; fileRef = C20000010000000000000015 /* FilmtoneSavedLookSheet.swift */; };
		D20000010000000000000016 /* FilmtoneLibrarySection.swift in Sources */ = {isa = PBXBuildFile; fileRef = C20000010000000000000016 /* FilmtoneLibrarySection.swift */; };
		D20000010000000000000017 /* FilmtoneBuiltInCatalog.swift in Sources */ = {isa = PBXBuildFile; fileRef = C20000010000000000000017 /* FilmtoneBuiltInCatalog.swift */; };
		D20000010000000000000018 /* FilmtoneSourceProfileSchema.swift in Sources */ = {isa = PBXBuildFile; fileRef = C20000010000000000000018 /* FilmtoneSourceProfileSchema.swift */; };
		D20000010000000000000019 /* FilmtoneSourceProfileMath.swift in Sources */ = {isa = PBXBuildFile; fileRef = C20000010000000000000019 /* FilmtoneSourceProfileMath.swift */; };
		D2000001000000000000001A /* FilmtoneSourceProfileCatalog.swift in Sources */ = {isa = PBXBuildFile; fileRef = C2000001000000000000001A /* FilmtoneSourceProfileCatalog.swift */; };
		D2000001000000000000001B /* FilmtoneHelpAssetGenerator.swift in Sources */ = {isa = PBXBuildFile; fileRef = C2000001000000000000001B /* FilmtoneHelpAssetGenerator.swift */; };
		D2000001000000000000001C /* FilmtoneSliderRow.swift in Sources */ = {isa = PBXBuildFile; fileRef = C2000001000000000000001C /* FilmtoneSliderRow.swift */; };
		D2000001000000000000001D /* FilmtoneLutControls.swift in Sources */ = {isa = PBXBuildFile; fileRef = C2000001000000000000001D /* FilmtoneLutControls.swift */; };
		D20000010000000000000022 /* FilmtoneOnboardingView.swift in Sources */ = {isa = PBXBuildFile; fileRef = C20000010000000000000022 /* FilmtoneOnboardingView.swift */; };
		D20000010000000000000023 /* FilmtoneSavedLookSheetMode.swift in Sources */ = {isa = PBXBuildFile; fileRef = C20000010000000000000023 /* FilmtoneSavedLookSheetMode.swift */; };
		D20000010000000000000024 /* FilmtoneRootChrome.swift in Sources */ = {isa = PBXBuildFile; fileRef = C20000010000000000000024 /* FilmtoneRootChrome.swift */; };
		D20000010000000000000025 /* FilmtoneAdjustmentHelpSheet.swift in Sources */ = {isa = PBXBuildFile; fileRef = C20000010000000000000025 /* FilmtoneAdjustmentHelpSheet.swift */; };
		D20000010000000000000027 /* FilmtoneAdvancedParamsModel.swift in Sources */ = {isa = PBXBuildFile; fileRef = C20000010000000000000027 /* FilmtoneAdvancedParamsModel.swift */; };
		D20000010000000000000028 /* FilmtoneDisclosureSection.swift in Sources */ = {isa = PBXBuildFile; fileRef = C20000010000000000000028 /* FilmtoneDisclosureSection.swift */; };
		D20000010000000000000029 /* FilmtoneStrengthSheetStyles.swift in Sources */ = {isa = PBXBuildFile; fileRef = C20000010000000000000029 /* FilmtoneStrengthSheetStyles.swift */; };
		D2000001000000000000002A /* FilmtoneStrengthSheetData.swift in Sources */ = {isa = PBXBuildFile; fileRef = C2000001000000000000002A /* FilmtoneStrengthSheetData.swift */; };
		D2000001000000000000002B /* FilmtoneEmptyView.swift in Sources */ = {isa = PBXBuildFile; fileRef = C2000001000000000000002B /* FilmtoneEmptyView.swift */; };
		D2000001000000000000002D /* FilmtoneSourceProfileSheet.swift in Sources */ = {isa = PBXBuildFile; fileRef = C2000001000000000000002D /* FilmtoneSourceProfileSheet.swift */; };
		D2000001000000000000002E /* FilmtoneMetalOpticsRenderer.swift in Sources */ = {isa = PBXBuildFile; fileRef = C2000001000000000000002E /* FilmtoneMetalOpticsRenderer.swift */; };
		D2000001000000000000002F /* FilmtoneCaptureCapabilityProbe.swift in Sources */ = {isa = PBXBuildFile; fileRef = C2000001000000000000002F /* FilmtoneCaptureCapabilityProbe.swift */; };
		D20000010000000000000030 /* FilmtoneCaptureWriter.swift in Sources */ = {isa = PBXBuildFile; fileRef = C20000010000000000000030 /* FilmtoneCaptureWriter.swift */; };
		D20000010000000000000031 /* FilmtoneMotionRecorder.swift in Sources */ = {isa = PBXBuildFile; fileRef = C20000010000000000000031 /* FilmtoneMotionRecorder.swift */; };
		D20000010000000000000041 /* FilmtoneCombinedTimingSmoke.swift in Sources */ = {isa = PBXBuildFile; fileRef = C20000010000000000000041 /* FilmtoneCombinedTimingSmoke.swift */; };
		D20000010000000000000051 /* FilmtoneGcsvSmoke.swift in Sources */ = {isa = PBXBuildFile; fileRef = C20000010000000000000051 /* FilmtoneGcsvSmoke.swift */; };
		D20000010000000000000052 /* FilmtoneGcsvWriter.swift in Sources */ = {isa = PBXBuildFile; fileRef = C20000010000000000000052 /* FilmtoneGcsvWriter.swift */; };
		D20000010000000000000061 /* FilmtoneStabilizationSmoke.swift in Sources */ = {isa = PBXBuildFile; fileRef = C20000010000000000000061 /* FilmtoneStabilizationSmoke.swift */; };
		D20000010000000000000071 /* FilmtoneProductCapture.swift in Sources */ = {isa = PBXBuildFile; fileRef = C20000010000000000000071 /* FilmtoneProductCapture.swift */; };
		D20000010000000000000080 /* FilmtoneCapturePackage.swift in Sources */ = {isa = PBXBuildFile; fileRef = C20000010000000000000080 /* FilmtoneCapturePackage.swift */; };
		D20000010000000000000081 /* FilmtoneCapturePreflight.swift in Sources */ = {isa = PBXBuildFile; fileRef = C20000010000000000000081 /* FilmtoneCapturePreflight.swift */; };
		D20000010000000000000082 /* FilmtoneCaptureSession.swift in Sources */ = {isa = PBXBuildFile; fileRef = C20000010000000000000082 /* FilmtoneCaptureSession.swift */; };
		D20000010000000000000083 /* FilmtoneProxyGenerator.swift in Sources */ = {isa = PBXBuildFile; fileRef = C20000010000000000000083 /* FilmtoneProxyGenerator.swift */; };
		D20000010000000000000084 /* FilmtoneCaptureView.swift in Sources */ = {isa = PBXBuildFile; fileRef = C20000010000000000000084 /* FilmtoneCaptureView.swift */; };
		D20000010000000000000085 /* FilmtoneCapturePackagePersistence.swift in Sources */ = {isa = PBXBuildFile; fileRef = C20000010000000000000085 /* FilmtoneCapturePackagePersistence.swift */; };
		D20000010000000000000086 /* FilmtoneCaptureLensCatalog.swift in Sources */ = {isa = PBXBuildFile; fileRef = C20000010000000000000086 /* FilmtoneCaptureLensCatalog.swift */; };
		D20000010000000000000087 /* FilmtoneCaptureLivePreview.swift in Sources */ = {isa = PBXBuildFile; fileRef = C20000010000000000000087 /* FilmtoneCaptureLivePreview.swift */; };
		D20000010000000000000088 /* FilmtoneExternalFolderBookmark.swift in Sources */ = {isa = PBXBuildFile; fileRef = C20000010000000000000088 /* FilmtoneExternalFolderBookmark.swift */; };
		D20000010000000000000089 /* FilmtoneCaptureLookModel.swift in Sources */ = {isa = PBXBuildFile; fileRef = C20000010000000000000089 /* FilmtoneCaptureLookModel.swift */; };
		D2000001000000000000008A /* FilmtoneCaptureChrome.swift in Sources */ = {isa = PBXBuildFile; fileRef = C2000001000000000000008A /* FilmtoneCaptureChrome.swift */; };
		D2000001000000000000008B /* FilmtoneCaptureTopStatusBar.swift in Sources */ = {isa = PBXBuildFile; fileRef = C2000001000000000000008B /* FilmtoneCaptureTopStatusBar.swift */; };
		D2000001000000000000008C /* FilmtoneCaptureBottomDeck.swift in Sources */ = {isa = PBXBuildFile; fileRef = C2000001000000000000008C /* FilmtoneCaptureBottomDeck.swift */; };
		D2000001000000000000008E /* FilmtoneCaptureInteractionOverlay.swift in Sources */ = {isa = PBXBuildFile; fileRef = C2000001000000000000008E /* FilmtoneCaptureInteractionOverlay.swift */; };
		D2000001000000000000008F /* FilmtoneCaptureCockpitTopBar.swift in Sources */ = {isa = PBXBuildFile; fileRef = C2000001000000000000008F /* FilmtoneCaptureCockpitTopBar.swift */; };
		D20000010000000000000090 /* FilmtoneCaptureLensChipRow.swift in Sources */ = {isa = PBXBuildFile; fileRef = C20000010000000000000090 /* FilmtoneCaptureLensChipRow.swift */; };
		D20000010000000000000091 /* FilmtoneCaptureLookSheet.swift in Sources */ = {isa = PBXBuildFile; fileRef = C20000010000000000000091 /* FilmtoneCaptureLookSheet.swift */; };
		D20000010000000000000092 /* FilmtoneCaptureRulerScrubber.swift in Sources */ = {isa = PBXBuildFile; fileRef = C20000010000000000000092 /* FilmtoneCaptureRulerScrubber.swift */; };
		D20000010000000000000093 /* FilmtoneSecurityScopedBookmark.swift in Sources */ = {isa = PBXBuildFile; fileRef = C20000010000000000000093 /* FilmtoneSecurityScopedBookmark.swift */; };
		D20000010000000000000094 /* FilmtoneFluidBlobBackdrop.swift in Sources */ = {isa = PBXBuildFile; fileRef = C20000010000000000000094 /* FilmtoneFluidBlobBackdrop.swift */; };
		D20000010000000000000095 /* FilmtoneFluidBlobBackdrop.metal in Sources */ = {isa = PBXBuildFile; fileRef = C20000010000000000000095 /* FilmtoneFluidBlobBackdrop.metal */; };
		D20000010000000000000096 /* FilmtoneCapturePostRecordChoice.swift in Sources */ = {isa = PBXBuildFile; fileRef = C20000010000000000000096 /* FilmtoneCapturePostRecordChoice.swift */; };
		D20000010000000000000097 /* FilmtoneInterfaceOrientationLock.swift in Sources */ = {isa = PBXBuildFile; fileRef = C20000010000000000000097 /* FilmtoneInterfaceOrientationLock.swift */; };
		D20000010000000000000098 /* FilmtoneCaptureOrientation.swift in Sources */ = {isa = PBXBuildFile; fileRef = C20000010000000000000098 /* FilmtoneCaptureOrientation.swift */; };
		D20000010000000000000099 /* FilmtoneCaptureTransformLutClassifier.swift in Sources */ = {isa = PBXBuildFile; fileRef = C20000010000000000000099 /* FilmtoneCaptureTransformLutClassifier.swift */; };
		D2000001000000000000009A /* FilmtoneCaptureTakePickerOverlay.swift in Sources */ = {isa = PBXBuildFile; fileRef = C2000001000000000000009A /* FilmtoneCaptureTakePickerOverlay.swift */; };
		D2000001000000000000009B /* FilmtoneCapturePreviewLayer.swift in Sources */ = {isa = PBXBuildFile; fileRef = C2000001000000000000009B /* FilmtoneCapturePreviewLayer.swift */; };
		D2000001000000000000009C /* FilmtoneCaptureTakePreviewLoader.swift in Sources */ = {isa = PBXBuildFile; fileRef = C2000001000000000000009C /* FilmtoneCaptureTakePreviewLoader.swift */; };
		D2000001000000000000009D /* FilmtoneCaptureTakePreviewModel.swift in Sources */ = {isa = PBXBuildFile; fileRef = C2000001000000000000009D /* FilmtoneCaptureTakePreviewModel.swift */; };
		D40000010000000000000002 /* CreativeLuts in Resources */ = {isa = PBXBuildFile; fileRef = D40000010000000000000001 /* CreativeLuts */; };
		D588A95BF7748786256BD9E2 /* CancelExportIntent.swift in Sources */ = {isa = PBXBuildFile; fileRef = B14DB40995D16C85F10AC9F5 /* CancelExportIntent.swift */; };
		E10000010000000000000001 /* Localizable.xcstrings in Resources */ = {isa = PBXBuildFile; fileRef = F10000010000000000000001 /* Localizable.xcstrings */; };
		E10000010000000000000002 /* InfoPlist.strings in Resources */ = {isa = PBXBuildFile; fileRef = F10000010000000000000003 /* InfoPlist.strings */; };
		E10000010000000000000003 /* PrivacyInfo.xcprivacy in Resources */ = {isa = PBXBuildFile; fileRef = F10000010000000000000004 /* PrivacyInfo.xcprivacy */; };
		E20000010000000000000001 /* FilmtoneSnapshotsUITests.swift in Sources */ = {isa = PBXBuildFile; fileRef = F20000010000000000000002 /* FilmtoneSnapshotsUITests.swift */; };
		E20000010000000000000002 /* SnapshotHelper.swift in Sources */ = {isa = PBXBuildFile; fileRef = F20000010000000000000003 /* SnapshotHelper.swift */; };
		E20000010000000000000003 /* XCTest.framework in Frameworks */ = {isa = PBXBuildFile; fileRef = F20000010000000000000004 /* XCTest.framework */; };
		F40000010000000000000001 /* FilmLabSwiftCore in Frameworks */ = {isa = PBXBuildFile; productRef = F40000010000000000000020 /* FilmLabSwiftCore */; };
		FB515221B33E009D82A359F8 /* FilmtoneExportActivity.appex in Embed Foundation Extensions */ = {isa = PBXBuildFile; fileRef = 1CD935F1B2B7F6B8905120A5 /* FilmtoneExportActivity.appex */; settings = {ATTRIBUTES = (RemoveHeadersOnCopy, ); }; };
/* End PBXBuildFile section */

/* Begin PBXContainerItemProxy section */
		E20000010000000000000005 /* PBXContainerItemProxy */ = {
			isa = PBXContainerItemProxy;
			containerPortal = 504EC2FC1FED79650016851F /* Project object */;
			proxyType = 1;
			remoteGlobalIDString = 504EC3031FED79650016851F;
			remoteInfo = App;
		};
		F4EFF4230B72FE145D1FC54B /* PBXContainerItemProxy */ = {
			isa = PBXContainerItemProxy;
			containerPortal = 504EC2FC1FED79650016851F /* Project object */;
			proxyType = 1;
			remoteGlobalIDString = C64E7E65453A4EDD448B0D56;
			remoteInfo = FilmtoneExportActivity;
		};
/* End PBXContainerItemProxy section */

/* Begin PBXCopyFilesBuildPhase section */
		E38909391CC1EE0B328DE430 /* Embed Foundation Extensions */ = {
			isa = PBXCopyFilesBuildPhase;
			buildActionMask = 2147483647;
			dstPath = "";
			dstSubfolderSpec = 13;
			files = (
				FB515221B33E009D82A359F8 /* FilmtoneExportActivity.appex in Embed Foundation Extensions */,
			);
			name = "Embed Foundation Extensions";
			runOnlyForDeploymentPostprocessing = 0;
		};
/* End PBXCopyFilesBuildPhase section */

/* Begin PBXFileReference section */
		0F3FEA9C2799183E1F2B32E4 /* ExportMetrics.swift */ = {isa = PBXFileReference; includeInIndex = 1; lastKnownFileType = sourcecode.swift; path = ExportMetrics.swift; sourceTree = "<group>"; };
		1CD935F1B2B7F6B8905120A5 /* FilmtoneExportActivity.appex */ = {isa = PBXFileReference; explicitFileType = "wrapper.app-extension"; includeInIndex = 0; path = FilmtoneExportActivity.appex; sourceTree = BUILT_PRODUCTS_DIR; };
		27AC4B71358558416D8A1808 /* FilmtoneExportActivity.swift */ = {isa = PBXFileReference; includeInIndex = 1; lastKnownFileType = sourcecode.swift; path = FilmtoneExportActivity.swift; sourceTree = "<group>"; };
		3A8953B81D88E54A0BD66518 /* ExportSessionModels.swift */ = {isa = PBXFileReference; includeInIndex = 1; lastKnownFileType = sourcecode.swift; path = ExportSessionModels.swift; sourceTree = "<group>"; };
		504EC3041FED79650016851F /* App.app */ = {isa = PBXFileReference; explicitFileType = wrapper.application; includeInIndex = 0; path = App.app; sourceTree = BUILT_PRODUCTS_DIR; };
		504EC3071FED79650016851F /* AppDelegate.swift */ = {isa = PBXFileReference; lastKnownFileType = sourcecode.swift; path = AppDelegate.swift; sourceTree = "<group>"; };
		504EC30C1FED79650016851F /* Base */ = {isa = PBXFileReference; lastKnownFileType = file.storyboard; name = Base; path = Base.lproj/Main.storyboard; sourceTree = "<group>"; };
		504EC30E1FED79650016851F /* Assets.xcassets */ = {isa = PBXFileReference; lastKnownFileType = folder.assetcatalog; path = Assets.xcassets; sourceTree = "<group>"; };
		504EC3111FED79650016851F /* Base */ = {isa = PBXFileReference; lastKnownFileType = file.storyboard; name = Base; path = Base.lproj/LaunchScreen.storyboard; sourceTree = "<group>"; };
		504EC3131FED79650016851F /* Info.plist */ = {isa = PBXFileReference; lastKnownFileType = text.plist.xml; path = Info.plist; sourceTree = "<group>"; };
		544A796C6E480CD796B35227 /* ExportRenderHelpers.swift */ = {isa = PBXFileReference; includeInIndex = 1; lastKnownFileType = sourcecode.swift; path = ExportRenderHelpers.swift; sourceTree = "<group>"; };
		571136E1E02CD259CA471AF1 /* FilmtoneExportLiveActivity.swift */ = {isa = PBXFileReference; includeInIndex = 1; lastKnownFileType = sourcecode.swift; path = FilmtoneExportLiveActivity.swift; sourceTree = "<group>"; };
		5DF203A51BB1545086A0BC3B /* Info.plist */ = {isa = PBXFileReference; includeInIndex = 1; lastKnownFileType = text.plist.xml; path = Info.plist; sourceTree = "<group>"; };
		8BA722ECF59CA0509BE28D0A /* LockScreenView.swift */ = {isa = PBXFileReference; includeInIndex = 1; lastKnownFileType = sourcecode.swift; path = LockScreenView.swift; sourceTree = "<group>"; };
		914659B53876C5363F8AB84A /* DynamicIslandViews.swift */ = {isa = PBXFileReference; includeInIndex = 1; lastKnownFileType = sourcecode.swift; path = DynamicIslandViews.swift; sourceTree = "<group>"; };
		9C2BA1AAE89F8EF13CDDD304 /* FilmtoneMotionBlurAccumulator.swift */ = {isa = PBXFileReference; includeInIndex = 1; lastKnownFileType = sourcecode.swift; path = FilmtoneMotionBlurAccumulator.swift; sourceTree = "<group>"; };
		AF277DCFFFF123FFC6DF26C7 /* Pods_App.framework */ = {isa = PBXFileReference; explicitFileType = wrapper.framework; includeInIndex = 0; path = Pods_App.framework; sourceTree = BUILT_PRODUCTS_DIR; };
		AF51FD2D460BCFE21FA515B2 /* Pods-App.release.xcconfig */ = {isa = PBXFileReference; includeInIndex = 1; lastKnownFileType = text.xcconfig; name = "Pods-App.release.xcconfig"; path = "Pods/Target Support Files/Pods-App/Pods-App.release.xcconfig"; sourceTree = "<group>"; };
		B10000010000000000000001 /* AssetPickerService.swift */ = {isa = PBXFileReference; lastKnownFileType = sourcecode.swift; path = AssetPickerService.swift; sourceTree = "<group>"; };
		B10000010000000000000002 /* CacheStore.swift */ = {isa = PBXFileReference; lastKnownFileType = sourcecode.swift; path = CacheStore.swift; sourceTree = "<group>"; };
		B10000010000000000000004 /* FilmtoneExportSession.swift */ = {isa = PBXFileReference; lastKnownFileType = sourcecode.swift; path = FilmtoneExportSession.swift; sourceTree = "<group>"; };
		B10000010000000000000006 /* FilmtoneMediaTypes.swift */ = {isa = PBXFileReference; lastKnownFileType = sourcecode.swift; path = FilmtoneMediaTypes.swift; sourceTree = "<group>"; };
		B10000010000000000000007 /* PhotoLibraryService.swift */ = {isa = PBXFileReference; lastKnownFileType = sourcecode.swift; path = PhotoLibraryService.swift; sourceTree = "<group>"; };
		B10000010000000000000008 /* ShareSheetService.swift */ = {isa = PBXFileReference; lastKnownFileType = sourcecode.swift; path = ShareSheetService.swift; sourceTree = "<group>"; };
		B10000010000000000000009 /* SourceProbeService.swift */ = {isa = PBXFileReference; lastKnownFileType = sourcecode.swift; path = SourceProbeService.swift; sourceTree = "<group>"; };
		B10000010000000000000010 /* BenchmarkCollector.swift */ = {isa = PBXFileReference; lastKnownFileType = sourcecode.swift; path = BenchmarkCollector.swift; sourceTree = "<group>"; };
		B10000010000000000000011 /* FilmtoneMediaRuntime.swift */ = {isa = PBXFileReference; lastKnownFileType = sourcecode.swift; path = FilmtoneMediaRuntime.swift; sourceTree = "<group>"; };
		B10000010000000000000012 /* MezzanineService.swift */ = {isa = PBXFileReference; lastKnownFileType = sourcecode.swift; path = MezzanineService.swift; sourceTree = "<group>"; };
		B14DB40995D16C85F10AC9F5 /* CancelExportIntent.swift */ = {isa = PBXFileReference; includeInIndex = 1; lastKnownFileType = sourcecode.swift; path = CancelExportIntent.swift; sourceTree = "<group>"; };
		B1E10001000000000000B202 /* ExportInputLutBuilder.swift */ = {isa = PBXFileReference; includeInIndex = 1; lastKnownFileType = sourcecode.swift; path = ExportInputLutBuilder.swift; sourceTree = "<group>"; };
		B1E10001000000000000B204 /* ExportSourceProfileResolver.swift */ = {isa = PBXFileReference; includeInIndex = 1; lastKnownFileType = sourcecode.swift; path = ExportSourceProfileResolver.swift; sourceTree = "<group>"; };
		B1E10001000000000000B206 /* ExportDepthPayloadManager.swift */ = {isa = PBXFileReference; includeInIndex = 1; lastKnownFileType = sourcecode.swift; path = ExportDepthPayloadManager.swift; sourceTree = "<group>"; };
		B20000010000000000000001 /* MezzanineColorProbe.swift */ = {isa = PBXFileReference; lastKnownFileType = sourcecode.swift; path = MezzanineColorProbe.swift; sourceTree = "<group>"; };
		B20000010000000000000020 /* DepthSourceService.swift */ = {isa = PBXFileReference; lastKnownFileType = sourcecode.swift; path = DepthSourceService.swift; sourceTree = "<group>"; };
		B20000010000000000000021 /* FilmtoneDepthMap.swift */ = {isa = PBXFileReference; lastKnownFileType = sourcecode.swift; path = FilmtoneDepthMap.swift; sourceTree = "<group>"; };
		B20000010000000000000022 /* FilmtoneDepthPrefilter.swift */ = {isa = PBXFileReference; lastKnownFileType = sourcecode.swift; path = FilmtoneDepthPrefilter.swift; sourceTree = "<group>"; };
		B20000010000000000000023 /* VideoDepthSourceService.swift */ = {isa = PBXFileReference; lastKnownFileType = sourcecode.swift; path = VideoDepthSourceService.swift; sourceTree = "<group>"; };
		B20000010000000000000030 /* ExportCancelController.swift */ = {isa = PBXFileReference; lastKnownFileType = sourcecode.swift; path = ExportCancelController.swift; sourceTree = "<group>"; };
		B20000010000000000000050 /* FilmtoneExportNotification.swift */ = {isa = PBXFileReference; lastKnownFileType = sourcecode.swift; path = FilmtoneExportNotification.swift; sourceTree = "<group>"; };
		C10000010000000000000001 /* FilmtoneRootView.swift */ = {isa = PBXFileReference; lastKnownFileType = sourcecode.swift; path = FilmtoneRootView.swift; sourceTree = "<group>"; };
		C10000010000000000000002 /* FilmtoneEditorStore.swift */ = {isa = PBXFileReference; lastKnownFileType = sourcecode.swift; path = FilmtoneEditorStore.swift; sourceTree = "<group>"; };
		C10000010000000000000003 /* FilmtoneEditorFacade.swift */ = {isa = PBXFileReference; lastKnownFileType = sourcecode.swift; path = FilmtoneEditorFacade.swift; sourceTree = "<group>"; };
		C10000010000000000000004 /* FilmtonePreviewView.swift */ = {isa = PBXFileReference; lastKnownFileType = sourcecode.swift; path = FilmtonePreviewView.swift; sourceTree = "<group>"; };
		C10000010000000000000006 /* FilmtoneStrengthSheet.swift */ = {isa = PBXFileReference; lastKnownFileType = sourcecode.swift; path = FilmtoneStrengthSheet.swift; sourceTree = "<group>"; };
		C10000010000000000000007 /* FilmtoneExportPanel.swift */ = {isa = PBXFileReference; lastKnownFileType = sourcecode.swift; path = FilmtoneExportPanel.swift; sourceTree = "<group>"; };
		C10000010000000000000008 /* FilmtonePersistence.swift */ = {isa = PBXFileReference; lastKnownFileType = sourcecode.swift; path = FilmtonePersistence.swift; sourceTree = "<group>"; };
		C10000010000000000000009 /* FilmtonePresetCatalog.swift */ = {isa = PBXFileReference; lastKnownFileType = sourcecode.swift; path = FilmtonePresetCatalog.swift; sourceTree = "<group>"; };
		C1000001000000000000000A /* FilmtonePhase0Math.swift */ = {isa = PBXFileReference; lastKnownFileType = sourcecode.swift; path = FilmtonePhase0Math.swift; sourceTree = "<group>"; };
		C1000001000000000000000B /* FilmtoneStrings.swift */ = {isa = PBXFileReference; lastKnownFileType = sourcecode.swift; path = FilmtoneStrings.swift; sourceTree = "<group>"; };
		C1000001000000000000000C /* FilmtoneCubeParser.swift */ = {isa = PBXFileReference; lastKnownFileType = sourcecode.swift; path = FilmtoneCubeParser.swift; sourceTree = "<group>"; };
		C1000001000000000000000E /* FilmtonePreviewPlayerView.swift */ = {isa = PBXFileReference; lastKnownFileType = sourcecode.swift; path = FilmtonePreviewPlayerView.swift; sourceTree = "<group>"; };
		C1000001000000000000000F /* FilmtoneSnapshotSupport.swift */ = {isa = PBXFileReference; lastKnownFileType = sourcecode.swift; path = FilmtoneSnapshotSupport.swift; sourceTree = "<group>"; };
		C10000010000000000000010 /* FilmtoneFullscreenLutEditor.swift */ = {isa = PBXFileReference; lastKnownFileType = sourcecode.swift; path = FilmtoneFullscreenLutEditor.swift; sourceTree = "<group>"; };
		C10000010000000000000011 /* FilmtoneOpticalFiltersGenerated.swift */ = {isa = PBXFileReference; lastKnownFileType = sourcecode.swift; path = FilmtoneOpticalFiltersGenerated.swift; sourceTree = "<group>"; };
		C10000010000000000000012 /* FilmtoneOpticalFilterSelectionStore.swift */ = {isa = PBXFileReference; lastKnownFileType = sourcecode.swift; path = FilmtoneOpticalFilterSelectionStore.swift; sourceTree = "<group>"; };
		C20000010000000000000001 /* FormatExtensionReader.swift */ = {isa = PBXFileReference; lastKnownFileType = sourcecode.swift; path = FormatExtensionReader.swift; sourceTree = "<group>"; };
		C20000010000000000000002 /* SourceColorMetadataNormalizer.swift */ = {isa = PBXFileReference; lastKnownFileType = sourcecode.swift; path = SourceColorMetadataNormalizer.swift; sourceTree = "<group>"; };
		C20000010000000000000003 /* SourceColorClassifier.swift */ = {isa = PBXFileReference; lastKnownFileType = sourcecode.swift; path = SourceColorClassifier.swift; sourceTree = "<group>"; };
		C20000010000000000000004 /* HdrPreparationPolicyDeriver.swift */ = {isa = PBXFileReference; lastKnownFileType = sourcecode.swift; path = HdrPreparationPolicyDeriver.swift; sourceTree = "<group>"; };
		C20000010000000000000005 /* FilmtoneRayAngleOptics.swift */ = {isa = PBXFileReference; lastKnownFileType = sourcecode.swift; path = FilmtoneRayAngleOptics.swift; sourceTree = "<group>"; };
		C20000010000000000000006 /* FilmtoneHdrPolicyNotice.swift */ = {isa = PBXFileReference; lastKnownFileType = sourcecode.swift; path = FilmtoneHdrPolicyNotice.swift; sourceTree = "<group>"; };
		C20000010000000000000007 /* FilmtoneCameraOpticsFormatter.swift */ = {isa = PBXFileReference; lastKnownFileType = sourcecode.swift; path = FilmtoneCameraOpticsFormatter.swift; sourceTree = "<group>"; };
		C20000010000000000000008 /* FilmtoneExportSidecarBuilder.swift */ = {isa = PBXFileReference; lastKnownFileType = sourcecode.swift; path = FilmtoneExportSidecarBuilder.swift; sourceTree = "<group>"; };
		C20000010000000000000009 /* FilmtoneMotionBlurMath.swift */ = {isa = PBXFileReference; lastKnownFileType = sourcecode.swift; path = FilmtoneMotionBlurMath.swift; sourceTree = "<group>"; };
		C20000010000000000000010 /* FilmtoneColorPipeline.swift */ = {isa = PBXFileReference; lastKnownFileType = sourcecode.swift; path = FilmtoneColorPipeline.swift; sourceTree = "<group>"; };
		C20000010000000000000011 /* FilmtoneTermHelpSheet.swift */ = {isa = PBXFileReference; lastKnownFileType = sourcecode.swift; path = FilmtoneTermHelpSheet.swift; sourceTree = "<group>"; };
		C20000010000000000000012 /* FilmtoneLibrarySchema.swift */ = {isa = PBXFileReference; lastKnownFileType = sourcecode.swift; path = FilmtoneLibrarySchema.swift; sourceTree = "<group>"; };
		C20000010000000000000013 /* FilmtoneLutBlobCodec.swift */ = {isa = PBXFileReference; lastKnownFileType = sourcecode.swift; path = FilmtoneLutBlobCodec.swift; sourceTree = "<group>"; };
		C20000010000000000000014 /* FilmtoneLibraryStore.swift */ = {isa = PBXFileReference; lastKnownFileType = sourcecode.swift; path = FilmtoneLibraryStore.swift; sourceTree = "<group>"; };
		C20000010000000000000015 /* FilmtoneSavedLookSheet.swift */ = {isa = PBXFileReference; lastKnownFileType = sourcecode.swift; path = FilmtoneSavedLookSheet.swift; sourceTree = "<group>"; };
		C20000010000000000000016 /* FilmtoneLibrarySection.swift */ = {isa = PBXFileReference; lastKnownFileType = sourcecode.swift; path = FilmtoneLibrarySection.swift; sourceTree = "<group>"; };
		C20000010000000000000017 /* FilmtoneBuiltInCatalog.swift */ = {isa = PBXFileReference; lastKnownFileType = sourcecode.swift; path = FilmtoneBuiltInCatalog.swift; sourceTree = "<group>"; };
		C20000010000000000000018 /* FilmtoneSourceProfileSchema.swift */ = {isa = PBXFileReference; lastKnownFileType = sourcecode.swift; path = FilmtoneSourceProfileSchema.swift; sourceTree = "<group>"; };
		C20000010000000000000019 /* FilmtoneSourceProfileMath.swift */ = {isa = PBXFileReference; lastKnownFileType = sourcecode.swift; path = FilmtoneSourceProfileMath.swift; sourceTree = "<group>"; };
		C2000001000000000000001A /* FilmtoneSourceProfileCatalog.swift */ = {isa = PBXFileReference; lastKnownFileType = sourcecode.swift; path = FilmtoneSourceProfileCatalog.swift; sourceTree = "<group>"; };
		C2000001000000000000001B /* FilmtoneHelpAssetGenerator.swift */ = {isa = PBXFileReference; lastKnownFileType = sourcecode.swift; path = FilmtoneHelpAssetGenerator.swift; sourceTree = "<group>"; };
		C2000001000000000000001C /* FilmtoneSliderRow.swift */ = {isa = PBXFileReference; lastKnownFileType = sourcecode.swift; path = FilmtoneSliderRow.swift; sourceTree = "<group>"; };
		C2000001000000000000001D /* FilmtoneLutControls.swift */ = {isa = PBXFileReference; lastKnownFileType = sourcecode.swift; path = FilmtoneLutControls.swift; sourceTree = "<group>"; };
		C20000010000000000000022 /* FilmtoneOnboardingView.swift */ = {isa = PBXFileReference; lastKnownFileType = sourcecode.swift; path = FilmtoneOnboardingView.swift; sourceTree = "<group>"; };
		C20000010000000000000023 /* FilmtoneSavedLookSheetMode.swift */ = {isa = PBXFileReference; lastKnownFileType = sourcecode.swift; path = FilmtoneSavedLookSheetMode.swift; sourceTree = "<group>"; };
		C20000010000000000000024 /* FilmtoneRootChrome.swift */ = {isa = PBXFileReference; lastKnownFileType = sourcecode.swift; path = FilmtoneRootChrome.swift; sourceTree = "<group>"; };
		C20000010000000000000025 /* FilmtoneAdjustmentHelpSheet.swift */ = {isa = PBXFileReference; lastKnownFileType = sourcecode.swift; path = FilmtoneAdjustmentHelpSheet.swift; sourceTree = "<group>"; };
		C20000010000000000000027 /* FilmtoneAdvancedParamsModel.swift */ = {isa = PBXFileReference; lastKnownFileType = sourcecode.swift; path = FilmtoneAdvancedParamsModel.swift; sourceTree = "<group>"; };
		C20000010000000000000028 /* FilmtoneDisclosureSection.swift */ = {isa = PBXFileReference; lastKnownFileType = sourcecode.swift; path = FilmtoneDisclosureSection.swift; sourceTree = "<group>"; };
		C20000010000000000000029 /* FilmtoneStrengthSheetStyles.swift */ = {isa = PBXFileReference; lastKnownFileType = sourcecode.swift; path = FilmtoneStrengthSheetStyles.swift; sourceTree = "<group>"; };
		C2000001000000000000002A /* FilmtoneStrengthSheetData.swift */ = {isa = PBXFileReference; lastKnownFileType = sourcecode.swift; path = FilmtoneStrengthSheetData.swift; sourceTree = "<group>"; };
		C2000001000000000000002B /* FilmtoneEmptyView.swift */ = {isa = PBXFileReference; lastKnownFileType = sourcecode.swift; path = FilmtoneEmptyView.swift; sourceTree = "<group>"; };
		C2000001000000000000002D /* FilmtoneSourceProfileSheet.swift */ = {isa = PBXFileReference; lastKnownFileType = sourcecode.swift; path = FilmtoneSourceProfileSheet.swift; sourceTree = "<group>"; };
		C2000001000000000000002E /* FilmtoneMetalOpticsRenderer.swift */ = {isa = PBXFileReference; lastKnownFileType = sourcecode.swift; path = FilmtoneMetalOpticsRenderer.swift; sourceTree = "<group>"; };
		C2000001000000000000002F /* FilmtoneCaptureCapabilityProbe.swift */ = {isa = PBXFileReference; lastKnownFileType = sourcecode.swift; path = FilmtoneCaptureCapabilityProbe.swift; sourceTree = "<group>"; };
		C20000010000000000000030 /* FilmtoneCaptureWriter.swift */ = {isa = PBXFileReference; lastKnownFileType = sourcecode.swift; path = FilmtoneCaptureWriter.swift; sourceTree = "<group>"; };
		C20000010000000000000031 /* FilmtoneMotionRecorder.swift */ = {isa = PBXFileReference; lastKnownFileType = sourcecode.swift; path = FilmtoneMotionRecorder.swift; sourceTree = "<group>"; };
		C20000010000000000000041 /* FilmtoneCombinedTimingSmoke.swift */ = {isa = PBXFileReference; lastKnownFileType = sourcecode.swift; path = FilmtoneCombinedTimingSmoke.swift; sourceTree = "<group>"; };
		C20000010000000000000051 /* FilmtoneGcsvSmoke.swift */ = {isa = PBXFileReference; lastKnownFileType = sourcecode.swift; path = FilmtoneGcsvSmoke.swift; sourceTree = "<group>"; };
		C20000010000000000000052 /* FilmtoneGcsvWriter.swift */ = {isa = PBXFileReference; lastKnownFileType = sourcecode.swift; path = FilmtoneGcsvWriter.swift; sourceTree = "<group>"; };
		C20000010000000000000061 /* FilmtoneStabilizationSmoke.swift */ = {isa = PBXFileReference; lastKnownFileType = sourcecode.swift; path = FilmtoneStabilizationSmoke.swift; sourceTree = "<group>"; };
		C20000010000000000000071 /* FilmtoneProductCapture.swift */ = {isa = PBXFileReference; lastKnownFileType = sourcecode.swift; path = FilmtoneProductCapture.swift; sourceTree = "<group>"; };
		C20000010000000000000080 /* FilmtoneCapturePackage.swift */ = {isa = PBXFileReference; lastKnownFileType = sourcecode.swift; path = FilmtoneCapturePackage.swift; sourceTree = "<group>"; };
		C20000010000000000000081 /* FilmtoneCapturePreflight.swift */ = {isa = PBXFileReference; lastKnownFileType = sourcecode.swift; path = FilmtoneCapturePreflight.swift; sourceTree = "<group>"; };
		C20000010000000000000082 /* FilmtoneCaptureSession.swift */ = {isa = PBXFileReference; lastKnownFileType = sourcecode.swift; path = FilmtoneCaptureSession.swift; sourceTree = "<group>"; };
		C20000010000000000000083 /* FilmtoneProxyGenerator.swift */ = {isa = PBXFileReference; lastKnownFileType = sourcecode.swift; path = FilmtoneProxyGenerator.swift; sourceTree = "<group>"; };
		C20000010000000000000084 /* FilmtoneCaptureView.swift */ = {isa = PBXFileReference; lastKnownFileType = sourcecode.swift; path = FilmtoneCaptureView.swift; sourceTree = "<group>"; };
		C20000010000000000000085 /* FilmtoneCapturePackagePersistence.swift */ = {isa = PBXFileReference; lastKnownFileType = sourcecode.swift; path = FilmtoneCapturePackagePersistence.swift; sourceTree = "<group>"; };
		C20000010000000000000086 /* FilmtoneCaptureLensCatalog.swift */ = {isa = PBXFileReference; lastKnownFileType = sourcecode.swift; path = FilmtoneCaptureLensCatalog.swift; sourceTree = "<group>"; };
		C20000010000000000000087 /* FilmtoneCaptureLivePreview.swift */ = {isa = PBXFileReference; lastKnownFileType = sourcecode.swift; path = FilmtoneCaptureLivePreview.swift; sourceTree = "<group>"; };
		C20000010000000000000088 /* FilmtoneExternalFolderBookmark.swift */ = {isa = PBXFileReference; lastKnownFileType = sourcecode.swift; path = FilmtoneExternalFolderBookmark.swift; sourceTree = "<group>"; };
		C20000010000000000000089 /* FilmtoneCaptureLookModel.swift */ = {isa = PBXFileReference; lastKnownFileType = sourcecode.swift; path = FilmtoneCaptureLookModel.swift; sourceTree = "<group>"; };
		C2000001000000000000008A /* FilmtoneCaptureChrome.swift */ = {isa = PBXFileReference; lastKnownFileType = sourcecode.swift; path = FilmtoneCaptureChrome.swift; sourceTree = "<group>"; };
		C2000001000000000000008B /* FilmtoneCaptureTopStatusBar.swift */ = {isa = PBXFileReference; lastKnownFileType = sourcecode.swift; path = FilmtoneCaptureTopStatusBar.swift; sourceTree = "<group>"; };
		C2000001000000000000008C /* FilmtoneCaptureBottomDeck.swift */ = {isa = PBXFileReference; lastKnownFileType = sourcecode.swift; path = FilmtoneCaptureBottomDeck.swift; sourceTree = "<group>"; };
		C2000001000000000000008E /* FilmtoneCaptureInteractionOverlay.swift */ = {isa = PBXFileReference; lastKnownFileType = sourcecode.swift; path = FilmtoneCaptureInteractionOverlay.swift; sourceTree = "<group>"; };
		C2000001000000000000008F /* FilmtoneCaptureCockpitTopBar.swift */ = {isa = PBXFileReference; lastKnownFileType = sourcecode.swift; path = FilmtoneCaptureCockpitTopBar.swift; sourceTree = "<group>"; };
		C20000010000000000000090 /* FilmtoneCaptureLensChipRow.swift */ = {isa = PBXFileReference; lastKnownFileType = sourcecode.swift; path = FilmtoneCaptureLensChipRow.swift; sourceTree = "<group>"; };
		C20000010000000000000091 /* FilmtoneCaptureLookSheet.swift */ = {isa = PBXFileReference; lastKnownFileType = sourcecode.swift; path = FilmtoneCaptureLookSheet.swift; sourceTree = "<group>"; };
		C20000010000000000000092 /* FilmtoneCaptureRulerScrubber.swift */ = {isa = PBXFileReference; lastKnownFileType = sourcecode.swift; path = FilmtoneCaptureRulerScrubber.swift; sourceTree = "<group>"; };
		C20000010000000000000093 /* FilmtoneSecurityScopedBookmark.swift */ = {isa = PBXFileReference; lastKnownFileType = sourcecode.swift; path = FilmtoneSecurityScopedBookmark.swift; sourceTree = "<group>"; };
		C20000010000000000000094 /* FilmtoneFluidBlobBackdrop.swift */ = {isa = PBXFileReference; lastKnownFileType = sourcecode.swift; path = FilmtoneFluidBlobBackdrop.swift; sourceTree = "<group>"; };
		C20000010000000000000095 /* FilmtoneFluidBlobBackdrop.metal */ = {isa = PBXFileReference; lastKnownFileType = sourcecode.metal; path = FilmtoneFluidBlobBackdrop.metal; sourceTree = "<group>"; };
		C20000010000000000000096 /* FilmtoneCapturePostRecordChoice.swift */ = {isa = PBXFileReference; lastKnownFileType = sourcecode.swift; path = FilmtoneCapturePostRecordChoice.swift; sourceTree = "<group>"; };
		C20000010000000000000097 /* FilmtoneInterfaceOrientationLock.swift */ = {isa = PBXFileReference; lastKnownFileType = sourcecode.swift; path = FilmtoneInterfaceOrientationLock.swift; sourceTree = "<group>"; };
		C20000010000000000000098 /* FilmtoneCaptureOrientation.swift */ = {isa = PBXFileReference; lastKnownFileType = sourcecode.swift; path = FilmtoneCaptureOrientation.swift; sourceTree = "<group>"; };
		C20000010000000000000099 /* FilmtoneCaptureTransformLutClassifier.swift */ = {isa = PBXFileReference; lastKnownFileType = sourcecode.swift; path = FilmtoneCaptureTransformLutClassifier.swift; sourceTree = "<group>"; };
		C2000001000000000000009A /* FilmtoneCaptureTakePickerOverlay.swift */ = {isa = PBXFileReference; lastKnownFileType = sourcecode.swift; path = FilmtoneCaptureTakePickerOverlay.swift; sourceTree = "<group>"; };
		C2000001000000000000009B /* FilmtoneCapturePreviewLayer.swift */ = {isa = PBXFileReference; lastKnownFileType = sourcecode.swift; path = FilmtoneCapturePreviewLayer.swift; sourceTree = "<group>"; };
		C2000001000000000000009C /* FilmtoneCaptureTakePreviewLoader.swift */ = {isa = PBXFileReference; lastKnownFileType = sourcecode.swift; path = FilmtoneCaptureTakePreviewLoader.swift; sourceTree = "<group>"; };
		C2000001000000000000009D /* FilmtoneCaptureTakePreviewModel.swift */ = {isa = PBXFileReference; lastKnownFileType = sourcecode.swift; path = FilmtoneCaptureTakePreviewModel.swift; sourceTree = "<group>"; };
		C251B271BA66A31B9FDFFFF9 /* ExportSidecarDateFormatter.swift */ = {isa = PBXFileReference; includeInIndex = 1; lastKnownFileType = sourcecode.swift; path = ExportSidecarDateFormatter.swift; sourceTree = "<group>"; };
		D40000010000000000000001 /* CreativeLuts */ = {isa = PBXFileReference; lastKnownFileType = folder; name = CreativeLuts; path = Resources/CreativeLuts; sourceTree = "<group>"; };
		E92BBC4019AD97D40A52D6E1 /* FilmtoneExportAttributes.swift */ = {isa = PBXFileReference; includeInIndex = 1; lastKnownFileType = sourcecode.swift; path = FilmtoneExportAttributes.swift; sourceTree = "<group>"; };
		F10000010000000000000001 /* Localizable.xcstrings */ = {isa = PBXFileReference; lastKnownFileType = text.json.xcstrings; path = Localizable.xcstrings; sourceTree = "<group>"; };
		F10000010000000000000002 /* ja */ = {isa = PBXFileReference; lastKnownFileType = text.plist.strings; name = ja; path = ja.lproj/InfoPlist.strings; sourceTree = "<group>"; };
		F10000010000000000000004 /* PrivacyInfo.xcprivacy */ = {isa = PBXFileReference; lastKnownFileType = text.plist.xml; path = PrivacyInfo.xcprivacy; sourceTree = "<group>"; };
		F20000010000000000000001 /* FilmtoneSnapshotsUITests.xctest */ = {isa = PBXFileReference; explicitFileType = wrapper.cfbundle; includeInIndex = 0; path = FilmtoneSnapshotsUITests.xctest; sourceTree = BUILT_PRODUCTS_DIR; };
		F20000010000000000000002 /* FilmtoneSnapshotsUITests.swift */ = {isa = PBXFileReference; lastKnownFileType = sourcecode.swift; path = FilmtoneSnapshotsUITests.swift; sourceTree = "<group>"; };
		F20000010000000000000003 /* SnapshotHelper.swift */ = {isa = PBXFileReference; lastKnownFileType = sourcecode.swift; path = SnapshotHelper.swift; sourceTree = "<group>"; };
		F20000010000000000000004 /* XCTest.framework */ = {isa = PBXFileReference; lastKnownFileType = wrapper.framework; name = XCTest.framework; path = Library/Frameworks/XCTest.framework; sourceTree = DEVELOPER_DIR; };
		F5389D2AC1264A75C8259AC3 /* FilmtoneExportSession+Cancelable.swift */ = {isa = PBXFileReference; includeInIndex = 1; lastKnownFileType = sourcecode.swift; path = "FilmtoneExportSession+Cancelable.swift"; sourceTree = "<group>"; };
		F866759EC6B64193580EDDE6 /* OpticalKernels.swift */ = {isa = PBXFileReference; includeInIndex = 1; lastKnownFileType = sourcecode.swift; path = OpticalKernels.swift; sourceTree = "<group>"; };
		FC68EB0AF532CFC21C3344DD /* Pods-App.debug.xcconfig */ = {isa = PBXFileReference; includeInIndex = 1; lastKnownFileType = text.xcconfig; name = "Pods-App.debug.xcconfig"; path = "Pods/Target Support Files/Pods-App/Pods-App.debug.xcconfig"; sourceTree = "<group>"; };
		FFB20542EA38D7520A693144 /* FilmtoneSharedGradeProcessor.swift */ = {isa = PBXFileReference; includeInIndex = 1; lastKnownFileType = sourcecode.swift; path = FilmtoneSharedGradeProcessor.swift; sourceTree = "<group>"; };
/* End PBXFileReference section */

/* Begin PBXFrameworksBuildPhase section */
		504EC3011FED79650016851F /* Frameworks */ = {
			isa = PBXFrameworksBuildPhase;
			buildActionMask = 2147483647;
			files = (
				A084ECDBA7D38E1E42DFC39D /* Pods_App.framework in Frameworks */,
				F40000010000000000000001 /* FilmLabSwiftCore in Frameworks */,
			);
			runOnlyForDeploymentPostprocessing = 0;
		};
		983138F5BEC7A75E149B02EF /* Frameworks */ = {
			isa = PBXFrameworksBuildPhase;
			buildActionMask = 2147483647;
			files = (
			);
			runOnlyForDeploymentPostprocessing = 0;
		};
		E20000010000000000000009 /* Frameworks */ = {
			isa = PBXFrameworksBuildPhase;
			buildActionMask = 2147483647;
			files = (
				E20000010000000000000003 /* XCTest.framework in Frameworks */,
			);
			runOnlyForDeploymentPostprocessing = 0;
		};
/* End PBXFrameworksBuildPhase section */

/* Begin PBXGroup section */
		27E2DDA53C4D2A4D1A88CE4A /* Frameworks */ = {
			isa = PBXGroup;
			children = (
				AF277DCFFFF123FFC6DF26C7 /* Pods_App.framework */,
			);
			name = Frameworks;
			sourceTree = "<group>";
		};
		36D0D1800743330C55CF0E06 /* Smoke */ = {
			isa = PBXGroup;
			children = (
				C20000010000000000000041 /* FilmtoneCombinedTimingSmoke.swift */,
				C20000010000000000000051 /* FilmtoneGcsvSmoke.swift */,
				C1000001000000000000000F /* FilmtoneSnapshotSupport.swift */,
				C20000010000000000000061 /* FilmtoneStabilizationSmoke.swift */,
			);
			name = Smoke;
			path = Smoke;
			sourceTree = "<group>";
		};
		42732670A98E76CE6996C5FC /* Optics */ = {
			isa = PBXGroup;
			children = (
				B20000010000000000000021 /* FilmtoneDepthMap.swift */,
				B20000010000000000000022 /* FilmtoneDepthPrefilter.swift */,
				C20000010000000000000095 /* FilmtoneFluidBlobBackdrop.metal */,
				C20000010000000000000094 /* FilmtoneFluidBlobBackdrop.swift */,
				C2000001000000000000002E /* FilmtoneMetalOpticsRenderer.swift */,
				C20000010000000000000009 /* FilmtoneMotionBlurMath.swift */,
				C10000010000000000000012 /* FilmtoneOpticalFilterSelectionStore.swift */,
				C10000010000000000000011 /* FilmtoneOpticalFiltersGenerated.swift */,
				C20000010000000000000005 /* FilmtoneRayAngleOptics.swift */,
			);
			name = Optics;
			path = Optics;
			sourceTree = "<group>";
		};
		4D492DD4BAFDEA237F03D463 /* Internal */ = {
			isa = PBXGroup;
			children = (
				B1E10001000000000000B206 /* ExportDepthPayloadManager.swift */,
				B1E10001000000000000B202 /* ExportInputLutBuilder.swift */,
				0F3FEA9C2799183E1F2B32E4 /* ExportMetrics.swift */,
				544A796C6E480CD796B35227 /* ExportRenderHelpers.swift */,
				3A8953B81D88E54A0BD66518 /* ExportSessionModels.swift */,
				C251B271BA66A31B9FDFFFF9 /* ExportSidecarDateFormatter.swift */,
				B1E10001000000000000B204 /* ExportSourceProfileResolver.swift */,
				9C2BA1AAE89F8EF13CDDD304 /* FilmtoneMotionBlurAccumulator.swift */,
				F866759EC6B64193580EDDE6 /* OpticalKernels.swift */,
			);
			name = Internal;
			path = Internal;
			sourceTree = "<group>";
		};
		504EC2FB1FED79650016851F = {
			isa = PBXGroup;
			children = (
				504EC3061FED79650016851F /* App */,
				E20000010000000000000004 /* FilmtoneSnapshotsUITests */,
				504EC3051FED79650016851F /* Products */,
				7F8756D8B27F46E3366F6CEA /* Pods */,
				27E2DDA53C4D2A4D1A88CE4A /* Frameworks */,
			);
			sourceTree = "<group>";
		};
		504EC3051FED79650016851F /* Products */ = {
			isa = PBXGroup;
			children = (
				504EC3041FED79650016851F /* App.app */,
				F20000010000000000000001 /* FilmtoneSnapshotsUITests.xctest */,
				1CD935F1B2B7F6B8905120A5 /* FilmtoneExportActivity.appex */,
			);
			name = Products;
			sourceTree = "<group>";
		};
		504EC3061FED79650016851F /* App */ = {
			isa = PBXGroup;
			children = (
				504EC30B1FED79650016851F /* Main.storyboard */,
				504EC30E1FED79650016851F /* Assets.xcassets */,
				504EC3101FED79650016851F /* LaunchScreen.storyboard */,
				504EC3131FED79650016851F /* Info.plist */,
				F10000010000000000000003 /* InfoPlist.strings */,
				F10000010000000000000001 /* Localizable.xcstrings */,
				F10000010000000000000004 /* PrivacyInfo.xcprivacy */,
				D40000010000000000000001 /* CreativeLuts */,
				9DA2D91319509B8464706DDD /* FilmtoneExportActivity */,
				7A778971BEEC002FDD6BBCFB /* Capture */,
				A34E844A7EC1CE045AA3A44C /* Editor */,
				65431B59EAB761C1ACA1A314 /* Export */,
				FFA46A5000EC88D2AD0FDA97 /* Look */,
				42732670A98E76CE6996C5FC /* Optics */,
				806AD54CC97CD904112EB200 /* Root */,
				52A1B3C270EE9E185A8F9F9A /* Services */,
				36D0D1800743330C55CF0E06 /* Smoke */,
				D22897C52DC4C531989C22B0 /* Source */,
				B78CEA8E135ED7FBA23F887C /* Strings */,
			);
			path = App;
			sourceTree = "<group>";
		};
		52A1B3C270EE9E185A8F9F9A /* Services */ = {
			isa = PBXGroup;
			children = (
				B10000010000000000000001 /* AssetPickerService.swift */,
				B10000010000000000000010 /* BenchmarkCollector.swift */,
				B10000010000000000000002 /* CacheStore.swift */,
				B20000010000000000000020 /* DepthSourceService.swift */,
				C20000010000000000000088 /* FilmtoneExternalFolderBookmark.swift */,
				C10000010000000000000008 /* FilmtonePersistence.swift */,
				C20000010000000000000083 /* FilmtoneProxyGenerator.swift */,
				C20000010000000000000093 /* FilmtoneSecurityScopedBookmark.swift */,
				B20000010000000000000001 /* MezzanineColorProbe.swift */,
				B10000010000000000000012 /* MezzanineService.swift */,
				B10000010000000000000007 /* PhotoLibraryService.swift */,
				B10000010000000000000008 /* ShareSheetService.swift */,
				B20000010000000000000023 /* VideoDepthSourceService.swift */,
			);
			name = Services;
			path = Services;
			sourceTree = "<group>";
		};
		65431B59EAB761C1ACA1A314 /* Export */ = {
			isa = PBXGroup;
			children = (
				B14DB40995D16C85F10AC9F5 /* CancelExportIntent.swift */,
				B20000010000000000000030 /* ExportCancelController.swift */,
				E92BBC4019AD97D40A52D6E1 /* FilmtoneExportAttributes.swift */,
				571136E1E02CD259CA471AF1 /* FilmtoneExportLiveActivity.swift */,
				B20000010000000000000050 /* FilmtoneExportNotification.swift */,
				C10000010000000000000007 /* FilmtoneExportPanel.swift */,
				B10000010000000000000004 /* FilmtoneExportSession.swift */,
				F5389D2AC1264A75C8259AC3 /* FilmtoneExportSession+Cancelable.swift */,
				C20000010000000000000008 /* FilmtoneExportSidecarBuilder.swift */,
				C20000010000000000000006 /* FilmtoneHdrPolicyNotice.swift */,
				C20000010000000000000004 /* HdrPreparationPolicyDeriver.swift */,
				4D492DD4BAFDEA237F03D463 /* Internal */,
			);
			name = Export;
			path = Export;
			sourceTree = "<group>";
		};
		7A778971BEEC002FDD6BBCFB /* Capture */ = {
			isa = PBXGroup;
			children = (
				C20000010000000000000007 /* FilmtoneCameraOpticsFormatter.swift */,
				C2000001000000000000008C /* FilmtoneCaptureBottomDeck.swift */,
				C2000001000000000000002F /* FilmtoneCaptureCapabilityProbe.swift */,
				C2000001000000000000008A /* FilmtoneCaptureChrome.swift */,
				C2000001000000000000008F /* FilmtoneCaptureCockpitTopBar.swift */,
				C2000001000000000000008E /* FilmtoneCaptureInteractionOverlay.swift */,
				C20000010000000000000086 /* FilmtoneCaptureLensCatalog.swift */,
				C20000010000000000000090 /* FilmtoneCaptureLensChipRow.swift */,
				C20000010000000000000087 /* FilmtoneCaptureLivePreview.swift */,
				C20000010000000000000089 /* FilmtoneCaptureLookModel.swift */,
				C20000010000000000000091 /* FilmtoneCaptureLookSheet.swift */,
				C20000010000000000000098 /* FilmtoneCaptureOrientation.swift */,
				C20000010000000000000080 /* FilmtoneCapturePackage.swift */,
				C20000010000000000000085 /* FilmtoneCapturePackagePersistence.swift */,
				C20000010000000000000096 /* FilmtoneCapturePostRecordChoice.swift */,
				C20000010000000000000081 /* FilmtoneCapturePreflight.swift */,
				C2000001000000000000009B /* FilmtoneCapturePreviewLayer.swift */,
				C20000010000000000000092 /* FilmtoneCaptureRulerScrubber.swift */,
				C20000010000000000000082 /* FilmtoneCaptureSession.swift */,
				C2000001000000000000009A /* FilmtoneCaptureTakePickerOverlay.swift */,
				C2000001000000000000009C /* FilmtoneCaptureTakePreviewLoader.swift */,
				C2000001000000000000009D /* FilmtoneCaptureTakePreviewModel.swift */,
				C2000001000000000000008B /* FilmtoneCaptureTopStatusBar.swift */,
				C20000010000000000000099 /* FilmtoneCaptureTransformLutClassifier.swift */,
				C20000010000000000000084 /* FilmtoneCaptureView.swift */,
				C20000010000000000000030 /* FilmtoneCaptureWriter.swift */,
				C20000010000000000000052 /* FilmtoneGcsvWriter.swift */,
				C20000010000000000000031 /* FilmtoneMotionRecorder.swift */,
				C20000010000000000000071 /* FilmtoneProductCapture.swift */,
			);
			name = Capture;
			path = Capture;
			sourceTree = "<group>";
		};
		7F8756D8B27F46E3366F6CEA /* Pods */ = {
			isa = PBXGroup;
			children = (
				FC68EB0AF532CFC21C3344DD /* Pods-App.debug.xcconfig */,
				AF51FD2D460BCFE21FA515B2 /* Pods-App.release.xcconfig */,
			);
			name = Pods;
			sourceTree = "<group>";
		};
		806AD54CC97CD904112EB200 /* Root */ = {
			isa = PBXGroup;
			children = (
				504EC3071FED79650016851F /* AppDelegate.swift */,
				C10000010000000000000001 /* FilmtoneRootView.swift */,
				C20000010000000000000024 /* FilmtoneRootChrome.swift */,
				C2000001000000000000002B /* FilmtoneEmptyView.swift */,
				C20000010000000000000022 /* FilmtoneOnboardingView.swift */,
				C20000010000000000000097 /* FilmtoneInterfaceOrientationLock.swift */,
			);
			name = Root;
			path = Root;
			sourceTree = "<group>";
		};
		9DA2D91319509B8464706DDD /* FilmtoneExportActivity */ = {
			isa = PBXGroup;
			children = (
				27AC4B71358558416D8A1808 /* FilmtoneExportActivity.swift */,
				8BA722ECF59CA0509BE28D0A /* LockScreenView.swift */,
				914659B53876C5363F8AB84A /* DynamicIslandViews.swift */,
				5DF203A51BB1545086A0BC3B /* Info.plist */,
			);
			name = FilmtoneExportActivity;
			path = FilmtoneExportActivity;
			sourceTree = "<group>";
		};
		A34E844A7EC1CE045AA3A44C /* Editor */ = {
			isa = PBXGroup;
			children = (
				C20000010000000000000025 /* FilmtoneAdjustmentHelpSheet.swift */,
				C20000010000000000000027 /* FilmtoneAdvancedParamsModel.swift */,
				C20000010000000000000028 /* FilmtoneDisclosureSection.swift */,
				C10000010000000000000003 /* FilmtoneEditorFacade.swift */,
				C10000010000000000000002 /* FilmtoneEditorStore.swift */,
				C10000010000000000000010 /* FilmtoneFullscreenLutEditor.swift */,
				C2000001000000000000001B /* FilmtoneHelpAssetGenerator.swift */,
				C20000010000000000000016 /* FilmtoneLibrarySection.swift */,
				C2000001000000000000001D /* FilmtoneLutControls.swift */,
				C1000001000000000000000E /* FilmtonePreviewPlayerView.swift */,
				C10000010000000000000004 /* FilmtonePreviewView.swift */,
				C20000010000000000000015 /* FilmtoneSavedLookSheet.swift */,
				C20000010000000000000023 /* FilmtoneSavedLookSheetMode.swift */,
				C2000001000000000000001C /* FilmtoneSliderRow.swift */,
				C10000010000000000000006 /* FilmtoneStrengthSheet.swift */,
				C2000001000000000000002A /* FilmtoneStrengthSheetData.swift */,
				C20000010000000000000029 /* FilmtoneStrengthSheetStyles.swift */,
				C20000010000000000000011 /* FilmtoneTermHelpSheet.swift */,
			);
			name = Editor;
			path = Editor;
			sourceTree = "<group>";
		};
		B78CEA8E135ED7FBA23F887C /* Strings */ = {
			isa = PBXGroup;
			children = (
				C1000001000000000000000B /* FilmtoneStrings.swift */,
			);
			name = Strings;
			path = Strings;
			sourceTree = "<group>";
		};
		D22897C52DC4C531989C22B0 /* Source */ = {
			isa = PBXGroup;
			children = (
				B10000010000000000000011 /* FilmtoneMediaRuntime.swift */,
				B10000010000000000000006 /* FilmtoneMediaTypes.swift */,
				C1000001000000000000000A /* FilmtonePhase0Math.swift */,
				C2000001000000000000001A /* FilmtoneSourceProfileCatalog.swift */,
				C20000010000000000000019 /* FilmtoneSourceProfileMath.swift */,
				C20000010000000000000018 /* FilmtoneSourceProfileSchema.swift */,
				C2000001000000000000002D /* FilmtoneSourceProfileSheet.swift */,
				C20000010000000000000001 /* FormatExtensionReader.swift */,
				C20000010000000000000003 /* SourceColorClassifier.swift */,
				C20000010000000000000002 /* SourceColorMetadataNormalizer.swift */,
				B10000010000000000000009 /* SourceProbeService.swift */,
			);
			name = Source;
			path = Source;
			sourceTree = "<group>";
		};
		E20000010000000000000004 /* FilmtoneSnapshotsUITests */ = {
			isa = PBXGroup;
			children = (
				F20000010000000000000002 /* FilmtoneSnapshotsUITests.swift */,
				F20000010000000000000003 /* SnapshotHelper.swift */,
			);
			path = FilmtoneSnapshotsUITests;
			sourceTree = "<group>";
		};
		FFA46A5000EC88D2AD0FDA97 /* Look */ = {
			isa = PBXGroup;
			children = (
				C20000010000000000000017 /* FilmtoneBuiltInCatalog.swift */,
				C20000010000000000000010 /* FilmtoneColorPipeline.swift */,
				C1000001000000000000000C /* FilmtoneCubeParser.swift */,
				C20000010000000000000012 /* FilmtoneLibrarySchema.swift */,
				C20000010000000000000014 /* FilmtoneLibraryStore.swift */,
				C20000010000000000000013 /* FilmtoneLutBlobCodec.swift */,
				C10000010000000000000009 /* FilmtonePresetCatalog.swift */,
				FFB20542EA38D7520A693144 /* FilmtoneSharedGradeProcessor.swift */,
			);
			name = Look;
			path = Look;
			sourceTree = "<group>";
		};
/* End PBXGroup section */

/* Begin PBXNativeTarget section */
		504EC3031FED79650016851F /* App */ = {
			isa = PBXNativeTarget;
			buildConfigurationList = 504EC3161FED79650016851F /* Build configuration list for PBXNativeTarget "App" */;
			buildPhases = (
				6634F4EFEBD30273BCE97C65 /* [CP] Check Pods Manifest.lock */,
				504EC3001FED79650016851F /* Sources */,
				504EC3011FED79650016851F /* Frameworks */,
				504EC3021FED79650016851F /* Resources */,
				E38909391CC1EE0B328DE430 /* Embed Foundation Extensions */,
			);
			buildRules = (
			);
			dependencies = (
				A1B33562B8DFCB61DC04110E /* PBXTargetDependency */,
			);
			name = App;
			packageProductDependencies = (
				F40000010000000000000020 /* FilmLabSwiftCore */,
			);
			productName = App;
			productReference = 504EC3041FED79650016851F /* App.app */;
			productType = "com.apple.product-type.application";
		};
		C64E7E65453A4EDD448B0D56 /* FilmtoneExportActivity */ = {
			isa = PBXNativeTarget;
			buildConfigurationList = CE3DA842AAAA3DCE9A4B7A2D /* Build configuration list for PBXNativeTarget "FilmtoneExportActivity" */;
			buildPhases = (
				60B2C5C8A073A296C4D46976 /* Sources */,
				983138F5BEC7A75E149B02EF /* Frameworks */,
				D2D382CD0F949F3BA4082C29 /* Resources */,
			);
			buildRules = (
			);
			dependencies = (
			);
			name = FilmtoneExportActivity;
			productName = FilmtoneExportActivity;
			productReference = 1CD935F1B2B7F6B8905120A5 /* FilmtoneExportActivity.appex */;
			productType = "com.apple.product-type.app-extension";
		};
		E20000010000000000000007 /* FilmtoneSnapshotsUITests */ = {
			isa = PBXNativeTarget;
			buildConfigurationList = E2000001000000000000000D /* Build configuration list for PBXNativeTarget "FilmtoneSnapshotsUITests" */;
			buildPhases = (
				E20000010000000000000008 /* Sources */,
				E20000010000000000000009 /* Frameworks */,
				E2000001000000000000000A /* Resources */,
			);
			buildRules = (
			);
			dependencies = (
				E20000010000000000000006 /* PBXTargetDependency */,
			);
			name = FilmtoneSnapshotsUITests;
			productName = FilmtoneSnapshotsUITests;
			productReference = F20000010000000000000001 /* FilmtoneSnapshotsUITests.xctest */;
			productType = "com.apple.product-type.bundle.ui-testing";
		};
/* End PBXNativeTarget section */

/* Begin PBXProject section */
		504EC2FC1FED79650016851F /* Project object */ = {
			isa = PBXProject;
			attributes = {
				LastSwiftUpdateCheck = 0920;
				LastUpgradeCheck = 0920;
				TargetAttributes = {
					504EC3031FED79650016851F = {
						CreatedOnToolsVersion = 9.2;
						LastSwiftMigration = 1100;
						ProvisioningStyle = Automatic;
					};
					E20000010000000000000007 = {
						CreatedOnToolsVersion = 17.0;
						TestTargetID = 504EC3031FED79650016851F;
					};
				};
			};
			buildConfigurationList = 504EC2FF1FED79650016851F /* Build configuration list for PBXProject "App" */;
			compatibilityVersion = "Xcode 8.0";
			developmentRegion = en;
			hasScannedForEncodings = 0;
			knownRegions = (
				en,
				ja,
				Base,
			);
			mainGroup = 504EC2FB1FED79650016851F;
			packageReferences = (
				F40000010000000000000010 /* XCLocalSwiftPackageReference "film-lab-swift-core" */,
			);
			productRefGroup = 504EC3051FED79650016851F /* Products */;
			projectDirPath = "";
			projectRoot = "";
			targets = (
				504EC3031FED79650016851F /* App */,
				E20000010000000000000007 /* FilmtoneSnapshotsUITests */,
				C64E7E65453A4EDD448B0D56 /* FilmtoneExportActivity */,
			);
		};
/* End PBXProject section */

/* Begin PBXResourcesBuildPhase section */
		504EC3021FED79650016851F /* Resources */ = {
			isa = PBXResourcesBuildPhase;
			buildActionMask = 2147483647;
			files = (
				504EC3121FED79650016851F /* LaunchScreen.storyboard in Resources */,
				D40000010000000000000002 /* CreativeLuts in Resources */,
				504EC30F1FED79650016851F /* Assets.xcassets in Resources */,
				E10000010000000000000002 /* InfoPlist.strings in Resources */,
				E10000010000000000000001 /* Localizable.xcstrings in Resources */,
				E10000010000000000000003 /* PrivacyInfo.xcprivacy in Resources */,
				504EC30D1FED79650016851F /* Main.storyboard in Resources */,
			);
			runOnlyForDeploymentPostprocessing = 0;
		};
		D2D382CD0F949F3BA4082C29 /* Resources */ = {
			isa = PBXResourcesBuildPhase;
			buildActionMask = 2147483647;
			files = (
			);
			runOnlyForDeploymentPostprocessing = 0;
		};
		E2000001000000000000000A /* Resources */ = {
			isa = PBXResourcesBuildPhase;
			buildActionMask = 2147483647;
			files = (
			);
			runOnlyForDeploymentPostprocessing = 0;
		};
/* End PBXResourcesBuildPhase section */

/* Begin PBXShellScriptBuildPhase section */
		6634F4EFEBD30273BCE97C65 /* [CP] Check Pods Manifest.lock */ = {
			isa = PBXShellScriptBuildPhase;
			buildActionMask = 2147483647;
			files = (
			);
			inputPaths = (
				"${PODS_PODFILE_DIR_PATH}/Podfile.lock",
				"${PODS_ROOT}/Manifest.lock",
			);
			name = "[CP] Check Pods Manifest.lock";
			outputPaths = (
				"$(DERIVED_FILE_DIR)/Pods-App-checkManifestLockResult.txt",
			);
			runOnlyForDeploymentPostprocessing = 0;
			shellPath = /bin/sh;
			shellScript = "diff \"${PODS_PODFILE_DIR_PATH}/Podfile.lock\" \"${PODS_ROOT}/Manifest.lock\" > /dev/null\nif [ $? != 0 ] ; then\n    # print error to STDERR\n    echo \"error: The sandbox is not in sync with the Podfile.lock. Run 'pod install' or update your CocoaPods installation.\" >&2\n    exit 1\nfi\n# This output is used by Xcode 'outputs' to avoid re-running this script phase.\necho \"SUCCESS\" > \"${SCRIPT_OUTPUT_FILE_0}\"\n";
			showEnvVarsInLog = 0;
		};
/* End PBXShellScriptBuildPhase section */

/* Begin PBXSourcesBuildPhase section */
		504EC3001FED79650016851F /* Sources */ = {
			isa = PBXSourcesBuildPhase;
			buildActionMask = 2147483647;
			files = (
				A10000010000000000000001 /* AssetPickerService.swift in Sources */,
				A10000010000000000000002 /* CacheStore.swift in Sources */,
				A10000010000000000000004 /* FilmtoneExportSession.swift in Sources */,
				A10000010000000000000006 /* FilmtoneMediaTypes.swift in Sources */,
				A10000010000000000000007 /* PhotoLibraryService.swift in Sources */,
				A10000010000000000000008 /* ShareSheetService.swift in Sources */,
				A10000010000000000000009 /* SourceProbeService.swift in Sources */,
				A10000010000000000000011 /* FilmtoneMediaRuntime.swift in Sources */,
				A10000010000000000000012 /* MezzanineService.swift in Sources */,
				A20000010000000000000001 /* MezzanineColorProbe.swift in Sources */,
				A20000010000000000000020 /* DepthSourceService.swift in Sources */,
				A20000010000000000000021 /* FilmtoneDepthMap.swift in Sources */,
				A20000010000000000000022 /* FilmtoneDepthPrefilter.swift in Sources */,
				A20000010000000000000023 /* VideoDepthSourceService.swift in Sources */,
				A20000010000000000000030 /* ExportCancelController.swift in Sources */,
				A20000010000000000000050 /* FilmtoneExportNotification.swift in Sources */,
				A10000010000000000000010 /* BenchmarkCollector.swift in Sources */,
				D10000010000000000000001 /* FilmtoneRootView.swift in Sources */,
				D10000010000000000000002 /* FilmtoneEditorStore.swift in Sources */,
				D10000010000000000000003 /* FilmtoneEditorFacade.swift in Sources */,
				D10000010000000000000004 /* FilmtonePreviewView.swift in Sources */,
				D10000010000000000000010 /* FilmtoneFullscreenLutEditor.swift in Sources */,
				D1000001000000000000000E /* FilmtonePreviewPlayerView.swift in Sources */,
				D10000010000000000000006 /* FilmtoneStrengthSheet.swift in Sources */,
				D10000010000000000000007 /* FilmtoneExportPanel.swift in Sources */,
				D10000010000000000000008 /* FilmtonePersistence.swift in Sources */,
				D10000010000000000000009 /* FilmtonePresetCatalog.swift in Sources */,
				D10000010000000000000011 /* FilmtoneOpticalFiltersGenerated.swift in Sources */,
				D10000010000000000000012 /* FilmtoneOpticalFilterSelectionStore.swift in Sources */,
				D1000001000000000000000A /* FilmtonePhase0Math.swift in Sources */,
				D1000001000000000000000B /* FilmtoneStrings.swift in Sources */,
				D1000001000000000000000C /* FilmtoneCubeParser.swift in Sources */,
				D1000001000000000000000F /* FilmtoneSnapshotSupport.swift in Sources */,
				D2000001000000000000001B /* FilmtoneHelpAssetGenerator.swift in Sources */,
				D2000001000000000000001C /* FilmtoneSliderRow.swift in Sources */,
				D2000001000000000000001D /* FilmtoneLutControls.swift in Sources */,
				D20000010000000000000022 /* FilmtoneOnboardingView.swift in Sources */,
				D20000010000000000000023 /* FilmtoneSavedLookSheetMode.swift in Sources */,
				D20000010000000000000024 /* FilmtoneRootChrome.swift in Sources */,
				D20000010000000000000025 /* FilmtoneAdjustmentHelpSheet.swift in Sources */,
				D20000010000000000000027 /* FilmtoneAdvancedParamsModel.swift in Sources */,
				D20000010000000000000028 /* FilmtoneDisclosureSection.swift in Sources */,
				D20000010000000000000029 /* FilmtoneStrengthSheetStyles.swift in Sources */,
				D2000001000000000000002A /* FilmtoneStrengthSheetData.swift in Sources */,
				D2000001000000000000002B /* FilmtoneEmptyView.swift in Sources */,
				D2000001000000000000002D /* FilmtoneSourceProfileSheet.swift in Sources */,
				D2000001000000000000002E /* FilmtoneMetalOpticsRenderer.swift in Sources */,
				D2000001000000000000002F /* FilmtoneCaptureCapabilityProbe.swift in Sources */,
				D20000010000000000000030 /* FilmtoneCaptureWriter.swift in Sources */,
				D20000010000000000000031 /* FilmtoneMotionRecorder.swift in Sources */,
				D20000010000000000000041 /* FilmtoneCombinedTimingSmoke.swift in Sources */,
				D20000010000000000000051 /* FilmtoneGcsvSmoke.swift in Sources */,
				D20000010000000000000061 /* FilmtoneStabilizationSmoke.swift in Sources */,
				D20000010000000000000071 /* FilmtoneProductCapture.swift in Sources */,
				D20000010000000000000080 /* FilmtoneCapturePackage.swift in Sources */,
				D20000010000000000000081 /* FilmtoneCapturePreflight.swift in Sources */,
				D20000010000000000000082 /* FilmtoneCaptureSession.swift in Sources */,
				D20000010000000000000083 /* FilmtoneProxyGenerator.swift in Sources */,
				D20000010000000000000084 /* FilmtoneCaptureView.swift in Sources */,
				D20000010000000000000085 /* FilmtoneCapturePackagePersistence.swift in Sources */,
				D20000010000000000000086 /* FilmtoneCaptureLensCatalog.swift in Sources */,
				D20000010000000000000087 /* FilmtoneCaptureLivePreview.swift in Sources */,
				D20000010000000000000088 /* FilmtoneExternalFolderBookmark.swift in Sources */,
				D20000010000000000000089 /* FilmtoneCaptureLookModel.swift in Sources */,
				D2000001000000000000008A /* FilmtoneCaptureChrome.swift in Sources */,
				D2000001000000000000008B /* FilmtoneCaptureTopStatusBar.swift in Sources */,
				D2000001000000000000008C /* FilmtoneCaptureBottomDeck.swift in Sources */,
				D2000001000000000000008E /* FilmtoneCaptureInteractionOverlay.swift in Sources */,
				D2000001000000000000008F /* FilmtoneCaptureCockpitTopBar.swift in Sources */,
				D20000010000000000000090 /* FilmtoneCaptureLensChipRow.swift in Sources */,
				D20000010000000000000091 /* FilmtoneCaptureLookSheet.swift in Sources */,
				D20000010000000000000092 /* FilmtoneCaptureRulerScrubber.swift in Sources */,
				D20000010000000000000093 /* FilmtoneSecurityScopedBookmark.swift in Sources */,
				D20000010000000000000094 /* FilmtoneFluidBlobBackdrop.swift in Sources */,
				D20000010000000000000095 /* FilmtoneFluidBlobBackdrop.metal in Sources */,
				D20000010000000000000096 /* FilmtoneCapturePostRecordChoice.swift in Sources */,
				D20000010000000000000097 /* FilmtoneInterfaceOrientationLock.swift in Sources */,
				D20000010000000000000098 /* FilmtoneCaptureOrientation.swift in Sources */,
				D20000010000000000000099 /* FilmtoneCaptureTransformLutClassifier.swift in Sources */,
				D2000001000000000000009A /* FilmtoneCaptureTakePickerOverlay.swift in Sources */,
				D2000001000000000000009B /* FilmtoneCapturePreviewLayer.swift in Sources */,
				D2000001000000000000009C /* FilmtoneCaptureTakePreviewLoader.swift in Sources */,
				D2000001000000000000009D /* FilmtoneCaptureTakePreviewModel.swift in Sources */,
				D20000010000000000000052 /* FilmtoneGcsvWriter.swift in Sources */,
				D20000010000000000000001 /* FormatExtensionReader.swift in Sources */,
				D20000010000000000000002 /* SourceColorMetadataNormalizer.swift in Sources */,
				D20000010000000000000003 /* SourceColorClassifier.swift in Sources */,
				D20000010000000000000010 /* FilmtoneColorPipeline.swift in Sources */,
				D20000010000000000000004 /* HdrPreparationPolicyDeriver.swift in Sources */,
				D20000010000000000000005 /* FilmtoneRayAngleOptics.swift in Sources */,
				D20000010000000000000006 /* FilmtoneHdrPolicyNotice.swift in Sources */,
				D20000010000000000000007 /* FilmtoneCameraOpticsFormatter.swift in Sources */,
				D20000010000000000000008 /* FilmtoneExportSidecarBuilder.swift in Sources */,
				D20000010000000000000009 /* FilmtoneMotionBlurMath.swift in Sources */,
				D20000010000000000000011 /* FilmtoneTermHelpSheet.swift in Sources */,
				D20000010000000000000012 /* FilmtoneLibrarySchema.swift in Sources */,
				D20000010000000000000013 /* FilmtoneLutBlobCodec.swift in Sources */,
				D20000010000000000000014 /* FilmtoneLibraryStore.swift in Sources */,
				D20000010000000000000015 /* FilmtoneSavedLookSheet.swift in Sources */,
				D20000010000000000000016 /* FilmtoneLibrarySection.swift in Sources */,
				D20000010000000000000017 /* FilmtoneBuiltInCatalog.swift in Sources */,
				D20000010000000000000018 /* FilmtoneSourceProfileSchema.swift in Sources */,
				D20000010000000000000019 /* FilmtoneSourceProfileMath.swift in Sources */,
				D2000001000000000000001A /* FilmtoneSourceProfileCatalog.swift in Sources */,
				504EC3081FED79650016851F /* AppDelegate.swift in Sources */,
				94B98E313D898089A3F2D764 /* FilmtoneExportAttributes.swift in Sources */,
				D588A95BF7748786256BD9E2 /* CancelExportIntent.swift in Sources */,
				4834B221C07285097FC03D87 /* FilmtoneExportLiveActivity.swift in Sources */,
				80C165763871B1D58ECA7A88 /* FilmtoneExportSession+Cancelable.swift in Sources */,
				42D1A00148FB68BB1924A545 /* ExportMetrics.swift in Sources */,
				16AEB7307DB348ECDC7058AC /* ExportRenderHelpers.swift in Sources */,
				33183593451FFC7F6B131F6F /* ExportSessionModels.swift in Sources */,
				181852B55B628E07A96EBD40 /* ExportSidecarDateFormatter.swift in Sources */,
				B1E10001000000000000B201 /* ExportInputLutBuilder.swift in Sources */,
				B1E10001000000000000B203 /* ExportSourceProfileResolver.swift in Sources */,
				B1E10001000000000000B205 /* ExportDepthPayloadManager.swift in Sources */,
				7BEB7F8934F9E1F2C9091E9D /* FilmtoneSharedGradeProcessor.swift in Sources */,
				5394D3D00FBAC703C6C0C7C0 /* FilmtoneMotionBlurAccumulator.swift in Sources */,
				0F432292C35AA746C1B5029F /* OpticalKernels.swift in Sources */,
			);
			runOnlyForDeploymentPostprocessing = 0;
		};
		60B2C5C8A073A296C4D46976 /* Sources */ = {
			isa = PBXSourcesBuildPhase;
			buildActionMask = 2147483647;
			files = (
				A9C09CB4FBA0A528C5478E81 /* FilmtoneExportActivity.swift in Sources */,
				0BB8A8BD4529447093495AD8 /* LockScreenView.swift in Sources */,
				63F888EB39F993E54072124A /* DynamicIslandViews.swift in Sources */,
				2D4D5561AFFF0125F03894AE /* FilmtoneExportAttributes.swift in Sources */,
				9C5A6BF76EF250FAF3AF63DD /* CancelExportIntent.swift in Sources */,
				9DB3A44F4189BC9462F7784E /* ExportCancelController.swift in Sources */,
			);
			runOnlyForDeploymentPostprocessing = 0;
		};
		E20000010000000000000008 /* Sources */ = {
			isa = PBXSourcesBuildPhase;
			buildActionMask = 2147483647;
			files = (
				E20000010000000000000001 /* FilmtoneSnapshotsUITests.swift in Sources */,
				E20000010000000000000002 /* SnapshotHelper.swift in Sources */,
			);
			runOnlyForDeploymentPostprocessing = 0;
		};
/* End PBXSourcesBuildPhase section */

/* Begin PBXTargetDependency section */
		A1B33562B8DFCB61DC04110E /* PBXTargetDependency */ = {
			isa = PBXTargetDependency;
			name = FilmtoneExportActivity;
			target = C64E7E65453A4EDD448B0D56 /* FilmtoneExportActivity */;
			targetProxy = F4EFF4230B72FE145D1FC54B /* PBXContainerItemProxy */;
		};
		E20000010000000000000006 /* PBXTargetDependency */ = {
			isa = PBXTargetDependency;
			target = 504EC3031FED79650016851F /* App */;
			targetProxy = E20000010000000000000005 /* PBXContainerItemProxy */;
		};
/* End PBXTargetDependency section */

/* Begin PBXVariantGroup section */
		504EC30B1FED79650016851F /* Main.storyboard */ = {
			isa = PBXVariantGroup;
			children = (
				504EC30C1FED79650016851F /* Base */,
			);
			name = Main.storyboard;
			sourceTree = "<group>";
		};
		504EC3101FED79650016851F /* LaunchScreen.storyboard */ = {
			isa = PBXVariantGroup;
			children = (
				504EC3111FED79650016851F /* Base */,
			);
			name = LaunchScreen.storyboard;
			sourceTree = "<group>";
		};
		F10000010000000000000003 /* InfoPlist.strings */ = {
			isa = PBXVariantGroup;
			children = (
				F10000010000000000000002 /* ja */,
			);
			name = InfoPlist.strings;
			sourceTree = "<group>";
		};
/* End PBXVariantGroup section */

/* Begin XCBuildConfiguration section */
		39689D1FB164BF3E20FF0BE2 /* Debug */ = {
			isa = XCBuildConfiguration;
			buildSettings = {
				CODE_SIGN_STYLE = Automatic;
				CURRENT_PROJECT_VERSION = 6;
				DEBUG_INFORMATION_FORMAT = dwarf;
				DEVELOPMENT_TEAM = C3G77H8NM6;
				GENERATE_INFOPLIST_FILE = NO;
				INFOPLIST_FILE = App/FilmtoneExportActivity/Info.plist;
				INFOPLIST_KEY_CFBundleDisplayName = "Filmtone Export";
				INFOPLIST_KEY_NSHumanReadableCopyright = "";
				IPHONEOS_DEPLOYMENT_TARGET = 26.0;
				LD_RUNPATH_SEARCH_PATHS = "$(inherited) @executable_path/Frameworks @executable_path/../../Frameworks";
				MARKETING_VERSION = 1.7;
				PRODUCT_BUNDLE_IDENTIFIER = com.chibatakumi.film.lab.ios.exportactivity;
				PRODUCT_NAME = "$(TARGET_NAME)";
				SKIP_INSTALL = YES;
				SWIFT_ACTIVE_COMPILATION_CONDITIONS = DEBUG;
				SWIFT_OPTIMIZATION_LEVEL = "-Onone";
				SWIFT_VERSION = 5.0;
				TARGETED_DEVICE_FAMILY = 1;
			};
			name = Debug;
		};
		504EC3141FED79650016851F /* Debug */ = {
			isa = XCBuildConfiguration;
			buildSettings = {
				ALWAYS_SEARCH_USER_PATHS = NO;
				CLANG_ANALYZER_NONNULL = YES;
				CLANG_ANALYZER_NUMBER_OBJECT_CONVERSION = YES_AGGRESSIVE;
				CLANG_CXX_LANGUAGE_STANDARD = "gnu++14";
				CLANG_CXX_LIBRARY = "libc++";
				CLANG_ENABLE_MODULES = YES;
				CLANG_ENABLE_OBJC_ARC = YES;
				CLANG_WARN_BLOCK_CAPTURE_AUTORELEASING = YES;
				CLANG_WARN_BOOL_CONVERSION = YES;
				CLANG_WARN_COMMA = YES;
				CLANG_WARN_CONSTANT_CONVERSION = YES;
				CLANG_WARN_DIRECT_OBJC_ISA_USAGE = YES_ERROR;
				CLANG_WARN_DOCUMENTATION_COMMENTS = YES;
				CLANG_WARN_EMPTY_BODY = YES;
				CLANG_WARN_ENUM_CONVERSION = YES;
				CLANG_WARN_INFINITE_RECURSION = YES;
				CLANG_WARN_INT_CONVERSION = YES;
				CLANG_WARN_NON_LITERAL_NULL_CONVERSION = YES;
				CLANG_WARN_OBJC_LITERAL_CONVERSION = YES;
				CLANG_WARN_OBJC_ROOT_CLASS = YES_ERROR;
				CLANG_WARN_RANGE_LOOP_ANALYSIS = YES;
				CLANG_WARN_STRICT_PROTOTYPES = YES;
				CLANG_WARN_SUSPICIOUS_MOVE = YES;
				CLANG_WARN_UNGUARDED_AVAILABILITY = YES_AGGRESSIVE;
				CLANG_WARN_UNREACHABLE_CODE = YES;
				CLANG_WARN__DUPLICATE_METHOD_MATCH = YES;
				COPY_PHASE_STRIP = NO;
				DEBUG_INFORMATION_FORMAT = dwarf;
				ENABLE_STRICT_OBJC_MSGSEND = YES;
				ENABLE_TESTABILITY = YES;
				GCC_C_LANGUAGE_STANDARD = gnu11;
				GCC_DYNAMIC_NO_PIC = NO;
				GCC_NO_COMMON_BLOCKS = YES;
				GCC_OPTIMIZATION_LEVEL = 0;
				GCC_PREPROCESSOR_DEFINITIONS = (
					"DEBUG=1",
					"$(inherited)",
				);
				GCC_WARN_64_TO_32_BIT_CONVERSION = YES;
				GCC_WARN_ABOUT_RETURN_TYPE = YES_ERROR;
				GCC_WARN_UNDECLARED_SELECTOR = YES;
				GCC_WARN_UNINITIALIZED_AUTOS = YES_AGGRESSIVE;
				GCC_WARN_UNUSED_FUNCTION = YES;
				GCC_WARN_UNUSED_VARIABLE = YES;
				IPHONEOS_DEPLOYMENT_TARGET = 26.0;
				MTL_ENABLE_DEBUG_INFO = YES;
				ONLY_ACTIVE_ARCH = YES;
				SDKROOT = iphoneos;
				SWIFT_ACTIVE_COMPILATION_CONDITIONS = DEBUG;
				SWIFT_OPTIMIZATION_LEVEL = "-Onone";
			};
			name = Debug;
		};
		504EC3151FED79650016851F /* Release */ = {
			isa = XCBuildConfiguration;
			buildSettings = {
				ALWAYS_SEARCH_USER_PATHS = NO;
				CLANG_ANALYZER_NONNULL = YES;
				CLANG_ANALYZER_NUMBER_OBJECT_CONVERSION = YES_AGGRESSIVE;
				CLANG_CXX_LANGUAGE_STANDARD = "gnu++14";
				CLANG_CXX_LIBRARY = "libc++";
				CLANG_ENABLE_MODULES = YES;
				CLANG_ENABLE_OBJC_ARC = YES;
				CLANG_WARN_BLOCK_CAPTURE_AUTORELEASING = YES;
				CLANG_WARN_BOOL_CONVERSION = YES;
				CLANG_WARN_COMMA = YES;
				CLANG_WARN_CONSTANT_CONVERSION = YES;
				CLANG_WARN_DIRECT_OBJC_ISA_USAGE = YES_ERROR;
				CLANG_WARN_DOCUMENTATION_COMMENTS = YES;
				CLANG_WARN_EMPTY_BODY = YES;
				CLANG_WARN_ENUM_CONVERSION = YES;
				CLANG_WARN_INFINITE_RECURSION = YES;
				CLANG_WARN_INT_CONVERSION = YES;
				CLANG_WARN_NON_LITERAL_NULL_CONVERSION = YES;
				CLANG_WARN_OBJC_LITERAL_CONVERSION = YES;
				CLANG_WARN_OBJC_ROOT_CLASS = YES_ERROR;
				CLANG_WARN_RANGE_LOOP_ANALYSIS = YES;
				CLANG_WARN_STRICT_PROTOTYPES = YES;
				CLANG_WARN_SUSPICIOUS_MOVE = YES;
				CLANG_WARN_UNGUARDED_AVAILABILITY = YES_AGGRESSIVE;
				CLANG_WARN_UNREACHABLE_CODE = YES;
				CLANG_WARN__DUPLICATE_METHOD_MATCH = YES;
				COPY_PHASE_STRIP = NO;
				DEBUG_INFORMATION_FORMAT = "dwarf-with-dsym";
				ENABLE_NS_ASSERTIONS = NO;
				ENABLE_STRICT_OBJC_MSGSEND = YES;
				GCC_C_LANGUAGE_STANDARD = gnu11;
				GCC_NO_COMMON_BLOCKS = YES;
				GCC_WARN_64_TO_32_BIT_CONVERSION = YES;
				GCC_WARN_ABOUT_RETURN_TYPE = YES_ERROR;
				GCC_WARN_UNDECLARED_SELECTOR = YES;
				GCC_WARN_UNINITIALIZED_AUTOS = YES_AGGRESSIVE;
				GCC_WARN_UNUSED_FUNCTION = YES;
				GCC_WARN_UNUSED_VARIABLE = YES;
				IPHONEOS_DEPLOYMENT_TARGET = 26.0;
				MTL_ENABLE_DEBUG_INFO = NO;
				SDKROOT = iphoneos;
				SWIFT_OPTIMIZATION_LEVEL = "-Owholemodule";
				VALIDATE_PRODUCT = YES;
			};
			name = Release;
		};
		504EC3171FED79650016851F /* Debug */ = {
			isa = XCBuildConfiguration;
			baseConfigurationReference = FC68EB0AF532CFC21C3344DD /* Pods-App.debug.xcconfig */;
			buildSettings = {
				ASSETCATALOG_COMPILER_APPICON_NAME = AppIcon;
				CODE_SIGN_STYLE = Automatic;
				CURRENT_PROJECT_VERSION = 6;
				DEVELOPMENT_TEAM = C3G77H8NM6;
				INFOPLIST_FILE = App/Info.plist;
				IPHONEOS_DEPLOYMENT_TARGET = 26.0;
				LD_RUNPATH_SEARCH_PATHS = "$(inherited) @executable_path/Frameworks";
				MARKETING_VERSION = 1.7;
				OTHER_SWIFT_FLAGS = "$(inherited) \"-D\" \"COCOAPODS\" \"-DDEBUG\"";
				PRODUCT_BUNDLE_IDENTIFIER = com.chibatakumi.film.lab.ios;
				PRODUCT_NAME = "$(TARGET_NAME)";
				SWIFT_ACTIVE_COMPILATION_CONDITIONS = DEBUG;
				SWIFT_VERSION = 5.0;
				TARGETED_DEVICE_FAMILY = 1;
			};
			name = Debug;
		};
		504EC3181FED79650016851F /* Release */ = {
			isa = XCBuildConfiguration;
			baseConfigurationReference = AF51FD2D460BCFE21FA515B2 /* Pods-App.release.xcconfig */;
			buildSettings = {
				ASSETCATALOG_COMPILER_APPICON_NAME = AppIcon;
				CODE_SIGN_STYLE = Automatic;
				CURRENT_PROJECT_VERSION = 6;
				DEVELOPMENT_TEAM = C3G77H8NM6;
				INFOPLIST_FILE = App/Info.plist;
				IPHONEOS_DEPLOYMENT_TARGET = 26.0;
				LD_RUNPATH_SEARCH_PATHS = "$(inherited) @executable_path/Frameworks";
				MARKETING_VERSION = 1.7;
				PRODUCT_BUNDLE_IDENTIFIER = com.chibatakumi.film.lab.ios;
				PRODUCT_NAME = "$(TARGET_NAME)";
				SWIFT_ACTIVE_COMPILATION_CONDITIONS = "";
				SWIFT_VERSION = 5.0;
				TARGETED_DEVICE_FAMILY = 1;
			};
			name = Release;
		};
		7672BD5EB9B0B1816B88C208 /* Release */ = {
			isa = XCBuildConfiguration;
			buildSettings = {
				CODE_SIGN_STYLE = Automatic;
				CURRENT_PROJECT_VERSION = 6;
				DEBUG_INFORMATION_FORMAT = "dwarf-with-dsym";
				DEVELOPMENT_TEAM = C3G77H8NM6;
				GENERATE_INFOPLIST_FILE = NO;
				INFOPLIST_FILE = App/FilmtoneExportActivity/Info.plist;
				INFOPLIST_KEY_CFBundleDisplayName = "Filmtone Export";
				INFOPLIST_KEY_NSHumanReadableCopyright = "";
				IPHONEOS_DEPLOYMENT_TARGET = 26.0;
				LD_RUNPATH_SEARCH_PATHS = "$(inherited) @executable_path/Frameworks @executable_path/../../Frameworks";
				MARKETING_VERSION = 1.7;
				PRODUCT_BUNDLE_IDENTIFIER = com.chibatakumi.film.lab.ios.exportactivity;
				PRODUCT_NAME = "$(TARGET_NAME)";
				SKIP_INSTALL = YES;
				SWIFT_OPTIMIZATION_LEVEL = "-Owholemodule";
				SWIFT_VERSION = 5.0;
				TARGETED_DEVICE_FAMILY = 1;
			};
			name = Release;
		};
		E2000001000000000000000B /* Debug */ = {
			isa = XCBuildConfiguration;
			buildSettings = {
				CODE_SIGN_STYLE = Automatic;
				CURRENT_PROJECT_VERSION = 6;
				DEVELOPMENT_TEAM = C3G77H8NM6;
				GENERATE_INFOPLIST_FILE = YES;
				IPHONEOS_DEPLOYMENT_TARGET = 26.0;
				LD_RUNPATH_SEARCH_PATHS = "$(inherited) @executable_path/Frameworks @loader_path/Frameworks";
				MARKETING_VERSION = 1.7;
				PRODUCT_BUNDLE_IDENTIFIER = com.chibatakumi.film.lab.iosUITests;
				PRODUCT_NAME = "$(TARGET_NAME)";
				SWIFT_ACTIVE_COMPILATION_CONDITIONS = DEBUG;
				SWIFT_VERSION = 5.0;
				TARGETED_DEVICE_FAMILY = 1;
				TEST_TARGET_NAME = App;
			};
			name = Debug;
		};
		E2000001000000000000000C /* Release */ = {
			isa = XCBuildConfiguration;
			buildSettings = {
				CODE_SIGN_STYLE = Automatic;
				CURRENT_PROJECT_VERSION = 6;
				DEVELOPMENT_TEAM = C3G77H8NM6;
				GENERATE_INFOPLIST_FILE = YES;
				IPHONEOS_DEPLOYMENT_TARGET = 26.0;
				LD_RUNPATH_SEARCH_PATHS = "$(inherited) @executable_path/Frameworks @loader_path/Frameworks";
				MARKETING_VERSION = 1.7;
				PRODUCT_BUNDLE_IDENTIFIER = com.chibatakumi.film.lab.iosUITests;
				PRODUCT_NAME = "$(TARGET_NAME)";
				SWIFT_VERSION = 5.0;
				TARGETED_DEVICE_FAMILY = 1;
				TEST_TARGET_NAME = App;
			};
			name = Release;
		};
/* End XCBuildConfiguration section */

/* Begin XCConfigurationList section */
		504EC2FF1FED79650016851F /* Build configuration list for PBXProject "App" */ = {
			isa = XCConfigurationList;
			buildConfigurations = (
				504EC3141FED79650016851F /* Debug */,
				504EC3151FED79650016851F /* Release */,
			);
			defaultConfigurationIsVisible = 0;
			defaultConfigurationName = Release;
		};
		504EC3161FED79650016851F /* Build configuration list for PBXNativeTarget "App" */ = {
			isa = XCConfigurationList;
			buildConfigurations = (
				504EC3171FED79650016851F /* Debug */,
				504EC3181FED79650016851F /* Release */,
			);
			defaultConfigurationIsVisible = 0;
			defaultConfigurationName = Release;
		};
		CE3DA842AAAA3DCE9A4B7A2D /* Build configuration list for PBXNativeTarget "FilmtoneExportActivity" */ = {
			isa = XCConfigurationList;
			buildConfigurations = (
				39689D1FB164BF3E20FF0BE2 /* Debug */,
				7672BD5EB9B0B1816B88C208 /* Release */,
			);
			defaultConfigurationIsVisible = 0;
			defaultConfigurationName = Release;
		};
		E2000001000000000000000D /* Build configuration list for PBXNativeTarget "FilmtoneSnapshotsUITests" */ = {
			isa = XCConfigurationList;
			buildConfigurations = (
				E2000001000000000000000B /* Debug */,
				E2000001000000000000000C /* Release */,
			);
			defaultConfigurationIsVisible = 0;
			defaultConfigurationName = Release;
		};
/* End XCConfigurationList section */

/* Begin XCLocalSwiftPackageReference section */
		F40000010000000000000010 /* XCLocalSwiftPackageReference "film-lab-swift-core" */ = {
			isa = XCLocalSwiftPackageReference;
			relativePath = "../../../../packages/film-lab-swift-core";
		};
/* End XCLocalSwiftPackageReference section */

/* Begin XCSwiftPackageProductDependency section */
		F40000010000000000000020 /* FilmLabSwiftCore */ = {
			isa = XCSwiftPackageProductDependency;
			productName = FilmLabSwiftCore;
		};
/* End XCSwiftPackageProductDependency section */
	};
	rootObject = 504EC2FC1FED79650016851F /* Project object */;
}
