// !$*UTF8*$!
{
	archiveVersion = 1;
	classes = {
	};
	objectVersion = 70;
	objects = {

/* Begin PBXBuildFile section */
		FT0000000000000000000A01 /* FilmtoneDesktopApp.swift in Sources */ = {isa = PBXBuildFile; fileRef = FT0000000000000000000B01 /* FilmtoneDesktopApp.swift */; };
		FT0000000000000000000A02 /* AppCommands.swift in Sources */ = {isa = PBXBuildFile; fileRef = FT0000000000000000000B02 /* AppCommands.swift */; };
		FT0000000000000000000A03 /* RootWindowView.swift in Sources */ = {isa = PBXBuildFile; fileRef = FT0000000000000000000B03 /* RootWindowView.swift */; };
		FT0000000000000000000A04 /* GlassControlGroup.swift in Sources */ = {isa = PBXBuildFile; fileRef = FT0000000000000000000B04 /* GlassControlGroup.swift */; };
		FT0000000000000000000A05 /* Assets.xcassets in Resources */ = {isa = PBXBuildFile; fileRef = FT0000000000000000000B05 /* Assets.xcassets */; };
		FT0000000000000000000A06 /* Phase0Types.swift in Sources */ = {isa = PBXBuildFile; fileRef = FT0000000000000000000B06 /* Phase0Types.swift */; };
		FT0000000000000000000A07 /* FilmtonePhase0Generated.swift in Sources */ = {isa = PBXBuildFile; fileRef = FT0000000000000000000B07 /* FilmtonePhase0Generated.swift */; };
		FT0000000000000000000A08 /* PreviewSurface.swift in Sources */ = {isa = PBXBuildFile; fileRef = FT0000000000000000000B08 /* PreviewSurface.swift */; };
		FT0000000000000000000A09 /* FilmtoneGradeKernels.swift in Sources */ = {isa = PBXBuildFile; fileRef = FT0000000000000000000B09 /* FilmtoneGradeKernels.swift */; };
		FT0000000000000000000A0A /* FilmtoneGradePipeline.swift in Sources */ = {isa = PBXBuildFile; fileRef = FT0000000000000000000B0A /* FilmtoneGradePipeline.swift */; };
		FT0000000000000000000A0B /* FilmtonePresetCatalog.swift in Sources */ = {isa = PBXBuildFile; fileRef = FT0000000000000000000B0B /* FilmtonePresetCatalog.swift */; };
		FT0000000000000000000A0C /* FilmtoneCIContext.swift in Sources */ = {isa = PBXBuildFile; fileRef = FT0000000000000000000B0C /* FilmtoneCIContext.swift */; };
		FT0000000000000000000A0D /* EditorState.swift in Sources */ = {isa = PBXBuildFile; fileRef = FT0000000000000000000B0D /* EditorState.swift */; };
		FT0000000000000000000A0E /* GradeControls.swift in Sources */ = {isa = PBXBuildFile; fileRef = FT0000000000000000000B0E /* GradeControls.swift */; };
		FT0000000000000000000A0F /* FilmtoneStillExporter.swift in Sources */ = {isa = PBXBuildFile; fileRef = FT0000000000000000000B0F /* FilmtoneStillExporter.swift */; };
		FT0000000000000000000A10 /* FilmtoneSidecarWriter.swift in Sources */ = {isa = PBXBuildFile; fileRef = FT0000000000000000000B10 /* FilmtoneSidecarWriter.swift */; };
		FT0000000000000000000A11 /* FilmtoneColorPipelineContract.swift in Sources */ = {isa = PBXBuildFile; fileRef = FT0000000000000000000B11 /* FilmtoneColorPipelineContract.swift */; };
		FT0000000000000000000A12 /* FilmtoneSidecarTypes.swift in Sources */ = {isa = PBXBuildFile; fileRef = FT0000000000000000000B12 /* FilmtoneSidecarTypes.swift */; };
		FT0000000000000000000A13 /* FilmtoneVideoFramePreview.swift in Sources */ = {isa = PBXBuildFile; fileRef = FT0000000000000000000B13 /* FilmtoneVideoFramePreview.swift */; };
		FT0000000000000000000A14 /* FilmtoneVideoReader.swift in Sources */ = {isa = PBXBuildFile; fileRef = FT0000000000000000000B14 /* FilmtoneVideoReader.swift */; };
		FT0000000000000000000A15 /* FilmtoneVideoWriter.swift in Sources */ = {isa = PBXBuildFile; fileRef = FT0000000000000000000B15 /* FilmtoneVideoWriter.swift */; };
		FT0000000000000000000A16 /* FilmtoneVideoExporter.swift in Sources */ = {isa = PBXBuildFile; fileRef = FT0000000000000000000B16 /* FilmtoneVideoExporter.swift */; };
		FT0000000000000000000A17 /* SourceColorTypes.swift in Sources */ = {isa = PBXBuildFile; fileRef = FT0000000000000000000B17 /* SourceColorTypes.swift */; };
		FT0000000000000000000A18 /* SourceColorMetadataNormalizer.swift in Sources */ = {isa = PBXBuildFile; fileRef = FT0000000000000000000B18 /* SourceColorMetadataNormalizer.swift */; };
		FT0000000000000000000A19 /* SourceColorClassifier.swift in Sources */ = {isa = PBXBuildFile; fileRef = FT0000000000000000000B19 /* SourceColorClassifier.swift */; };
		FT0000000000000000000A1A /* FilmtoneColorPipeline.swift in Sources */ = {isa = PBXBuildFile; fileRef = FT0000000000000000000B1A /* FilmtoneColorPipeline.swift */; };
		FT0000000000000000000A1B /* FormatExtensionReader.swift in Sources */ = {isa = PBXBuildFile; fileRef = FT0000000000000000000B1B /* FormatExtensionReader.swift */; };
		FT0000000000000000000A1C /* FilmtoneSourceProber.swift in Sources */ = {isa = PBXBuildFile; fileRef = FT0000000000000000000B1C /* FilmtoneSourceProber.swift */; };
		FT0000000000000000000A1D /* CameraOpticsDTO.swift in Sources */ = {isa = PBXBuildFile; fileRef = FT0000000000000000000B1D /* CameraOpticsDTO.swift */; };
		FT0000000000000000000A1E /* FilmtoneRayAngleOptics.swift in Sources */ = {isa = PBXBuildFile; fileRef = FT0000000000000000000B1E /* FilmtoneRayAngleOptics.swift */; };
		FT0000000000000000000A1F /* FilmtonePhase0ParamsPatch.swift in Sources */ = {isa = PBXBuildFile; fileRef = FT0000000000000000000B1F /* FilmtonePhase0ParamsPatch.swift */; };
		FT0000000000000000000A20 /* FilmtoneCubeParser.swift in Sources */ = {isa = PBXBuildFile; fileRef = FT0000000000000000000B20 /* FilmtoneCubeParser.swift */; };
		FT0000000000000000000A21 /* FilmtoneCreativePackCatalog.swift in Sources */ = {isa = PBXBuildFile; fileRef = FT0000000000000000000B21 /* FilmtoneCreativePackCatalog.swift */; };
		FT0000000000000000000A22 /* FilmtoneCreativeLutLoader.swift in Sources */ = {isa = PBXBuildFile; fileRef = FT0000000000000000000B22 /* FilmtoneCreativeLutLoader.swift */; };
		FT0000000000000000000A23 /* filmtone-creative-pack-01-stone.cube in Resources */ = {isa = PBXBuildFile; fileRef = FT0000000000000000000B23 /* filmtone-creative-pack-01-stone.cube */; };
		FT0000000000000000000A24 /* filmtone-creative-pack-01-urban.cube in Resources */ = {isa = PBXBuildFile; fileRef = FT0000000000000000000B24 /* filmtone-creative-pack-01-urban.cube */; };
		FT0000000000000000000A25 /* FilmtoneSourceProfileMath.swift in Sources */ = {isa = PBXBuildFile; fileRef = FT0000000000000000000B25 /* FilmtoneSourceProfileMath.swift */; };
		FT0000000000000000000A26 /* FilmtoneSourceProfileCatalog.swift in Sources */ = {isa = PBXBuildFile; fileRef = FT0000000000000000000B26 /* FilmtoneSourceProfileCatalog.swift */; };
		FT0000000000000000000A27 /* FilmtoneSourceInputTransform.swift in Sources */ = {isa = PBXBuildFile; fileRef = FT0000000000000000000B27 /* FilmtoneSourceInputTransform.swift */; };
		FT0000000000000000000A28 /* SourceProfileControls.swift in Sources */ = {isa = PBXBuildFile; fileRef = FT0000000000000000000B28 /* SourceProfileControls.swift */; };
		FT0000000000000000000A29 /* FilmtoneSavedLookSchema.swift in Sources */ = {isa = PBXBuildFile; fileRef = FT0000000000000000000B29 /* FilmtoneSavedLookSchema.swift */; };
		FT0000000000000000000A2A /* FilmtoneSavedLookStore.swift in Sources */ = {isa = PBXBuildFile; fileRef = FT0000000000000000000B2A /* FilmtoneSavedLookStore.swift */; };
		FT0000000000000000000A2B /* LibraryViewModel.swift in Sources */ = {isa = PBXBuildFile; fileRef = FT0000000000000000000B2B /* LibraryViewModel.swift */; };
		FT0000000000000000000A2C /* LookLibraryControls.swift in Sources */ = {isa = PBXBuildFile; fileRef = FT0000000000000000000B2C /* LookLibraryControls.swift */; };
		FT0000000000000000000A2D /* QuickAdjustControls.swift in Sources */ = {isa = PBXBuildFile; fileRef = FT0000000000000000000B2D /* QuickAdjustControls.swift */; };
		FT0000000000000000000A2E /* MetricRow.swift in Sources */ = {isa = PBXBuildFile; fileRef = FT0000000000000000000B2E /* MetricRow.swift */; };
		FT0000000000000000000A2F /* ExportInspectorPanel.swift in Sources */ = {isa = PBXBuildFile; fileRef = FT0000000000000000000B2F /* ExportInspectorPanel.swift */; };
		FT0000000000000000000A30 /* FilmtoneExportSnapshot.swift in Sources */ = {isa = PBXBuildFile; fileRef = FT0000000000000000000B30 /* FilmtoneExportSnapshot.swift */; };
/* End PBXBuildFile section */

/* Begin PBXFileReference section */
		FT0000000000000000000B01 /* FilmtoneDesktopApp.swift */ = {isa = PBXFileReference; lastKnownFileType = sourcecode.swift; path = FilmtoneDesktopApp.swift; sourceTree = "<group>"; };
		FT0000000000000000000B02 /* AppCommands.swift */ = {isa = PBXFileReference; lastKnownFileType = sourcecode.swift; path = AppCommands.swift; sourceTree = "<group>"; };
		FT0000000000000000000B03 /* RootWindowView.swift */ = {isa = PBXFileReference; lastKnownFileType = sourcecode.swift; path = RootWindowView.swift; sourceTree = "<group>"; };
		FT0000000000000000000B04 /* GlassControlGroup.swift */ = {isa = PBXFileReference; lastKnownFileType = sourcecode.swift; path = GlassControlGroup.swift; sourceTree = "<group>"; };
		FT0000000000000000000B05 /* Assets.xcassets */ = {isa = PBXFileReference; lastKnownFileType = folder.assetcatalog; path = Assets.xcassets; sourceTree = "<group>"; };
		FT0000000000000000000B06 /* Phase0Types.swift */ = {isa = PBXFileReference; lastKnownFileType = sourcecode.swift; path = Phase0Types.swift; sourceTree = "<group>"; };
		FT0000000000000000000B07 /* FilmtonePhase0Generated.swift */ = {isa = PBXFileReference; lastKnownFileType = sourcecode.swift; path = FilmtonePhase0Generated.swift; sourceTree = "<group>"; };
		FT0000000000000000000B08 /* PreviewSurface.swift */ = {isa = PBXFileReference; lastKnownFileType = sourcecode.swift; path = PreviewSurface.swift; sourceTree = "<group>"; };
		FT0000000000000000000B09 /* FilmtoneGradeKernels.swift */ = {isa = PBXFileReference; lastKnownFileType = sourcecode.swift; path = FilmtoneGradeKernels.swift; sourceTree = "<group>"; };
		FT0000000000000000000B0A /* FilmtoneGradePipeline.swift */ = {isa = PBXFileReference; lastKnownFileType = sourcecode.swift; path = FilmtoneGradePipeline.swift; sourceTree = "<group>"; };
		FT0000000000000000000B0B /* FilmtonePresetCatalog.swift */ = {isa = PBXFileReference; lastKnownFileType = sourcecode.swift; path = FilmtonePresetCatalog.swift; sourceTree = "<group>"; };
		FT0000000000000000000B0C /* FilmtoneCIContext.swift */ = {isa = PBXFileReference; lastKnownFileType = sourcecode.swift; path = FilmtoneCIContext.swift; sourceTree = "<group>"; };
		FT0000000000000000000B0D /* EditorState.swift */ = {isa = PBXFileReference; lastKnownFileType = sourcecode.swift; path = EditorState.swift; sourceTree = "<group>"; };
		FT0000000000000000000B0E /* GradeControls.swift */ = {isa = PBXFileReference; lastKnownFileType = sourcecode.swift; path = GradeControls.swift; sourceTree = "<group>"; };
		FT0000000000000000000B0F /* FilmtoneStillExporter.swift */ = {isa = PBXFileReference; lastKnownFileType = sourcecode.swift; path = FilmtoneStillExporter.swift; sourceTree = "<group>"; };
		FT0000000000000000000B10 /* FilmtoneSidecarWriter.swift */ = {isa = PBXFileReference; lastKnownFileType = sourcecode.swift; path = FilmtoneSidecarWriter.swift; sourceTree = "<group>"; };
		FT0000000000000000000B11 /* FilmtoneColorPipelineContract.swift */ = {isa = PBXFileReference; lastKnownFileType = sourcecode.swift; path = FilmtoneColorPipelineContract.swift; sourceTree = "<group>"; };
		FT0000000000000000000B12 /* FilmtoneSidecarTypes.swift */ = {isa = PBXFileReference; lastKnownFileType = sourcecode.swift; path = FilmtoneSidecarTypes.swift; sourceTree = "<group>"; };
		FT0000000000000000000B13 /* FilmtoneVideoFramePreview.swift */ = {isa = PBXFileReference; lastKnownFileType = sourcecode.swift; path = FilmtoneVideoFramePreview.swift; sourceTree = "<group>"; };
		FT0000000000000000000B14 /* FilmtoneVideoReader.swift */ = {isa = PBXFileReference; lastKnownFileType = sourcecode.swift; path = FilmtoneVideoReader.swift; sourceTree = "<group>"; };
		FT0000000000000000000B15 /* FilmtoneVideoWriter.swift */ = {isa = PBXFileReference; lastKnownFileType = sourcecode.swift; path = FilmtoneVideoWriter.swift; sourceTree = "<group>"; };
		FT0000000000000000000B16 /* FilmtoneVideoExporter.swift */ = {isa = PBXFileReference; lastKnownFileType = sourcecode.swift; path = FilmtoneVideoExporter.swift; sourceTree = "<group>"; };
		FT0000000000000000000B17 /* SourceColorTypes.swift */ = {isa = PBXFileReference; lastKnownFileType = sourcecode.swift; path = SourceColorTypes.swift; sourceTree = "<group>"; };
		FT0000000000000000000B18 /* SourceColorMetadataNormalizer.swift */ = {isa = PBXFileReference; lastKnownFileType = sourcecode.swift; path = SourceColorMetadataNormalizer.swift; sourceTree = "<group>"; };
		FT0000000000000000000B19 /* SourceColorClassifier.swift */ = {isa = PBXFileReference; lastKnownFileType = sourcecode.swift; path = SourceColorClassifier.swift; sourceTree = "<group>"; };
		FT0000000000000000000B1A /* FilmtoneColorPipeline.swift */ = {isa = PBXFileReference; lastKnownFileType = sourcecode.swift; path = FilmtoneColorPipeline.swift; sourceTree = "<group>"; };
		FT0000000000000000000B1B /* FormatExtensionReader.swift */ = {isa = PBXFileReference; lastKnownFileType = sourcecode.swift; path = FormatExtensionReader.swift; sourceTree = "<group>"; };
		FT0000000000000000000B1C /* FilmtoneSourceProber.swift */ = {isa = PBXFileReference; lastKnownFileType = sourcecode.swift; path = FilmtoneSourceProber.swift; sourceTree = "<group>"; };
		FT0000000000000000000B1D /* CameraOpticsDTO.swift */ = {isa = PBXFileReference; lastKnownFileType = sourcecode.swift; path = CameraOpticsDTO.swift; sourceTree = "<group>"; };
		FT0000000000000000000B1E /* FilmtoneRayAngleOptics.swift */ = {isa = PBXFileReference; lastKnownFileType = sourcecode.swift; path = FilmtoneRayAngleOptics.swift; sourceTree = "<group>"; };
		FT0000000000000000000B1F /* FilmtonePhase0ParamsPatch.swift */ = {isa = PBXFileReference; lastKnownFileType = sourcecode.swift; path = FilmtonePhase0ParamsPatch.swift; sourceTree = "<group>"; };
		FT0000000000000000000B20 /* FilmtoneCubeParser.swift */ = {isa = PBXFileReference; lastKnownFileType = sourcecode.swift; path = FilmtoneCubeParser.swift; sourceTree = "<group>"; };
		FT0000000000000000000B21 /* FilmtoneCreativePackCatalog.swift */ = {isa = PBXFileReference; lastKnownFileType = sourcecode.swift; path = FilmtoneCreativePackCatalog.swift; sourceTree = "<group>"; };
		FT0000000000000000000B22 /* FilmtoneCreativeLutLoader.swift */ = {isa = PBXFileReference; lastKnownFileType = sourcecode.swift; path = FilmtoneCreativeLutLoader.swift; sourceTree = "<group>"; };
		FT0000000000000000000B23 /* filmtone-creative-pack-01-stone.cube */ = {isa = PBXFileReference; lastKnownFileType = text; path = "filmtone-creative-pack-01-stone.cube"; sourceTree = "<group>"; };
		FT0000000000000000000B24 /* filmtone-creative-pack-01-urban.cube */ = {isa = PBXFileReference; lastKnownFileType = text; path = "filmtone-creative-pack-01-urban.cube"; sourceTree = "<group>"; };
		FT0000000000000000000B25 /* FilmtoneSourceProfileMath.swift */ = {isa = PBXFileReference; lastKnownFileType = sourcecode.swift; path = FilmtoneSourceProfileMath.swift; sourceTree = "<group>"; };
		FT0000000000000000000B26 /* FilmtoneSourceProfileCatalog.swift */ = {isa = PBXFileReference; lastKnownFileType = sourcecode.swift; path = FilmtoneSourceProfileCatalog.swift; sourceTree = "<group>"; };
		FT0000000000000000000B27 /* FilmtoneSourceInputTransform.swift */ = {isa = PBXFileReference; lastKnownFileType = sourcecode.swift; path = FilmtoneSourceInputTransform.swift; sourceTree = "<group>"; };
		FT0000000000000000000B28 /* SourceProfileControls.swift */ = {isa = PBXFileReference; lastKnownFileType = sourcecode.swift; path = SourceProfileControls.swift; sourceTree = "<group>"; };
		FT0000000000000000000B29 /* FilmtoneSavedLookSchema.swift */ = {isa = PBXFileReference; lastKnownFileType = sourcecode.swift; path = FilmtoneSavedLookSchema.swift; sourceTree = "<group>"; };
		FT0000000000000000000B2A /* FilmtoneSavedLookStore.swift */ = {isa = PBXFileReference; lastKnownFileType = sourcecode.swift; path = FilmtoneSavedLookStore.swift; sourceTree = "<group>"; };
		FT0000000000000000000B2B /* LibraryViewModel.swift */ = {isa = PBXFileReference; lastKnownFileType = sourcecode.swift; path = LibraryViewModel.swift; sourceTree = "<group>"; };
		FT0000000000000000000B2C /* LookLibraryControls.swift */ = {isa = PBXFileReference; lastKnownFileType = sourcecode.swift; path = LookLibraryControls.swift; sourceTree = "<group>"; };
		FT0000000000000000000B2D /* QuickAdjustControls.swift */ = {isa = PBXFileReference; lastKnownFileType = sourcecode.swift; path = QuickAdjustControls.swift; sourceTree = "<group>"; };
		FT0000000000000000000B2E /* MetricRow.swift */ = {isa = PBXFileReference; lastKnownFileType = sourcecode.swift; path = MetricRow.swift; sourceTree = "<group>"; };
		FT0000000000000000000B2F /* ExportInspectorPanel.swift */ = {isa = PBXFileReference; lastKnownFileType = sourcecode.swift; path = ExportInspectorPanel.swift; sourceTree = "<group>"; };
		FT0000000000000000000B30 /* FilmtoneExportSnapshot.swift */ = {isa = PBXFileReference; lastKnownFileType = sourcecode.swift; path = FilmtoneExportSnapshot.swift; sourceTree = "<group>"; };
		FT0000000000000000000C01 /* FilmtoneDesktop.app */ = {isa = PBXFileReference; explicitFileType = wrapper.application; includeInIndex = 0; path = FilmtoneDesktop.app; sourceTree = BUILT_PRODUCTS_DIR; };
/* End PBXFileReference section */

/* Begin PBXFrameworksBuildPhase section */
		FT0000000000000000000D01 /* Frameworks */ = {
			isa = PBXFrameworksBuildPhase;
			buildActionMask = 2147483647;
			files = (
			);
			runOnlyForDeploymentPostprocessing = 0;
		};
/* End PBXFrameworksBuildPhase section */

/* Begin PBXGroup section */
		FT0000000000000000000E01 = {
			isa = PBXGroup;
			children = (
				FT0000000000000000000E02 /* FilmtoneDesktop */,
				FT0000000000000000000E06 /* Products */,
			);
			sourceTree = "<group>";
		};
		FT0000000000000000000E02 /* FilmtoneDesktop */ = {
			isa = PBXGroup;
			children = (
				FT0000000000000000000E03 /* App */,
				FT0000000000000000000E04 /* UI */,
				FT0000000000000000000E05 /* Domain */,
				FT0000000000000000000E08 /* Color */,
				FT0000000000000000000E09 /* State */,
				FT0000000000000000000E0A /* Export */,
				FT0000000000000000000E0B /* Media */,
				FT0000000000000000000E0C /* Resources */,
				FT0000000000000000000E07 /* SharedGenerated */,
				FT0000000000000000000B05 /* Assets.xcassets */,
			);
			path = FilmtoneDesktop;
			sourceTree = "<group>";
		};
		FT0000000000000000000E0C /* Resources */ = {
			isa = PBXGroup;
			children = (
				FT0000000000000000000E0D /* CreativeLuts */,
			);
			path = Resources;
			sourceTree = "<group>";
		};
		FT0000000000000000000E0D /* CreativeLuts */ = {
			isa = PBXGroup;
			children = (
				FT0000000000000000000B23 /* filmtone-creative-pack-01-stone.cube */,
				FT0000000000000000000B24 /* filmtone-creative-pack-01-urban.cube */,
			);
			path = CreativeLuts;
			sourceTree = "<group>";
		};
		FT0000000000000000000E03 /* App */ = {
			isa = PBXGroup;
			children = (
				FT0000000000000000000B01 /* FilmtoneDesktopApp.swift */,
				FT0000000000000000000B02 /* AppCommands.swift */,
			);
			path = App;
			sourceTree = "<group>";
		};
		FT0000000000000000000E04 /* UI */ = {
			isa = PBXGroup;
			children = (
				FT0000000000000000000B03 /* RootWindowView.swift */,
				FT0000000000000000000B04 /* GlassControlGroup.swift */,
				FT0000000000000000000B08 /* PreviewSurface.swift */,
				FT0000000000000000000B0E /* GradeControls.swift */,
				FT0000000000000000000B28 /* SourceProfileControls.swift */,
				FT0000000000000000000B2C /* LookLibraryControls.swift */,
				FT0000000000000000000B2D /* QuickAdjustControls.swift */,
				FT0000000000000000000B2E /* MetricRow.swift */,
				FT0000000000000000000B2F /* ExportInspectorPanel.swift */,
			);
			path = UI;
			sourceTree = "<group>";
		};
		FT0000000000000000000E05 /* Domain */ = {
			isa = PBXGroup;
			children = (
				FT0000000000000000000B06 /* Phase0Types.swift */,
				FT0000000000000000000B17 /* SourceColorTypes.swift */,
				FT0000000000000000000B1D /* CameraOpticsDTO.swift */,
			);
			path = Domain;
			sourceTree = "<group>";
		};
		FT0000000000000000000E07 /* SharedGenerated */ = {
			isa = PBXGroup;
			children = (
				FT0000000000000000000B07 /* FilmtonePhase0Generated.swift */,
			);
			path = SharedGenerated;
			sourceTree = "<group>";
		};
		FT0000000000000000000E08 /* Color */ = {
			isa = PBXGroup;
			children = (
				FT0000000000000000000B09 /* FilmtoneGradeKernels.swift */,
				FT0000000000000000000B0A /* FilmtoneGradePipeline.swift */,
				FT0000000000000000000B0B /* FilmtonePresetCatalog.swift */,
				FT0000000000000000000B0C /* FilmtoneCIContext.swift */,
				FT0000000000000000000B11 /* FilmtoneColorPipelineContract.swift */,
				FT0000000000000000000B1A /* FilmtoneColorPipeline.swift */,
				FT0000000000000000000B18 /* SourceColorMetadataNormalizer.swift */,
				FT0000000000000000000B19 /* SourceColorClassifier.swift */,
				FT0000000000000000000B1E /* FilmtoneRayAngleOptics.swift */,
				FT0000000000000000000B1F /* FilmtonePhase0ParamsPatch.swift */,
				FT0000000000000000000B20 /* FilmtoneCubeParser.swift */,
				FT0000000000000000000B21 /* FilmtoneCreativePackCatalog.swift */,
				FT0000000000000000000B22 /* FilmtoneCreativeLutLoader.swift */,
				FT0000000000000000000B25 /* FilmtoneSourceProfileMath.swift */,
				FT0000000000000000000B26 /* FilmtoneSourceProfileCatalog.swift */,
				FT0000000000000000000B27 /* FilmtoneSourceInputTransform.swift */,
				FT0000000000000000000B29 /* FilmtoneSavedLookSchema.swift */,
				FT0000000000000000000B2A /* FilmtoneSavedLookStore.swift */,
			);
			path = Color;
			sourceTree = "<group>";
		};
		FT0000000000000000000E09 /* State */ = {
			isa = PBXGroup;
			children = (
				FT0000000000000000000B0D /* EditorState.swift */,
				FT0000000000000000000B2B /* LibraryViewModel.swift */,
			);
			path = State;
			sourceTree = "<group>";
		};
		FT0000000000000000000E0A /* Export */ = {
			isa = PBXGroup;
			children = (
				FT0000000000000000000B0F /* FilmtoneStillExporter.swift */,
				FT0000000000000000000B10 /* FilmtoneSidecarWriter.swift */,
				FT0000000000000000000B12 /* FilmtoneSidecarTypes.swift */,
				FT0000000000000000000B16 /* FilmtoneVideoExporter.swift */,
				FT0000000000000000000B30 /* FilmtoneExportSnapshot.swift */,
			);
			path = Export;
			sourceTree = "<group>";
		};
		FT0000000000000000000E0B /* Media */ = {
			isa = PBXGroup;
			children = (
				FT0000000000000000000B13 /* FilmtoneVideoFramePreview.swift */,
				FT0000000000000000000B14 /* FilmtoneVideoReader.swift */,
				FT0000000000000000000B15 /* FilmtoneVideoWriter.swift */,
				FT0000000000000000000B1B /* FormatExtensionReader.swift */,
				FT0000000000000000000B1C /* FilmtoneSourceProber.swift */,
			);
			path = Media;
			sourceTree = "<group>";
		};
		FT0000000000000000000E06 /* Products */ = {
			isa = PBXGroup;
			children = (
				FT0000000000000000000C01 /* FilmtoneDesktop.app */,
			);
			name = Products;
			sourceTree = "<group>";
		};
/* End PBXGroup section */

/* Begin PBXNativeTarget section */
		FT0000000000000000000F01 /* FilmtoneDesktop */ = {
			isa = PBXNativeTarget;
			buildConfigurationList = FT00000000000000000010F1 /* Build configuration list for PBXNativeTarget "FilmtoneDesktop" */;
			buildPhases = (
				FT00000000000000000011A1 /* Sources */,
				FT0000000000000000000D01 /* Frameworks */,
				FT00000000000000000011A2 /* Resources */,
			);
			buildRules = (
			);
			dependencies = (
			);
			name = FilmtoneDesktop;
			productName = FilmtoneDesktop;
			productReference = FT0000000000000000000C01 /* FilmtoneDesktop.app */;
			productType = "com.apple.product-type.application";
		};
/* End PBXNativeTarget section */

/* Begin PBXProject section */
		FT00000000000000000012A1 /* Project object */ = {
			isa = PBXProject;
			attributes = {
				BuildIndependentTargetsInParallel = 1;
				LastSwiftUpdateCheck = 2640;
				LastUpgradeCheck = 2640;
				TargetAttributes = {
					FT0000000000000000000F01 = {
						CreatedOnToolsVersion = 26.4.1;
					};
				};
			};
			buildConfigurationList = FT00000000000000000010E1 /* Build configuration list for PBXProject "FilmtoneDesktop" */;
			compatibilityVersion = "Xcode 16.0";
			developmentRegion = en;
			hasScannedForEncodings = 0;
			knownRegions = (
				en,
				Base,
			);
			mainGroup = FT0000000000000000000E01;
			productRefGroup = FT0000000000000000000E06 /* Products */;
			projectDirPath = "";
			projectRoot = "";
			targets = (
				FT0000000000000000000F01 /* FilmtoneDesktop */,
			);
		};
/* End PBXProject section */

/* Begin PBXResourcesBuildPhase section */
		FT00000000000000000011A2 /* Resources */ = {
			isa = PBXResourcesBuildPhase;
			buildActionMask = 2147483647;
			files = (
				FT0000000000000000000A05 /* Assets.xcassets in Resources */,
				FT0000000000000000000A23 /* filmtone-creative-pack-01-stone.cube in Resources */,
				FT0000000000000000000A24 /* filmtone-creative-pack-01-urban.cube in Resources */,
			);
			runOnlyForDeploymentPostprocessing = 0;
		};
/* End PBXResourcesBuildPhase section */

/* Begin PBXSourcesBuildPhase section */
		FT00000000000000000011A1 /* Sources */ = {
			isa = PBXSourcesBuildPhase;
			buildActionMask = 2147483647;
			files = (
				FT0000000000000000000A01 /* FilmtoneDesktopApp.swift in Sources */,
				FT0000000000000000000A02 /* AppCommands.swift in Sources */,
				FT0000000000000000000A03 /* RootWindowView.swift in Sources */,
				FT0000000000000000000A04 /* GlassControlGroup.swift in Sources */,
				FT0000000000000000000A06 /* Phase0Types.swift in Sources */,
				FT0000000000000000000A07 /* FilmtonePhase0Generated.swift in Sources */,
				FT0000000000000000000A08 /* PreviewSurface.swift in Sources */,
				FT0000000000000000000A09 /* FilmtoneGradeKernels.swift in Sources */,
				FT0000000000000000000A0A /* FilmtoneGradePipeline.swift in Sources */,
				FT0000000000000000000A0B /* FilmtonePresetCatalog.swift in Sources */,
				FT0000000000000000000A0C /* FilmtoneCIContext.swift in Sources */,
				FT0000000000000000000A0D /* EditorState.swift in Sources */,
				FT0000000000000000000A0E /* GradeControls.swift in Sources */,
				FT0000000000000000000A0F /* FilmtoneStillExporter.swift in Sources */,
				FT0000000000000000000A10 /* FilmtoneSidecarWriter.swift in Sources */,
				FT0000000000000000000A11 /* FilmtoneColorPipelineContract.swift in Sources */,
				FT0000000000000000000A12 /* FilmtoneSidecarTypes.swift in Sources */,
				FT0000000000000000000A13 /* FilmtoneVideoFramePreview.swift in Sources */,
				FT0000000000000000000A14 /* FilmtoneVideoReader.swift in Sources */,
				FT0000000000000000000A15 /* FilmtoneVideoWriter.swift in Sources */,
				FT0000000000000000000A16 /* FilmtoneVideoExporter.swift in Sources */,
				FT0000000000000000000A17 /* SourceColorTypes.swift in Sources */,
				FT0000000000000000000A18 /* SourceColorMetadataNormalizer.swift in Sources */,
				FT0000000000000000000A19 /* SourceColorClassifier.swift in Sources */,
				FT0000000000000000000A1A /* FilmtoneColorPipeline.swift in Sources */,
				FT0000000000000000000A1B /* FormatExtensionReader.swift in Sources */,
				FT0000000000000000000A1C /* FilmtoneSourceProber.swift in Sources */,
				FT0000000000000000000A1D /* CameraOpticsDTO.swift in Sources */,
				FT0000000000000000000A1E /* FilmtoneRayAngleOptics.swift in Sources */,
				FT0000000000000000000A1F /* FilmtonePhase0ParamsPatch.swift in Sources */,
				FT0000000000000000000A20 /* FilmtoneCubeParser.swift in Sources */,
				FT0000000000000000000A21 /* FilmtoneCreativePackCatalog.swift in Sources */,
				FT0000000000000000000A22 /* FilmtoneCreativeLutLoader.swift in Sources */,
				FT0000000000000000000A25 /* FilmtoneSourceProfileMath.swift in Sources */,
				FT0000000000000000000A26 /* FilmtoneSourceProfileCatalog.swift in Sources */,
				FT0000000000000000000A27 /* FilmtoneSourceInputTransform.swift in Sources */,
				FT0000000000000000000A28 /* SourceProfileControls.swift in Sources */,
				FT0000000000000000000A29 /* FilmtoneSavedLookSchema.swift in Sources */,
				FT0000000000000000000A2A /* FilmtoneSavedLookStore.swift in Sources */,
				FT0000000000000000000A2B /* LibraryViewModel.swift in Sources */,
				FT0000000000000000000A2C /* LookLibraryControls.swift in Sources */,
				FT0000000000000000000A2D /* QuickAdjustControls.swift in Sources */,
				FT0000000000000000000A2E /* MetricRow.swift in Sources */,
				FT0000000000000000000A2F /* ExportInspectorPanel.swift in Sources */,
				FT0000000000000000000A30 /* FilmtoneExportSnapshot.swift in Sources */,
			);
			runOnlyForDeploymentPostprocessing = 0;
		};
/* End PBXSourcesBuildPhase section */

/* Begin XCBuildConfiguration section */
		FT00000000000000000013A1 /* Debug */ = {
			isa = XCBuildConfiguration;
			buildSettings = {
				ALWAYS_SEARCH_USER_PATHS = NO;
				ASSETCATALOG_COMPILER_GENERATE_SWIFT_ASSET_SYMBOL_EXTENSIONS = YES;
				CLANG_ANALYZER_NONNULL = YES;
				CLANG_ANALYZER_NUMBER_OBJECT_CONVERSION = YES_AGGRESSIVE;
				CLANG_CXX_LANGUAGE_STANDARD = "gnu++20";
				CLANG_ENABLE_MODULES = YES;
				CLANG_ENABLE_OBJC_ARC = YES;
				CLANG_ENABLE_OBJC_WEAK = YES;
				CLANG_WARN_BLOCK_CAPTURE_AUTORELEASING = YES;
				CLANG_WARN_BOOL_CONVERSION = YES;
				CLANG_WARN_COMMA = YES;
				CLANG_WARN_CONSTANT_CONVERSION = YES;
				CLANG_WARN_DEPRECATED_OBJC_IMPLEMENTATIONS = YES;
				CLANG_WARN_DIRECT_OBJC_ISA_USAGE = YES_ERROR;
				CLANG_WARN_DOCUMENTATION_COMMENTS = YES;
				CLANG_WARN_EMPTY_BODY = YES;
				CLANG_WARN_ENUM_CONVERSION = YES;
				CLANG_WARN_INFINITE_RECURSION = YES;
				CLANG_WARN_INT_CONVERSION = YES;
				CLANG_WARN_NON_LITERAL_NULL_CONVERSION = YES;
				CLANG_WARN_OBJC_IMPLICIT_RETAIN_SELF = YES;
				CLANG_WARN_OBJC_LITERAL_CONVERSION = YES;
				CLANG_WARN_OBJC_ROOT_CLASS = YES_ERROR;
				CLANG_WARN_QUOTED_INCLUDE_IN_FRAMEWORK_HEADER = YES;
				CLANG_WARN_RANGE_LOOP_ANALYSIS = YES;
				CLANG_WARN_STRICT_PROTOTYPES = YES;
				CLANG_WARN_SUSPICIOUS_MOVE = YES;
				CLANG_WARN_UNGUARDED_AVAILABILITY = YES_AGGRESSIVE;
				CLANG_WARN_UNREACHABLE_CODE = YES;
				CLANG_WARN__DUPLICATE_METHOD_MATCH = YES;
				COPY_PHASE_STRIP = NO;
				DEAD_CODE_STRIPPING = YES;
				DEBUG_INFORMATION_FORMAT = dwarf;
				ENABLE_STRICT_OBJC_MSGSEND = YES;
				ENABLE_TESTABILITY = YES;
				ENABLE_USER_SCRIPT_SANDBOXING = YES;
				GCC_C_LANGUAGE_STANDARD = gnu17;
				GCC_DYNAMIC_NO_PIC = NO;
				GCC_NO_COMMON_BLOCKS = YES;
				GCC_OPTIMIZATION_LEVEL = 0;
				GCC_PREPROCESSOR_DEFINITIONS = (
					"DEBUG=1",
					"$(inherited)",
				);
				GCC_WARN_64_TO_32_BIT_CONVERSION = YES;
				GCC_WARN_ABOUT_RETURN_TYPE = YES_ERROR;
				GCC_WARN_UNDECLARED_SELECTOR = YES;
				GCC_WARN_UNINITIALIZED_AUTOS = YES_AGGRESSIVE;
				GCC_WARN_UNUSED_FUNCTION = YES;
				GCC_WARN_UNUSED_VARIABLE = YES;
				LOCALIZATION_PREFERS_STRING_CATALOGS = YES;
				MACOSX_DEPLOYMENT_TARGET = 26.0;
				MTL_ENABLE_DEBUG_INFO = INCLUDE_SOURCE;
				MTL_FAST_MATH = YES;
				ONLY_ACTIVE_ARCH = YES;
				SDKROOT = macosx;
				SWIFT_ACTIVE_COMPILATION_CONDITIONS = "DEBUG $(inherited)";
				SWIFT_OPTIMIZATION_LEVEL = "-Onone";
			};
			name = Debug;
		};
		FT00000000000000000013A2 /* Release */ = {
			isa = XCBuildConfiguration;
			buildSettings = {
				ALWAYS_SEARCH_USER_PATHS = NO;
				ASSETCATALOG_COMPILER_GENERATE_SWIFT_ASSET_SYMBOL_EXTENSIONS = YES;
				CLANG_ANALYZER_NONNULL = YES;
				CLANG_ANALYZER_NUMBER_OBJECT_CONVERSION = YES_AGGRESSIVE;
				CLANG_CXX_LANGUAGE_STANDARD = "gnu++20";
				CLANG_ENABLE_MODULES = YES;
				CLANG_ENABLE_OBJC_ARC = YES;
				CLANG_ENABLE_OBJC_WEAK = YES;
				CLANG_WARN_BLOCK_CAPTURE_AUTORELEASING = YES;
				CLANG_WARN_BOOL_CONVERSION = YES;
				CLANG_WARN_COMMA = YES;
				CLANG_WARN_CONSTANT_CONVERSION = YES;
				CLANG_WARN_DEPRECATED_OBJC_IMPLEMENTATIONS = YES;
				CLANG_WARN_DIRECT_OBJC_ISA_USAGE = YES_ERROR;
				CLANG_WARN_DOCUMENTATION_COMMENTS = YES;
				CLANG_WARN_EMPTY_BODY = YES;
				CLANG_WARN_ENUM_CONVERSION = YES;
				CLANG_WARN_INFINITE_RECURSION = YES;
				CLANG_WARN_INT_CONVERSION = YES;
				CLANG_WARN_NON_LITERAL_NULL_CONVERSION = YES;
				CLANG_WARN_OBJC_IMPLICIT_RETAIN_SELF = YES;
				CLANG_WARN_OBJC_LITERAL_CONVERSION = YES;
				CLANG_WARN_OBJC_ROOT_CLASS = YES_ERROR;
				CLANG_WARN_QUOTED_INCLUDE_IN_FRAMEWORK_HEADER = YES;
				CLANG_WARN_RANGE_LOOP_ANALYSIS = YES;
				CLANG_WARN_STRICT_PROTOTYPES = YES;
				CLANG_WARN_SUSPICIOUS_MOVE = YES;
				CLANG_WARN_UNGUARDED_AVAILABILITY = YES_AGGRESSIVE;
				CLANG_WARN_UNREACHABLE_CODE = YES;
				CLANG_WARN__DUPLICATE_METHOD_MATCH = YES;
				COPY_PHASE_STRIP = NO;
				DEAD_CODE_STRIPPING = YES;
				DEBUG_INFORMATION_FORMAT = "dwarf-with-dsym";
				ENABLE_NS_ASSERTIONS = NO;
				ENABLE_STRICT_OBJC_MSGSEND = YES;
				ENABLE_USER_SCRIPT_SANDBOXING = YES;
				GCC_C_LANGUAGE_STANDARD = gnu17;
				GCC_NO_COMMON_BLOCKS = YES;
				GCC_WARN_64_TO_32_BIT_CONVERSION = YES;
				GCC_WARN_ABOUT_RETURN_TYPE = YES_ERROR;
				GCC_WARN_UNDECLARED_SELECTOR = YES;
				GCC_WARN_UNINITIALIZED_AUTOS = YES_AGGRESSIVE;
				GCC_WARN_UNUSED_FUNCTION = YES;
				GCC_WARN_UNUSED_VARIABLE = YES;
				LOCALIZATION_PREFERS_STRING_CATALOGS = YES;
				MACOSX_DEPLOYMENT_TARGET = 26.0;
				MTL_ENABLE_DEBUG_INFO = NO;
				MTL_FAST_MATH = YES;
				SDKROOT = macosx;
				SWIFT_COMPILATION_MODE = wholemodule;
			};
			name = Release;
		};
		FT00000000000000000013B1 /* Debug */ = {
			isa = XCBuildConfiguration;
			buildSettings = {
				ASSETCATALOG_COMPILER_APPICON_NAME = AppIcon;
				ASSETCATALOG_COMPILER_GLOBAL_ACCENT_COLOR_NAME = AccentColor;
				CODE_SIGN_ENTITLEMENTS = FilmtoneDesktop/FilmtoneDesktop.entitlements;
				CODE_SIGN_STYLE = Automatic;
				COMBINE_HIDPI_IMAGES = YES;
				CURRENT_PROJECT_VERSION = 1;
				DEVELOPMENT_TEAM = C3G77H8NM6;
				ENABLE_HARDENED_RUNTIME = YES;
				ENABLE_PREVIEWS = YES;
				GENERATE_INFOPLIST_FILE = YES;
				INFOPLIST_KEY_LSApplicationCategoryType = "public.app-category.photography";
				INFOPLIST_KEY_NSHumanReadableCopyright = "© 2026 Takumi Chiba";
				LD_RUNPATH_SEARCH_PATHS = (
					"$(inherited)",
					"@executable_path/../Frameworks",
				);
				MARKETING_VERSION = 1.4;
				PRODUCT_BUNDLE_IDENTIFIER = "com.chibatakumi.film-lab-desktop";
				PRODUCT_NAME = Filmtone;
				SWIFT_EMIT_LOC_STRINGS = YES;
				SWIFT_VERSION = 6.0;
			};
			name = Debug;
		};
		FT00000000000000000013B2 /* Release */ = {
			isa = XCBuildConfiguration;
			buildSettings = {
				ASSETCATALOG_COMPILER_APPICON_NAME = AppIcon;
				ASSETCATALOG_COMPILER_GLOBAL_ACCENT_COLOR_NAME = AccentColor;
				CODE_SIGN_ENTITLEMENTS = FilmtoneDesktop/FilmtoneDesktop.entitlements;
				CODE_SIGN_IDENTITY = "Developer ID Application";
				CODE_SIGN_STYLE = Manual;
				COMBINE_HIDPI_IMAGES = YES;
				CURRENT_PROJECT_VERSION = 1;
				DEVELOPMENT_TEAM = C3G77H8NM6;
				ENABLE_HARDENED_RUNTIME = YES;
				ENABLE_PREVIEWS = YES;
				GENERATE_INFOPLIST_FILE = YES;
				INFOPLIST_KEY_LSApplicationCategoryType = "public.app-category.photography";
				INFOPLIST_KEY_NSHumanReadableCopyright = "© 2026 Takumi Chiba";
				LD_RUNPATH_SEARCH_PATHS = (
					"$(inherited)",
					"@executable_path/../Frameworks",
				);
				MARKETING_VERSION = 1.4;
				OTHER_CODE_SIGN_FLAGS = "--timestamp";
				PRODUCT_BUNDLE_IDENTIFIER = "com.chibatakumi.film-lab-desktop";
				PRODUCT_NAME = Filmtone;
				SWIFT_EMIT_LOC_STRINGS = YES;
				SWIFT_VERSION = 6.0;
			};
			name = Release;
		};
/* End XCBuildConfiguration section */

/* Begin XCConfigurationList section */
		FT00000000000000000010E1 /* Build configuration list for PBXProject "FilmtoneDesktop" */ = {
			isa = XCConfigurationList;
			buildConfigurations = (
				FT00000000000000000013A1 /* Debug */,
				FT00000000000000000013A2 /* Release */,
			);
			defaultConfigurationIsVisible = 0;
			defaultConfigurationName = Release;
		};
		FT00000000000000000010F1 /* Build configuration list for PBXNativeTarget "FilmtoneDesktop" */ = {
			isa = XCConfigurationList;
			buildConfigurations = (
				FT00000000000000000013B1 /* Debug */,
				FT00000000000000000013B2 /* Release */,
			);
			defaultConfigurationIsVisible = 0;
			defaultConfigurationName = Release;
		};
/* End XCConfigurationList section */
	};
	rootObject = FT00000000000000000012A1 /* Project object */;
}
